// !$*UTF8*$!
{
	archiveVersion = 1;
	classes = {
	};
	objectVersion = 46;
	objects = {

/* Begin PBXBuildFile section */
		6904475D1FF2077600863F4D /* steak.png in Resources */ = {isa = PBXBuildFile; fileRef = 6904474F1FF2077000863F4D /* steak.png */; };
		6904475E1FF2077600863F4D /* soup@2x.png in Resources */ = {isa = PBXBuildFile; fileRef = 690447501FF2077100863F4D /* soup@2x.png */; };
		6904475F1FF2077600863F4D /* burger.png in Resources */ = {isa = PBXBuildFile; fileRef = 690447511FF2077200863F4D /* burger.png */; };
		690447601FF2077600863F4D /* salad@2x.png in Resources */ = {isa = PBXBuildFile; fileRef = 690447521FF2077200863F4D /* salad@2x.png */; };
		690447611FF2077600863F4D /* taco.png in Resources */ = {isa = PBXBuildFile; fileRef = 690447531FF2077300863F4D /* taco.png */; };
		690447621FF2077600863F4D /* fried-egg.png in Resources */ = {isa = PBXBuildFile; fileRef = 690447541FF2077300863F4D /* fried-egg.png */; };
		690447631FF2077600863F4D /* taco@2x.png in Resources */ = {isa = PBXBuildFile; fileRef = 690447551FF2077300863F4D /* taco@2x.png */; };
		690447641FF2077600863F4D /* burger@2x.png in Resources */ = {isa = PBXBuildFile; fileRef = 690447561FF2077400863F4D /* burger@2x.png */; };
		690447651FF2077600863F4D /* waffle.png in Resources */ = {isa = PBXBuildFile; fileRef = 690447571FF2077400863F4D /* waffle.png */; };
		690447661FF2077600863F4D /* fried-egg@2x.png in Resources */ = {isa = PBXBuildFile; fileRef = 690447581FF2077500863F4D /* fried-egg@2x.png */; };
		690447671FF2077600863F4D /* waffle@2x.png in Resources */ = {isa = PBXBuildFile; fileRef = 690447591FF2077500863F4D /* waffle@2x.png */; };
		690447681FF2077600863F4D /* steak@2x.png in Resources */ = {isa = PBXBuildFile; fileRef = 6904475A1FF2077500863F4D /* steak@2x.png */; };
		690447691FF2077600863F4D /* soup.png in Resources */ = {isa = PBXBuildFile; fileRef = 6904475B1FF2077600863F4D /* soup.png */; };
		6904476A1FF2077600863F4D /* salad.png in Resources */ = {isa = PBXBuildFile; fileRef = 6904475C1FF2077600863F4D /* salad.png */; };
		69162CC71FAF329300B7E853 /* UIView+UIView_ViewAnimations.m in Sources */ = {isa = PBXBuildFile; fileRef = 69162CC61FAF329300B7E853 /* UIView+UIView_ViewAnimations.m */; };
		69162CCB1FB01CC100B7E853 /* GreenCheck.png in Resources */ = {isa = PBXBuildFile; fileRef = 69162CCA1FB01CC000B7E853 /* GreenCheck.png */; };
		6921E10D1FEA5ABB00048246 /* doughnut@3x.png in Resources */ = {isa = PBXBuildFile; fileRef = 6921E1071FEA5AB900048246 /* doughnut@3x.png */; };
		6921E10E1FEA5ABB00048246 /* water@3x.png in Resources */ = {isa = PBXBuildFile; fileRef = 6921E1081FEA5AB900048246 /* water@3x.png */; };
		6921E10F1FEA5ABB00048246 /* noodles@3x.png in Resources */ = {isa = PBXBuildFile; fileRef = 6921E1091FEA5ABA00048246 /* noodles@3x.png */; };
		6921E1101FEA5ABB00048246 /* ice-cream@3x.png in Resources */ = {isa = PBXBuildFile; fileRef = 6921E10A1FEA5ABA00048246 /* ice-cream@3x.png */; };
		6921E1111FEA5ABB00048246 /* rice@3x.png in Resources */ = {isa = PBXBuildFile; fileRef = 6921E10B1FEA5ABB00048246 /* rice@3x.png */; };
		6921E1121FEA5ABB00048246 /* info@3x.png in Resources */ = {isa = PBXBuildFile; fileRef = 6921E10C1FEA5ABB00048246 /* info@3x.png */; };
		6921E1161FECF1F000048246 /* store@2x.png in Resources */ = {isa = PBXBuildFile; fileRef = 6921E1131FECF1EF00048246 /* store@2x.png */; };
		6921E1171FECF1F000048246 /* store.png in Resources */ = {isa = PBXBuildFile; fileRef = 6921E1141FECF1EF00048246 /* store.png */; };
		6921E1181FECF1F000048246 /* store@3x.png in Resources */ = {isa = PBXBuildFile; fileRef = 6921E1151FECF1F000048246 /* store@3x.png */; };
		6921E11C1FECF69E00048246 /* users@3x.png in Resources */ = {isa = PBXBuildFile; fileRef = 6921E1191FECF69C00048246 /* users@3x.png */; };
		6921E11D1FECF69E00048246 /* users.png in Resources */ = {isa = PBXBuildFile; fileRef = 6921E11A1FECF69D00048246 /* users.png */; };
		6921E11E1FECF69E00048246 /* users@2x.png in Resources */ = {isa = PBXBuildFile; fileRef = 6921E11B1FECF69E00048246 /* users@2x.png */; };
		6921E1221FECF99600048246 /* food.png in Resources */ = {isa = PBXBuildFile; fileRef = 6921E11F1FECF99400048246 /* food.png */; };
		6921E1231FECF99600048246 /* food@3x.png in Resources */ = {isa = PBXBuildFile; fileRef = 6921E1201FECF99500048246 /* food@3x.png */; };
		6921E1241FECF99600048246 /* food@2x.png in Resources */ = {isa = PBXBuildFile; fileRef = 6921E1211FECF99500048246 /* food@2x.png */; };
		6938F8A21F84AA130079C555 /* ShowItemsTableViewController.m in Sources */ = {isa = PBXBuildFile; fileRef = 6938F8A11F84AA120079C555 /* ShowItemsTableViewController.m */; };
		6938F8A51F877AAE0079C555 /* rcShowItemsTableViewCell.m in Sources */ = {isa = PBXBuildFile; fileRef = 6938F8A41F877AAE0079C555 /* rcShowItemsTableViewCell.m */; };
		696F14F61FCFECF9001300C6 /* menu_icon-01.png in Resources */ = {isa = PBXBuildFile; fileRef = 696F14F51FCFECF9001300C6 /* menu_icon-01.png */; };
		696F14F81FCFF328001300C6 /* menu.png in Resources */ = {isa = PBXBuildFile; fileRef = 696F14F71FCFF327001300C6 /* menu.png */; };
		696F14FA1FD13804001300C6 /* stew.png in Resources */ = {isa = PBXBuildFile; fileRef = 696F14F91FD13804001300C6 /* stew.png */; };
		696F15041FD1625D001300C6 /* user.png in Resources */ = {isa = PBXBuildFile; fileRef = 696F15011FD1625C001300C6 /* user.png */; };
		696F15051FD1625D001300C6 /* user@2x.png in Resources */ = {isa = PBXBuildFile; fileRef = 696F15021FD1625D001300C6 /* user@2x.png */; };
		696F15091FD16535001300C6 /* contract.png in Resources */ = {isa = PBXBuildFile; fileRef = 696F15071FD16534001300C6 /* contract.png */; };
		696F150A1FD16535001300C6 /* contract@2x.png in Resources */ = {isa = PBXBuildFile; fileRef = 696F15081FD16535001300C6 /* contract@2x.png */; };
		696F150D1FD16CE2001300C6 /* restaurant@2x.png in Resources */ = {isa = PBXBuildFile; fileRef = 696F150B1FD16CE1001300C6 /* restaurant@2x.png */; };
		696F150E1FD16CE2001300C6 /* restaurant.png in Resources */ = {isa = PBXBuildFile; fileRef = 696F150C1FD16CE2001300C6 /* restaurant.png */; };
		696F15111FD17FB3001300C6 /* user_profile.png in Resources */ = {isa = PBXBuildFile; fileRef = 696F150F1FD17FB3001300C6 /* user_profile.png */; };
		696F15121FD17FB3001300C6 /* user_profile@2x.png in Resources */ = {isa = PBXBuildFile; fileRef = 696F15101FD17FB3001300C6 /* user_profile@2x.png */; };
		696F15161FD18067001300C6 /* UserProfileViewController.m in Sources */ = {isa = PBXBuildFile; fileRef = 696F15151FD18067001300C6 /* UserProfileViewController.m */; };
		696F151A1FD55861001300C6 /* add-button.png in Resources */ = {isa = PBXBuildFile; fileRef = 696F15181FD55861001300C6 /* add-button.png */; };
		696F151B1FD55861001300C6 /* add-button@2x.png in Resources */ = {isa = PBXBuildFile; fileRef = 696F15191FD55861001300C6 /* add-button@2x.png */; };
		696F151E1FD55990001300C6 /* login.png in Resources */ = {isa = PBXBuildFile; fileRef = 696F151C1FD5598F001300C6 /* login.png */; };
		696F151F1FD55990001300C6 /* login@2x.png in Resources */ = {isa = PBXBuildFile; fileRef = 696F151D1FD55990001300C6 /* login@2x.png */; };
		696F15221FD559B1001300C6 /* add-friend@2x.png in Resources */ = {isa = PBXBuildFile; fileRef = 696F15201FD559B0001300C6 /* add-friend@2x.png */; };
		696F15231FD559B1001300C6 /* add-friend.png in Resources */ = {isa = PBXBuildFile; fileRef = 696F15211FD559B1001300C6 /* add-friend.png */; };
		696F15261FD5664E001300C6 /* list.png in Resources */ = {isa = PBXBuildFile; fileRef = 696F15241FD5664D001300C6 /* list.png */; };
		696F15271FD5664E001300C6 /* list@2x.png in Resources */ = {isa = PBXBuildFile; fileRef = 696F15251FD5664E001300C6 /* list@2x.png */; };
		696F152A1FD56737001300C6 /* add-white.png in Resources */ = {isa = PBXBuildFile; fileRef = 696F15281FD56735001300C6 /* add-white.png */; };
		696F152B1FD56737001300C6 /* add-white@2x.png in Resources */ = {isa = PBXBuildFile; fileRef = 696F15291FD56736001300C6 /* add-white@2x.png */; };
		696F15321FD5682B001300C6 /* add-friend-white.png in Resources */ = {isa = PBXBuildFile; fileRef = 696F152C1FD56829001300C6 /* add-friend-white.png */; };
		696F15331FD5682B001300C6 /* add-friend-white@2x.png in Resources */ = {isa = PBXBuildFile; fileRef = 696F152D1FD56829001300C6 /* add-friend-white@2x.png */; };
		696F15341FD5682B001300C6 /* list-white.png in Resources */ = {isa = PBXBuildFile; fileRef = 696F152E1FD5682A001300C6 /* list-white.png */; };
		696F15351FD5682B001300C6 /* list-white@2x.png in Resources */ = {isa = PBXBuildFile; fileRef = 696F152F1FD5682A001300C6 /* list-white@2x.png */; };
		696F15361FD5682B001300C6 /* login-white.png in Resources */ = {isa = PBXBuildFile; fileRef = 696F15301FD5682A001300C6 /* login-white.png */; };
		696F15371FD5682B001300C6 /* login-white@2x.png in Resources */ = {isa = PBXBuildFile; fileRef = 696F15311FD5682B001300C6 /* login-white@2x.png */; };
		696F153B1FD8DBD2001300C6 /* LoginViewController.m in Sources */ = {isa = PBXBuildFile; fileRef = 696F153A1FD8DBD1001300C6 /* LoginViewController.m */; };
		698A0E001FA1AFF800915313 /* searchTable.storyboard in Resources */ = {isa = PBXBuildFile; fileRef = 698A0DFF1FA1AFF800915313 /* searchTable.storyboard */; };
		698A0E031FA1B07800915313 /* slideMenu.storyboard in Resources */ = {isa = PBXBuildFile; fileRef = 698A0E011FA1B07800915313 /* slideMenu.storyboard */; };
		698A0E061FA1B17F00915313 /* insertToDatabase.storyboard in Resources */ = {isa = PBXBuildFile; fileRef = 698A0E051FA1B17F00915313 /* insertToDatabase.storyboard */; };
		698A0E0A1FA53E3100915313 /* SelectFoodTypeTableViewController.m in Sources */ = {isa = PBXBuildFile; fileRef = 698A0E091FA53E3100915313 /* SelectFoodTypeTableViewController.m */; };
		698A0E0D1FA843FE00915313 /* LoadingScreenViewController.m in Sources */ = {isa = PBXBuildFile; fileRef = 698A0E0C1FA843FE00915313 /* LoadingScreenViewController.m */; };
		69A07FF31F5AA20400651946 /* MicrosoftAzureMobile.framework in Frameworks */ = {isa = PBXBuildFile; fileRef = 69A07FF21F5AA20400651946 /* MicrosoftAzureMobile.framework */; };
		69A07FF51F5AA2A300651946 /* SafariServices.framework in Frameworks */ = {isa = PBXBuildFile; fileRef = 69A07FF41F5AA2A300651946 /* SafariServices.framework */; };
		69A07FF71F5AA2B100651946 /* WebKit.framework in Frameworks */ = {isa = PBXBuildFile; fileRef = 69A07FF61F5AA2B100651946 /* WebKit.framework */; };
		69A07FF91F5D2D9800651946 /* AZSClient.framework in Frameworks */ = {isa = PBXBuildFile; fileRef = 69A07FF81F5D2D9800651946 /* AZSClient.framework */; };
		69A07FFB1F5D2E0200651946 /* libxml2.2.tbd in Frameworks */ = {isa = PBXBuildFile; fileRef = 69A07FFA1F5D2E0200651946 /* libxml2.2.tbd */; };
		69A0800D1F63EB0600651946 /* MainMenuButton.m in Sources */ = {isa = PBXBuildFile; fileRef = 69A0800C1F63EB0600651946 /* MainMenuButton.m */; };
		69C54F811F9AE13900C4005F /* SlideOutMenuViewController.m in Sources */ = {isa = PBXBuildFile; fileRef = 69C54F801F9AE13900C4005F /* SlideOutMenuViewController.m */; };
		69C9315A1F502006007696BA /* main.m in Sources */ = {isa = PBXBuildFile; fileRef = 69C931591F502006007696BA /* main.m */; };
		69C9315D1F502006007696BA /* AppDelegate.m in Sources */ = {isa = PBXBuildFile; fileRef = 69C9315C1F502006007696BA /* AppDelegate.m */; };
		69C931631F502006007696BA /* Main.storyboard in Resources */ = {isa = PBXBuildFile; fileRef = 69C931611F502006007696BA /* Main.storyboard */; };
		69C931661F502006007696BA /* Sauce_Sugar.xcdatamodeld in Sources */ = {isa = PBXBuildFile; fileRef = 69C931641F502006007696BA /* Sauce_Sugar.xcdatamodeld */; };
		69C931681F502006007696BA /* Assets.xcassets in Resources */ = {isa = PBXBuildFile; fileRef = 69C931671F502006007696BA /* Assets.xcassets */; };
		69C9316B1F502006007696BA /* LaunchScreen.storyboard in Resources */ = {isa = PBXBuildFile; fileRef = 69C931691F502006007696BA /* LaunchScreen.storyboard */; };
		69C931761F502006007696BA /* Sauce_SugarTests.m in Sources */ = {isa = PBXBuildFile; fileRef = 69C931751F502006007696BA /* Sauce_SugarTests.m */; };
		69C931811F502006007696BA /* Sauce_SugarUITests.m in Sources */ = {isa = PBXBuildFile; fileRef = 69C931801F502006007696BA /* Sauce_SugarUITests.m */; };
		69C931AD1F53788A007696BA /* MapKit.framework in Frameworks */ = {isa = PBXBuildFile; fileRef = 69C931AC1F53788A007696BA /* MapKit.framework */; };
		69C931B01F57E764007696BA /* AddToDatabase_ViewController.m in Sources */ = {isa = PBXBuildFile; fileRef = 69C931AF1F57E764007696BA /* AddToDatabase_ViewController.m */; };
		69DE29071F74CA8200B0527E /* rcAzureDataTable.m in Sources */ = {isa = PBXBuildFile; fileRef = 69DE29061F74CA8200B0527E /* rcAzureDataTable.m */; };
		69DE290A1F7865D700B0527E /* AddUserViewController.m in Sources */ = {isa = PBXBuildFile; fileRef = 69DE29091F7865D700B0527E /* AddUserViewController.m */; };
		69E3EDBE1F7A2D4E00C0F787 /* rcAzureBlobContainer.m in Sources */ = {isa = PBXBuildFile; fileRef = 69E3EDBD1F7A2D4E00C0F787 /* rcAzureBlobContainer.m */; };
		69F39F201FB5280F00362888 /* CreditsViewController.m in Sources */ = {isa = PBXBuildFile; fileRef = 69F39F1F1FB5280F00362888 /* CreditsViewController.m */; };
		69F39F2D1FB65D2200362888 /* MainMenu.storyboard in Resources */ = {isa = PBXBuildFile; fileRef = 69F39F2C1FB65D2200362888 /* MainMenu.storyboard */; };
		69F39F311FB67C5600362888 /* MainMenuTableViewController.m in Sources */ = {isa = PBXBuildFile; fileRef = 69F39F301FB67C5600362888 /* MainMenuTableViewController.m */; };
		69F39F351FBD911C00362888 /* AppStoreIcon1024.png in Resources */ = {isa = PBXBuildFile; fileRef = 69F39F341FBD911B00362888 /* AppStoreIcon1024.png */; };
		69F39F371FBEDC0900362888 /* GoogleMapsBase.framework in Frameworks */ = {isa = PBXBuildFile; fileRef = 69F39F361FBEDC0900362888 /* GoogleMapsBase.framework */; };
		69F39F3A1FBEDC2300362888 /* GoogleMapsCore.framework in Frameworks */ = {isa = PBXBuildFile; fileRef = 69F39F381FBEDC2200362888 /* GoogleMapsCore.framework */; };
		69F39F3B1FBEDC2300362888 /* GoogleMaps.framework in Frameworks */ = {isa = PBXBuildFile; fileRef = 69F39F391FBEDC2300362888 /* GoogleMaps.framework */; };
		69F39F3D1FBEDC6500362888 /* GoogleMaps.bundle in Resources */ = {isa = PBXBuildFile; fileRef = 69F39F3C1FBEDC6400362888 /* GoogleMaps.bundle */; };
		69F39F461FBEDFF000362888 /* libc++.tbd in Frameworks */ = {isa = PBXBuildFile; fileRef = 69F39F451FBEDFF000362888 /* libc++.tbd */; };
		69F39F481FBEDFFA00362888 /* libz.tbd in Frameworks */ = {isa = PBXBuildFile; fileRef = 69F39F471FBEDFFA00362888 /* libz.tbd */; };
		69F39F4F1FBFED1100362888 /* GMapSearch.storyboard in Resources */ = {isa = PBXBuildFile; fileRef = 69F39F4D1FBFED1100362888 /* GMapSearch.storyboard */; };
		69F39F561FC0E7C400362888 /* ShowGMapViewController.m in Sources */ = {isa = PBXBuildFile; fileRef = 69F39F551FC0E7C400362888 /* ShowGMapViewController.m */; };
		69FFDCF01FDE46C6006BA988 /* error@2x.png in Resources */ = {isa = PBXBuildFile; fileRef = 69FFDCEE1FDE46C6006BA988 /* error@2x.png */; };
		69FFDCF11FDE46C6006BA988 /* error.png in Resources */ = {isa = PBXBuildFile; fileRef = 69FFDCEF1FDE46C6006BA988 /* error.png */; };
		69FFDCF41FDE4722006BA988 /* checked@2x.png in Resources */ = {isa = PBXBuildFile; fileRef = 69FFDCF21FDE4721006BA988 /* checked@2x.png */; };
		69FFDCF51FDE4722006BA988 /* checked.png in Resources */ = {isa = PBXBuildFile; fileRef = 69FFDCF31FDE4722006BA988 /* checked.png */; };
		69FFDCF81FDEA3E5006BA988 /* UserProfile.storyboard in Resources */ = {isa = PBXBuildFile; fileRef = 69FFDCF61FDEA3E5006BA988 /* UserProfile.storyboard */; };
		69FFDCFE1FE5DC47006BA988 /* SearchTableUser.png in Resources */ = {isa = PBXBuildFile; fileRef = 69FFDCFA1FE5DC46006BA988 /* SearchTableUser.png */; };
		69FFDCFF1FE5DC47006BA988 /* SearchTableUser@2x.png in Resources */ = {isa = PBXBuildFile; fileRef = 69FFDCFB1FE5DC46006BA988 /* SearchTableUser@2x.png */; };
		69FFDD001FE5DC47006BA988 /* star.png in Resources */ = {isa = PBXBuildFile; fileRef = 69FFDCFC1FE5DC47006BA988 /* star.png */; };
		69FFDD011FE5DC47006BA988 /* star@2x.png in Resources */ = {isa = PBXBuildFile; fileRef = 69FFDCFD1FE5DC47006BA988 /* star@2x.png */; };
		69FFDD061FE79236006BA988 /* BlogViewController.m in Sources */ = {isa = PBXBuildFile; fileRef = 69FFDD051FE79236006BA988 /* BlogViewController.m */; };
		69FFDD221FE8FE40006BA988 /* rice@2x.png in Resources */ = {isa = PBXBuildFile; fileRef = 69FFDD201FE8FE3F006BA988 /* rice@2x.png */; };
		69FFDD231FE8FE40006BA988 /* rice.png in Resources */ = {isa = PBXBuildFile; fileRef = 69FFDD211FE8FE40006BA988 /* rice.png */; };
		69FFDD2E1FE8FF22006BA988 /* doughnut.png in Resources */ = {isa = PBXBuildFile; fileRef = 69FFDD241FE8FF1E006BA988 /* doughnut.png */; };
		69FFDD2F1FE8FF22006BA988 /* noodles.png in Resources */ = {isa = PBXBuildFile; fileRef = 69FFDD251FE8FF1E006BA988 /* noodles.png */; };
		69FFDD301FE8FF22006BA988 /* water@2x.png in Resources */ = {isa = PBXBuildFile; fileRef = 69FFDD261FE8FF1F006BA988 /* water@2x.png */; };
		69FFDD311FE8FF22006BA988 /* doughnut@2x.png in Resources */ = {isa = PBXBuildFile; fileRef = 69FFDD271FE8FF1F006BA988 /* doughnut@2x.png */; };
		69FFDD321FE8FF22006BA988 /* noodles@2x.png in Resources */ = {isa = PBXBuildFile; fileRef = 69FFDD281FE8FF20006BA988 /* noodles@2x.png */; };
		69FFDD331FE8FF22006BA988 /* ice-cream.png in Resources */ = {isa = PBXBuildFile; fileRef = 69FFDD291FE8FF20006BA988 /* ice-cream.png */; };
		69FFDD341FE8FF22006BA988 /* info.png in Resources */ = {isa = PBXBuildFile; fileRef = 69FFDD2A1FE8FF20006BA988 /* info.png */; };
		69FFDD351FE8FF22006BA988 /* info@2x.png in Resources */ = {isa = PBXBuildFile; fileRef = 69FFDD2B1FE8FF21006BA988 /* info@2x.png */; };
		69FFDD361FE8FF22006BA988 /* water.png in Resources */ = {isa = PBXBuildFile; fileRef = 69FFDD2C1FE8FF21006BA988 /* water.png */; };
		69FFDD371FE8FF22006BA988 /* ice-cream@2x.png in Resources */ = {isa = PBXBuildFile; fileRef = 69FFDD2D1FE8FF22006BA988 /* ice-cream@2x.png */; };
/* End PBXBuildFile section */

/* Begin PBXContainerItemProxy section */
		69C931721F502006007696BA /* PBXContainerItemProxy */ = {
			isa = PBXContainerItemProxy;
			containerPortal = 69C9314D1F502006007696BA /* Project object */;
			proxyType = 1;
			remoteGlobalIDString = 69C931541F502006007696BA;
			remoteInfo = "Sauce&Sugar";
		};
		69C9317D1F502006007696BA /* PBXContainerItemProxy */ = {
			isa = PBXContainerItemProxy;
			containerPortal = 69C9314D1F502006007696BA /* Project object */;
			proxyType = 1;
			remoteGlobalIDString = 69C931541F502006007696BA;
			remoteInfo = "Sauce&Sugar";
		};
/* End PBXContainerItemProxy section */

/* Begin PBXFileReference section */
		6904474F1FF2077000863F4D /* steak.png */ = {isa = PBXFileReference; lastKnownFileType = image.png; path = steak.png; sourceTree = "<group>"; };
		690447501FF2077100863F4D /* soup@2x.png */ = {isa = PBXFileReference; lastKnownFileType = image.png; path = "soup@2x.png"; sourceTree = "<group>"; };
		690447511FF2077200863F4D /* burger.png */ = {isa = PBXFileReference; lastKnownFileType = image.png; path = burger.png; sourceTree = "<group>"; };
		690447521FF2077200863F4D /* salad@2x.png */ = {isa = PBXFileReference; lastKnownFileType = image.png; path = "salad@2x.png"; sourceTree = "<group>"; };
		690447531FF2077300863F4D /* taco.png */ = {isa = PBXFileReference; lastKnownFileType = image.png; path = taco.png; sourceTree = "<group>"; };
		690447541FF2077300863F4D /* fried-egg.png */ = {isa = PBXFileReference; lastKnownFileType = image.png; path = "fried-egg.png"; sourceTree = "<group>"; };
		690447551FF2077300863F4D /* taco@2x.png */ = {isa = PBXFileReference; lastKnownFileType = image.png; path = "taco@2x.png"; sourceTree = "<group>"; };
		690447561FF2077400863F4D /* burger@2x.png */ = {isa = PBXFileReference; lastKnownFileType = image.png; path = "burger@2x.png"; sourceTree = "<group>"; };
		690447571FF2077400863F4D /* waffle.png */ = {isa = PBXFileReference; lastKnownFileType = image.png; path = waffle.png; sourceTree = "<group>"; };
		690447581FF2077500863F4D /* fried-egg@2x.png */ = {isa = PBXFileReference; lastKnownFileType = image.png; path = "fried-egg@2x.png"; sourceTree = "<group>"; };
		690447591FF2077500863F4D /* waffle@2x.png */ = {isa = PBXFileReference; lastKnownFileType = image.png; path = "waffle@2x.png"; sourceTree = "<group>"; };
		6904475A1FF2077500863F4D /* steak@2x.png */ = {isa = PBXFileReference; lastKnownFileType = image.png; path = "steak@2x.png"; sourceTree = "<group>"; };
		6904475B1FF2077600863F4D /* soup.png */ = {isa = PBXFileReference; lastKnownFileType = image.png; path = soup.png; sourceTree = "<group>"; };
		6904475C1FF2077600863F4D /* salad.png */ = {isa = PBXFileReference; lastKnownFileType = image.png; path = salad.png; sourceTree = "<group>"; };
		69162CC51FAF329300B7E853 /* UIView+UIView_ViewAnimations.h */ = {isa = PBXFileReference; lastKnownFileType = sourcecode.c.h; path = "UIView+UIView_ViewAnimations.h"; sourceTree = "<group>"; };
		69162CC61FAF329300B7E853 /* UIView+UIView_ViewAnimations.m */ = {isa = PBXFileReference; lastKnownFileType = sourcecode.c.objc; path = "UIView+UIView_ViewAnimations.m"; sourceTree = "<group>"; };
		69162CCA1FB01CC000B7E853 /* GreenCheck.png */ = {isa = PBXFileReference; lastKnownFileType = image.png; path = GreenCheck.png; sourceTree = "<group>"; };
		6921E1071FEA5AB900048246 /* doughnut@3x.png */ = {isa = PBXFileReference; lastKnownFileType = image.png; path = "doughnut@3x.png"; sourceTree = "<group>"; };
		6921E1081FEA5AB900048246 /* water@3x.png */ = {isa = PBXFileReference; lastKnownFileType = image.png; path = "water@3x.png"; sourceTree = "<group>"; };
		6921E1091FEA5ABA00048246 /* noodles@3x.png */ = {isa = PBXFileReference; lastKnownFileType = image.png; path = "noodles@3x.png"; sourceTree = "<group>"; };
		6921E10A1FEA5ABA00048246 /* ice-cream@3x.png */ = {isa = PBXFileReference; lastKnownFileType = image.png; path = "ice-cream@3x.png"; sourceTree = "<group>"; };
		6921E10B1FEA5ABB00048246 /* rice@3x.png */ = {isa = PBXFileReference; lastKnownFileType = image.png; path = "rice@3x.png"; sourceTree = "<group>"; };
		6921E10C1FEA5ABB00048246 /* info@3x.png */ = {isa = PBXFileReference; lastKnownFileType = image.png; path = "info@3x.png"; sourceTree = "<group>"; };
		6921E1131FECF1EF00048246 /* store@2x.png */ = {isa = PBXFileReference; lastKnownFileType = image.png; path = "store@2x.png"; sourceTree = "<group>"; };
		6921E1141FECF1EF00048246 /* store.png */ = {isa = PBXFileReference; lastKnownFileType = image.png; path = store.png; sourceTree = "<group>"; };
		6921E1151FECF1F000048246 /* store@3x.png */ = {isa = PBXFileReference; lastKnownFileType = image.png; path = "store@3x.png"; sourceTree = "<group>"; };
		6921E1191FECF69C00048246 /* users@3x.png */ = {isa = PBXFileReference; lastKnownFileType = image.png; path = "users@3x.png"; sourceTree = "<group>"; };
		6921E11A1FECF69D00048246 /* users.png */ = {isa = PBXFileReference; lastKnownFileType = image.png; path = users.png; sourceTree = "<group>"; };
		6921E11B1FECF69E00048246 /* users@2x.png */ = {isa = PBXFileReference; lastKnownFileType = image.png; path = "users@2x.png"; sourceTree = "<group>"; };
		6921E11F1FECF99400048246 /* food.png */ = {isa = PBXFileReference; lastKnownFileType = image.png; path = food.png; sourceTree = "<group>"; };
		6921E1201FECF99500048246 /* food@3x.png */ = {isa = PBXFileReference; lastKnownFileType = image.png; path = "food@3x.png"; sourceTree = "<group>"; };
		6921E1211FECF99500048246 /* food@2x.png */ = {isa = PBXFileReference; lastKnownFileType = image.png; path = "food@2x.png"; sourceTree = "<group>"; };
		6938F8A01F84AA120079C555 /* ShowItemsTableViewController.h */ = {isa = PBXFileReference; lastKnownFileType = sourcecode.c.h; path = ShowItemsTableViewController.h; sourceTree = "<group>"; };
		6938F8A11F84AA120079C555 /* ShowItemsTableViewController.m */ = {isa = PBXFileReference; lastKnownFileType = sourcecode.c.objc; path = ShowItemsTableViewController.m; sourceTree = "<group>"; };
		6938F8A31F877AAE0079C555 /* rcShowItemsTableViewCell.h */ = {isa = PBXFileReference; lastKnownFileType = sourcecode.c.h; path = rcShowItemsTableViewCell.h; sourceTree = "<group>"; };
		6938F8A41F877AAE0079C555 /* rcShowItemsTableViewCell.m */ = {isa = PBXFileReference; lastKnownFileType = sourcecode.c.objc; path = rcShowItemsTableViewCell.m; sourceTree = "<group>"; };
		696F14F51FCFECF9001300C6 /* menu_icon-01.png */ = {isa = PBXFileReference; lastKnownFileType = image.png; path = "menu_icon-01.png"; sourceTree = "<group>"; };
		696F14F71FCFF327001300C6 /* menu.png */ = {isa = PBXFileReference; lastKnownFileType = image.png; path = menu.png; sourceTree = "<group>"; };
		696F14F91FD13804001300C6 /* stew.png */ = {isa = PBXFileReference; lastKnownFileType = image.png; path = stew.png; sourceTree = "<group>"; };
		696F15011FD1625C001300C6 /* user.png */ = {isa = PBXFileReference; lastKnownFileType = image.png; path = user.png; sourceTree = "<group>"; };
		696F15021FD1625D001300C6 /* user@2x.png */ = {isa = PBXFileReference; lastKnownFileType = image.png; path = "user@2x.png"; sourceTree = "<group>"; };
		696F15071FD16534001300C6 /* contract.png */ = {isa = PBXFileReference; lastKnownFileType = image.png; path = contract.png; sourceTree = "<group>"; };
		696F15081FD16535001300C6 /* contract@2x.png */ = {isa = PBXFileReference; lastKnownFileType = image.png; path = "contract@2x.png"; sourceTree = "<group>"; };
		696F150B1FD16CE1001300C6 /* restaurant@2x.png */ = {isa = PBXFileReference; lastKnownFileType = image.png; path = "restaurant@2x.png"; sourceTree = "<group>"; };
		696F150C1FD16CE2001300C6 /* restaurant.png */ = {isa = PBXFileReference; lastKnownFileType = image.png; path = restaurant.png; sourceTree = "<group>"; };
		696F150F1FD17FB3001300C6 /* user_profile.png */ = {isa = PBXFileReference; lastKnownFileType = image.png; path = user_profile.png; sourceTree = "<group>"; };
		696F15101FD17FB3001300C6 /* user_profile@2x.png */ = {isa = PBXFileReference; lastKnownFileType = image.png; path = "user_profile@2x.png"; sourceTree = "<group>"; };
		696F15141FD18067001300C6 /* UserProfileViewController.h */ = {isa = PBXFileReference; lastKnownFileType = sourcecode.c.h; path = UserProfileViewController.h; sourceTree = "<group>"; };
		696F15151FD18067001300C6 /* UserProfileViewController.m */ = {isa = PBXFileReference; lastKnownFileType = sourcecode.c.objc; path = UserProfileViewController.m; sourceTree = "<group>"; };
		696F15181FD55861001300C6 /* add-button.png */ = {isa = PBXFileReference; lastKnownFileType = image.png; path = "add-button.png"; sourceTree = "<group>"; };
		696F15191FD55861001300C6 /* add-button@2x.png */ = {isa = PBXFileReference; lastKnownFileType = image.png; path = "add-button@2x.png"; sourceTree = "<group>"; };
		696F151C1FD5598F001300C6 /* login.png */ = {isa = PBXFileReference; lastKnownFileType = image.png; path = login.png; sourceTree = "<group>"; };
		696F151D1FD55990001300C6 /* login@2x.png */ = {isa = PBXFileReference; lastKnownFileType = image.png; path = "login@2x.png"; sourceTree = "<group>"; };
		696F15201FD559B0001300C6 /* add-friend@2x.png */ = {isa = PBXFileReference; lastKnownFileType = image.png; path = "add-friend@2x.png"; sourceTree = "<group>"; };
		696F15211FD559B1001300C6 /* add-friend.png */ = {isa = PBXFileReference; lastKnownFileType = image.png; path = "add-friend.png"; sourceTree = "<group>"; };
		696F15241FD5664D001300C6 /* list.png */ = {isa = PBXFileReference; lastKnownFileType = image.png; path = list.png; sourceTree = "<group>"; };
		696F15251FD5664E001300C6 /* list@2x.png */ = {isa = PBXFileReference; lastKnownFileType = image.png; path = "list@2x.png"; sourceTree = "<group>"; };
		696F15281FD56735001300C6 /* add-white.png */ = {isa = PBXFileReference; lastKnownFileType = image.png; path = "add-white.png"; sourceTree = "<group>"; };
		696F15291FD56736001300C6 /* add-white@2x.png */ = {isa = PBXFileReference; lastKnownFileType = image.png; path = "add-white@2x.png"; sourceTree = "<group>"; };
		696F152C1FD56829001300C6 /* add-friend-white.png */ = {isa = PBXFileReference; lastKnownFileType = image.png; path = "add-friend-white.png"; sourceTree = "<group>"; };
		696F152D1FD56829001300C6 /* add-friend-white@2x.png */ = {isa = PBXFileReference; lastKnownFileType = image.png; path = "add-friend-white@2x.png"; sourceTree = "<group>"; };
		696F152E1FD5682A001300C6 /* list-white.png */ = {isa = PBXFileReference; lastKnownFileType = image.png; path = "list-white.png"; sourceTree = "<group>"; };
		696F152F1FD5682A001300C6 /* list-white@2x.png */ = {isa = PBXFileReference; lastKnownFileType = image.png; path = "list-white@2x.png"; sourceTree = "<group>"; };
		696F15301FD5682A001300C6 /* login-white.png */ = {isa = PBXFileReference; lastKnownFileType = image.png; path = "login-white.png"; sourceTree = "<group>"; };
		696F15311FD5682B001300C6 /* login-white@2x.png */ = {isa = PBXFileReference; lastKnownFileType = image.png; path = "login-white@2x.png"; sourceTree = "<group>"; };
		696F15391FD8DBD1001300C6 /* LoginViewController.h */ = {isa = PBXFileReference; lastKnownFileType = sourcecode.c.h; path = LoginViewController.h; sourceTree = "<group>"; };
		696F153A1FD8DBD1001300C6 /* LoginViewController.m */ = {isa = PBXFileReference; lastKnownFileType = sourcecode.c.objc; path = LoginViewController.m; sourceTree = "<group>"; };
		698A0DFF1FA1AFF800915313 /* searchTable.storyboard */ = {isa = PBXFileReference; fileEncoding = 4; lastKnownFileType = file.storyboard; path = searchTable.storyboard; sourceTree = "<group>"; };
		698A0E021FA1B07800915313 /* Base */ = {isa = PBXFileReference; lastKnownFileType = file.storyboard; name = Base; path = "Sauce&Sugar/Base.lproj/slideMenu.storyboard"; sourceTree = "<group>"; };
		698A0E051FA1B17F00915313 /* insertToDatabase.storyboard */ = {isa = PBXFileReference; fileEncoding = 4; lastKnownFileType = file.storyboard; path = insertToDatabase.storyboard; sourceTree = "<group>"; };
		698A0E081FA53E3100915313 /* SelectFoodTypeTableViewController.h */ = {isa = PBXFileReference; lastKnownFileType = sourcecode.c.h; path = SelectFoodTypeTableViewController.h; sourceTree = "<group>"; };
		698A0E091FA53E3100915313 /* SelectFoodTypeTableViewController.m */ = {isa = PBXFileReference; lastKnownFileType = sourcecode.c.objc; path = SelectFoodTypeTableViewController.m; sourceTree = "<group>"; };
		698A0E0B1FA843FE00915313 /* LoadingScreenViewController.h */ = {isa = PBXFileReference; lastKnownFileType = sourcecode.c.h; path = LoadingScreenViewController.h; sourceTree = "<group>"; };
		698A0E0C1FA843FE00915313 /* LoadingScreenViewController.m */ = {isa = PBXFileReference; lastKnownFileType = sourcecode.c.objc; path = LoadingScreenViewController.m; sourceTree = "<group>"; };
		69A07FF21F5AA20400651946 /* MicrosoftAzureMobile.framework */ = {isa = PBXFileReference; lastKnownFileType = wrapper.framework; name = MicrosoftAzureMobile.framework; path = "Sauce&Sugar/MicrosoftAzureMobile.framework"; sourceTree = "<group>"; };
		69A07FF41F5AA2A300651946 /* SafariServices.framework */ = {isa = PBXFileReference; lastKnownFileType = wrapper.framework; name = SafariServices.framework; path = System/Library/Frameworks/SafariServices.framework; sourceTree = SDKROOT; };
		69A07FF61F5AA2B100651946 /* WebKit.framework */ = {isa = PBXFileReference; lastKnownFileType = wrapper.framework; name = WebKit.framework; path = System/Library/Frameworks/WebKit.framework; sourceTree = SDKROOT; };
		69A07FF81F5D2D9800651946 /* AZSClient.framework */ = {isa = PBXFileReference; lastKnownFileType = wrapper.framework; path = AZSClient.framework; sourceTree = "<group>"; };
		69A07FFA1F5D2E0200651946 /* libxml2.2.tbd */ = {isa = PBXFileReference; lastKnownFileType = "sourcecode.text-based-dylib-definition"; name = libxml2.2.tbd; path = usr/lib/libxml2.2.tbd; sourceTree = SDKROOT; };
		69A0800B1F63EB0600651946 /* MainMenuButton.h */ = {isa = PBXFileReference; fileEncoding = 4; lastKnownFileType = sourcecode.c.h; path = MainMenuButton.h; sourceTree = "<group>"; };
		69A0800C1F63EB0600651946 /* MainMenuButton.m */ = {isa = PBXFileReference; fileEncoding = 4; lastKnownFileType = sourcecode.c.objc; path = MainMenuButton.m; sourceTree = "<group>"; };
		69C54F7D1F8F3FCF00C4005F /* ss_icon3x.png */ = {isa = PBXFileReference; lastKnownFileType = image.png; path = ss_icon3x.png; sourceTree = "<group>"; };
		69C54F7E1F8F3FCF00C4005F /* ss_icon2x.png */ = {isa = PBXFileReference; lastKnownFileType = image.png; path = ss_icon2x.png; sourceTree = "<group>"; };
		69C54F7F1F9AE13900C4005F /* SlideOutMenuViewController.h */ = {isa = PBXFileReference; lastKnownFileType = sourcecode.c.h; path = SlideOutMenuViewController.h; sourceTree = "<group>"; };
		69C54F801F9AE13900C4005F /* SlideOutMenuViewController.m */ = {isa = PBXFileReference; lastKnownFileType = sourcecode.c.objc; path = SlideOutMenuViewController.m; sourceTree = "<group>"; };
		69C931551F502006007696BA /* Sauce&Sugar.app */ = {isa = PBXFileReference; explicitFileType = wrapper.application; includeInIndex = 0; path = "Sauce&Sugar.app"; sourceTree = BUILT_PRODUCTS_DIR; };
		69C931591F502006007696BA /* main.m */ = {isa = PBXFileReference; lastKnownFileType = sourcecode.c.objc; path = main.m; sourceTree = "<group>"; };
		69C9315B1F502006007696BA /* AppDelegate.h */ = {isa = PBXFileReference; lastKnownFileType = sourcecode.c.h; path = AppDelegate.h; sourceTree = "<group>"; };
		69C9315C1F502006007696BA /* AppDelegate.m */ = {isa = PBXFileReference; lastKnownFileType = sourcecode.c.objc; path = AppDelegate.m; sourceTree = "<group>"; };
		69C931621F502006007696BA /* Base */ = {isa = PBXFileReference; lastKnownFileType = file.storyboard; name = Base; path = Base.lproj/Main.storyboard; sourceTree = "<group>"; };
		69C931651F502006007696BA /* Sauce_Sugar.xcdatamodel */ = {isa = PBXFileReference; lastKnownFileType = wrapper.xcdatamodel; path = Sauce_Sugar.xcdatamodel; sourceTree = "<group>"; };
		69C931671F502006007696BA /* Assets.xcassets */ = {isa = PBXFileReference; lastKnownFileType = folder.assetcatalog; path = Assets.xcassets; sourceTree = "<group>"; };
		69C9316A1F502006007696BA /* Base */ = {isa = PBXFileReference; lastKnownFileType = file.storyboard; name = Base; path = Base.lproj/LaunchScreen.storyboard; sourceTree = "<group>"; };
		69C9316C1F502006007696BA /* Info.plist */ = {isa = PBXFileReference; lastKnownFileType = text.plist.xml; path = Info.plist; sourceTree = "<group>"; };
		69C931711F502006007696BA /* Sauce&SugarTests.xctest */ = {isa = PBXFileReference; explicitFileType = wrapper.cfbundle; includeInIndex = 0; path = "Sauce&SugarTests.xctest"; sourceTree = BUILT_PRODUCTS_DIR; };
		69C931751F502006007696BA /* Sauce_SugarTests.m */ = {isa = PBXFileReference; lastKnownFileType = sourcecode.c.objc; path = Sauce_SugarTests.m; sourceTree = "<group>"; };
		69C931771F502006007696BA /* Info.plist */ = {isa = PBXFileReference; lastKnownFileType = text.plist.xml; path = Info.plist; sourceTree = "<group>"; };
		69C9317C1F502006007696BA /* Sauce&SugarUITests.xctest */ = {isa = PBXFileReference; explicitFileType = wrapper.cfbundle; includeInIndex = 0; path = "Sauce&SugarUITests.xctest"; sourceTree = BUILT_PRODUCTS_DIR; };
		69C931801F502006007696BA /* Sauce_SugarUITests.m */ = {isa = PBXFileReference; lastKnownFileType = sourcecode.c.objc; path = Sauce_SugarUITests.m; sourceTree = "<group>"; };
		69C931821F502006007696BA /* Info.plist */ = {isa = PBXFileReference; lastKnownFileType = text.plist.xml; path = Info.plist; sourceTree = "<group>"; };
		69C931AC1F53788A007696BA /* MapKit.framework */ = {isa = PBXFileReference; lastKnownFileType = wrapper.framework; name = MapKit.framework; path = System/Library/Frameworks/MapKit.framework; sourceTree = SDKROOT; };
		69C931AE1F57E764007696BA /* AddToDatabase_ViewController.h */ = {isa = PBXFileReference; fileEncoding = 4; lastKnownFileType = sourcecode.c.h; path = AddToDatabase_ViewController.h; sourceTree = "<group>"; };
		69C931AF1F57E764007696BA /* AddToDatabase_ViewController.m */ = {isa = PBXFileReference; fileEncoding = 4; lastKnownFileType = sourcecode.c.objc; path = AddToDatabase_ViewController.m; sourceTree = "<group>"; };
		69DE29051F74CA8200B0527E /* rcAzureDataTable.h */ = {isa = PBXFileReference; lastKnownFileType = sourcecode.c.h; path = rcAzureDataTable.h; sourceTree = "<group>"; };
		69DE29061F74CA8200B0527E /* rcAzureDataTable.m */ = {isa = PBXFileReference; lastKnownFileType = sourcecode.c.objc; path = rcAzureDataTable.m; sourceTree = "<group>"; };
		69DE29081F7865D700B0527E /* AddUserViewController.h */ = {isa = PBXFileReference; lastKnownFileType = sourcecode.c.h; path = AddUserViewController.h; sourceTree = "<group>"; };
		69DE29091F7865D700B0527E /* AddUserViewController.m */ = {isa = PBXFileReference; lastKnownFileType = sourcecode.c.objc; path = AddUserViewController.m; sourceTree = "<group>"; };
		69E3EDBC1F7A2D4E00C0F787 /* rcAzureBlobContainer.h */ = {isa = PBXFileReference; lastKnownFileType = sourcecode.c.h; path = rcAzureBlobContainer.h; sourceTree = "<group>"; };
		69E3EDBD1F7A2D4E00C0F787 /* rcAzureBlobContainer.m */ = {isa = PBXFileReference; lastKnownFileType = sourcecode.c.objc; path = rcAzureBlobContainer.m; sourceTree = "<group>"; };
		69F39F1C1FB40EB100362888 /* CoreLocation.framework */ = {isa = PBXFileReference; lastKnownFileType = wrapper.framework; name = CoreLocation.framework; path = System/Library/Frameworks/CoreLocation.framework; sourceTree = SDKROOT; };
		69F39F1E1FB5280F00362888 /* CreditsViewController.h */ = {isa = PBXFileReference; lastKnownFileType = sourcecode.c.h; path = CreditsViewController.h; sourceTree = "<group>"; };
		69F39F1F1FB5280F00362888 /* CreditsViewController.m */ = {isa = PBXFileReference; lastKnownFileType = sourcecode.c.objc; path = CreditsViewController.m; sourceTree = "<group>"; };
		69F39F2C1FB65D2200362888 /* MainMenu.storyboard */ = {isa = PBXFileReference; fileEncoding = 4; lastKnownFileType = file.storyboard; path = MainMenu.storyboard; sourceTree = "<group>"; };
		69F39F2F1FB67C5600362888 /* MainMenuTableViewController.h */ = {isa = PBXFileReference; lastKnownFileType = sourcecode.c.h; path = MainMenuTableViewController.h; sourceTree = "<group>"; };
		69F39F301FB67C5600362888 /* MainMenuTableViewController.m */ = {isa = PBXFileReference; lastKnownFileType = sourcecode.c.objc; path = MainMenuTableViewController.m; sourceTree = "<group>"; };
		69F39F341FBD911B00362888 /* AppStoreIcon1024.png */ = {isa = PBXFileReference; lastKnownFileType = image.png; path = AppStoreIcon1024.png; sourceTree = "<group>"; };
		69F39F361FBEDC0900362888 /* GoogleMapsBase.framework */ = {isa = PBXFileReference; lastKnownFileType = wrapper.framework; path = GoogleMapsBase.framework; sourceTree = "<group>"; };
		69F39F381FBEDC2200362888 /* GoogleMapsCore.framework */ = {isa = PBXFileReference; lastKnownFileType = wrapper.framework; path = GoogleMapsCore.framework; sourceTree = "<group>"; };
		69F39F391FBEDC2300362888 /* GoogleMaps.framework */ = {isa = PBXFileReference; lastKnownFileType = wrapper.framework; path = GoogleMaps.framework; sourceTree = "<group>"; };
		69F39F3C1FBEDC6400362888 /* GoogleMaps.bundle */ = {isa = PBXFileReference; lastKnownFileType = "wrapper.plug-in"; name = GoogleMaps.bundle; path = GoogleMaps.framework/Resources/GoogleMaps.bundle; sourceTree = "<group>"; };
		69F39F3E1FBEDE5300362888 /* Accelerate.framework */ = {isa = PBXFileReference; lastKnownFileType = wrapper.framework; name = Accelerate.framework; path = System/Library/Frameworks/Accelerate.framework; sourceTree = SDKROOT; };
		69F39F3F1FBEDFBB00362888 /* CoreData.framework */ = {isa = PBXFileReference; lastKnownFileType = wrapper.framework; name = CoreData.framework; path = System/Library/Frameworks/CoreData.framework; sourceTree = SDKROOT; };
		69F39F401FBEDFC300362888 /* CoreGraphics.framework */ = {isa = PBXFileReference; lastKnownFileType = wrapper.framework; name = CoreGraphics.framework; path = System/Library/Frameworks/CoreGraphics.framework; sourceTree = SDKROOT; };
		69F39F411FBEDFD500362888 /* CoreTelephony.framework */ = {isa = PBXFileReference; lastKnownFileType = wrapper.framework; name = CoreTelephony.framework; path = System/Library/Frameworks/CoreTelephony.framework; sourceTree = SDKROOT; };
		69F39F421FBEDFDB00362888 /* CoreText.framework */ = {isa = PBXFileReference; lastKnownFileType = wrapper.framework; name = CoreText.framework; path = System/Library/Frameworks/CoreText.framework; sourceTree = SDKROOT; };
		69F39F431FBEDFE100362888 /* GLKit.framework */ = {isa = PBXFileReference; lastKnownFileType = wrapper.framework; name = GLKit.framework; path = System/Library/Frameworks/GLKit.framework; sourceTree = SDKROOT; };
		69F39F441FBEDFE700362888 /* ImageIO.framework */ = {isa = PBXFileReference; lastKnownFileType = wrapper.framework; name = ImageIO.framework; path = System/Library/Frameworks/ImageIO.framework; sourceTree = SDKROOT; };
		69F39F451FBEDFF000362888 /* libc++.tbd */ = {isa = PBXFileReference; lastKnownFileType = "sourcecode.text-based-dylib-definition"; name = "libc++.tbd"; path = "usr/lib/libc++.tbd"; sourceTree = SDKROOT; };
		69F39F471FBEDFFA00362888 /* libz.tbd */ = {isa = PBXFileReference; lastKnownFileType = "sourcecode.text-based-dylib-definition"; name = libz.tbd; path = usr/lib/libz.tbd; sourceTree = SDKROOT; };
		69F39F491FBEDFFF00362888 /* OpenGLES.framework */ = {isa = PBXFileReference; lastKnownFileType = wrapper.framework; name = OpenGLES.framework; path = System/Library/Frameworks/OpenGLES.framework; sourceTree = SDKROOT; };
		69F39F4A1FBEE00900362888 /* QuartzCore.framework */ = {isa = PBXFileReference; lastKnownFileType = wrapper.framework; name = QuartzCore.framework; path = System/Library/Frameworks/QuartzCore.framework; sourceTree = SDKROOT; };
		69F39F4B1FBEE01200362888 /* UIKit.framework */ = {isa = PBXFileReference; lastKnownFileType = wrapper.framework; name = UIKit.framework; path = System/Library/Frameworks/UIKit.framework; sourceTree = SDKROOT; };
		69F39F4C1FBEE01A00362888 /* SystemConfiguration.framework */ = {isa = PBXFileReference; lastKnownFileType = wrapper.framework; name = SystemConfiguration.framework; path = System/Library/Frameworks/SystemConfiguration.framework; sourceTree = SDKROOT; };
		69F39F4E1FBFED1100362888 /* Base */ = {isa = PBXFileReference; lastKnownFileType = file.storyboard; name = Base; path = "Sauce&Sugar/Base.lproj/GMapSearch.storyboard"; sourceTree = "<group>"; };
		69F39F541FC0E7C400362888 /* ShowGMapViewController.h */ = {isa = PBXFileReference; lastKnownFileType = sourcecode.c.h; path = ShowGMapViewController.h; sourceTree = "<group>"; };
		69F39F551FC0E7C400362888 /* ShowGMapViewController.m */ = {isa = PBXFileReference; lastKnownFileType = sourcecode.c.objc; path = ShowGMapViewController.m; sourceTree = "<group>"; };
		69F39F591FC1099600362888 /* GlobalNames.h */ = {isa = PBXFileReference; lastKnownFileType = sourcecode.c.h; path = GlobalNames.h; sourceTree = "<group>"; };
		69FFDCEE1FDE46C6006BA988 /* error@2x.png */ = {isa = PBXFileReference; lastKnownFileType = image.png; path = "error@2x.png"; sourceTree = "<group>"; };
		69FFDCEF1FDE46C6006BA988 /* error.png */ = {isa = PBXFileReference; lastKnownFileType = image.png; path = error.png; sourceTree = "<group>"; };
		69FFDCF21FDE4721006BA988 /* checked@2x.png */ = {isa = PBXFileReference; lastKnownFileType = image.png; path = "checked@2x.png"; sourceTree = "<group>"; };
		69FFDCF31FDE4722006BA988 /* checked.png */ = {isa = PBXFileReference; lastKnownFileType = image.png; path = checked.png; sourceTree = "<group>"; };
		69FFDCF71FDEA3E5006BA988 /* Base */ = {isa = PBXFileReference; lastKnownFileType = file.storyboard; name = Base; path = "Sauce&Sugar/Base.lproj/UserProfile.storyboard"; sourceTree = "<group>"; };
		69FFDCFA1FE5DC46006BA988 /* SearchTableUser.png */ = {isa = PBXFileReference; lastKnownFileType = image.png; path = SearchTableUser.png; sourceTree = "<group>"; };
		69FFDCFB1FE5DC46006BA988 /* SearchTableUser@2x.png */ = {isa = PBXFileReference; lastKnownFileType = image.png; path = "SearchTableUser@2x.png"; sourceTree = "<group>"; };
		69FFDCFC1FE5DC47006BA988 /* star.png */ = {isa = PBXFileReference; lastKnownFileType = image.png; path = star.png; sourceTree = "<group>"; };
		69FFDCFD1FE5DC47006BA988 /* star@2x.png */ = {isa = PBXFileReference; lastKnownFileType = image.png; path = "star@2x.png"; sourceTree = "<group>"; };
		69FFDD041FE79236006BA988 /* BlogViewController.h */ = {isa = PBXFileReference; lastKnownFileType = sourcecode.c.h; path = BlogViewController.h; sourceTree = "<group>"; };
		69FFDD051FE79236006BA988 /* BlogViewController.m */ = {isa = PBXFileReference; lastKnownFileType = sourcecode.c.objc; path = BlogViewController.m; sourceTree = "<group>"; };
		69FFDD201FE8FE3F006BA988 /* rice@2x.png */ = {isa = PBXFileReference; lastKnownFileType = image.png; path = "rice@2x.png"; sourceTree = "<group>"; };
		69FFDD211FE8FE40006BA988 /* rice.png */ = {isa = PBXFileReference; lastKnownFileType = image.png; path = rice.png; sourceTree = "<group>"; };
		69FFDD241FE8FF1E006BA988 /* doughnut.png */ = {isa = PBXFileReference; lastKnownFileType = image.png; path = doughnut.png; sourceTree = "<group>"; };
		69FFDD251FE8FF1E006BA988 /* noodles.png */ = {isa = PBXFileReference; lastKnownFileType = image.png; path = noodles.png; sourceTree = "<group>"; };
		69FFDD261FE8FF1F006BA988 /* water@2x.png */ = {isa = PBXFileReference; lastKnownFileType = image.png; path = "water@2x.png"; sourceTree = "<group>"; };
		69FFDD271FE8FF1F006BA988 /* doughnut@2x.png */ = {isa = PBXFileReference; lastKnownFileType = image.png; path = "doughnut@2x.png"; sourceTree = "<group>"; };
		69FFDD281FE8FF20006BA988 /* noodles@2x.png */ = {isa = PBXFileReference; lastKnownFileType = image.png; path = "noodles@2x.png"; sourceTree = "<group>"; };
		69FFDD291FE8FF20006BA988 /* ice-cream.png */ = {isa = PBXFileReference; lastKnownFileType = image.png; path = "ice-cream.png"; sourceTree = "<group>"; };
		69FFDD2A1FE8FF20006BA988 /* info.png */ = {isa = PBXFileReference; lastKnownFileType = image.png; path = info.png; sourceTree = "<group>"; };
		69FFDD2B1FE8FF21006BA988 /* info@2x.png */ = {isa = PBXFileReference; lastKnownFileType = image.png; path = "info@2x.png"; sourceTree = "<group>"; };
		69FFDD2C1FE8FF21006BA988 /* water.png */ = {isa = PBXFileReference; lastKnownFileType = image.png; path = water.png; sourceTree = "<group>"; };
		69FFDD2D1FE8FF22006BA988 /* ice-cream@2x.png */ = {isa = PBXFileReference; lastKnownFileType = image.png; path = "ice-cream@2x.png"; sourceTree = "<group>"; };
/* End PBXFileReference section */

/* Begin PBXFrameworksBuildPhase section */
		69C931521F502006007696BA /* Frameworks */ = {
			isa = PBXFrameworksBuildPhase;
			buildActionMask = 2147483647;
			files = (
				69A07FFB1F5D2E0200651946 /* libxml2.2.tbd in Frameworks */,
				69F39F481FBEDFFA00362888 /* libz.tbd in Frameworks */,
				69A07FF71F5AA2B100651946 /* WebKit.framework in Frameworks */,
				69F39F371FBEDC0900362888 /* GoogleMapsBase.framework in Frameworks */,
				69F39F3A1FBEDC2300362888 /* GoogleMapsCore.framework in Frameworks */,
				69A07FF51F5AA2A300651946 /* SafariServices.framework in Frameworks */,
				69A07FF31F5AA20400651946 /* MicrosoftAzureMobile.framework in Frameworks */,
				69F39F461FBEDFF000362888 /* libc++.tbd in Frameworks */,
				69F39F3B1FBEDC2300362888 /* GoogleMaps.framework in Frameworks */,
				69A07FF91F5D2D9800651946 /* AZSClient.framework in Frameworks */,
				69C931AD1F53788A007696BA /* MapKit.framework in Frameworks */,
			);
			runOnlyForDeploymentPostprocessing = 0;
		};
		69C9316E1F502006007696BA /* Frameworks */ = {
			isa = PBXFrameworksBuildPhase;
			buildActionMask = 2147483647;
			files = (
			);
			runOnlyForDeploymentPostprocessing = 0;
		};
		69C931791F502006007696BA /* Frameworks */ = {
			isa = PBXFrameworksBuildPhase;
			buildActionMask = 2147483647;
			files = (
			);
			runOnlyForDeploymentPostprocessing = 0;
		};
/* End PBXFrameworksBuildPhase section */

/* Begin PBXGroup section */
		69162CC91FAFB37800B7E853 /* Categories */ = {
			isa = PBXGroup;
			children = (
				69162CC51FAF329300B7E853 /* UIView+UIView_ViewAnimations.h */,
				69162CC61FAF329300B7E853 /* UIView+UIView_ViewAnimations.m */,
			);
			path = Categories;
			sourceTree = "<group>";
		};
		69162CCC1FB0646D00B7E853 /* SearchTable */ = {
			isa = PBXGroup;
			children = (
				6938F8A01F84AA120079C555 /* ShowItemsTableViewController.h */,
				6938F8A11F84AA120079C555 /* ShowItemsTableViewController.m */,
				69F39F541FC0E7C400362888 /* ShowGMapViewController.h */,
				69F39F551FC0E7C400362888 /* ShowGMapViewController.m */,
			);
			name = SearchTable;
			sourceTree = "<group>";
		};
		6921E1251FECF9A800048246 /* MainView */ = {
			isa = PBXGroup;
			children = (
				6921E1141FECF1EF00048246 /* store.png */,
				6921E1131FECF1EF00048246 /* store@2x.png */,
				6921E1151FECF1F000048246 /* store@3x.png */,
				6921E11A1FECF69D00048246 /* users.png */,
				6921E11B1FECF69E00048246 /* users@2x.png */,
				6921E1191FECF69C00048246 /* users@3x.png */,
				6921E11F1FECF99400048246 /* food.png */,
				6921E1211FECF99500048246 /* food@2x.png */,
				6921E1201FECF99500048246 /* food@3x.png */,
			);
			path = MainView;
			sourceTree = "<group>";
		};
		696F15131FD1804F001300C6 /* UserProfileVC */ = {
			isa = PBXGroup;
			children = (
				696F15141FD18067001300C6 /* UserProfileViewController.h */,
				696F15151FD18067001300C6 /* UserProfileViewController.m */,
			);
			name = UserProfileVC;
			sourceTree = "<group>";
		};
		696F15171FD5584D001300C6 /* SlideMenu */ = {
			isa = PBXGroup;
			children = (
				696F14F71FCFF327001300C6 /* menu.png */,
				696F14F51FCFECF9001300C6 /* menu_icon-01.png */,
				696F15281FD56735001300C6 /* add-white.png */,
				696F15291FD56736001300C6 /* add-white@2x.png */,
				696F15181FD55861001300C6 /* add-button.png */,
				696F15191FD55861001300C6 /* add-button@2x.png */,
				696F152C1FD56829001300C6 /* add-friend-white.png */,
				696F152D1FD56829001300C6 /* add-friend-white@2x.png */,
				696F152E1FD5682A001300C6 /* list-white.png */,
				696F152F1FD5682A001300C6 /* list-white@2x.png */,
				696F15301FD5682A001300C6 /* login-white.png */,
				696F15311FD5682B001300C6 /* login-white@2x.png */,
				696F151C1FD5598F001300C6 /* login.png */,
				696F151D1FD55990001300C6 /* login@2x.png */,
				696F15211FD559B1001300C6 /* add-friend.png */,
				696F15201FD559B0001300C6 /* add-friend@2x.png */,
				696F15241FD5664D001300C6 /* list.png */,
				696F15251FD5664E001300C6 /* list@2x.png */,
			);
			name = SlideMenu;
			sourceTree = "<group>";
		};
		696F15381FD8DBB8001300C6 /* LoginPage */ = {
			isa = PBXGroup;
			children = (
				696F15391FD8DBD1001300C6 /* LoginViewController.h */,
				696F153A1FD8DBD1001300C6 /* LoginViewController.m */,
			);
			name = LoginPage;
			sourceTree = "<group>";
		};
		696F153C1FD8E683001300C6 /* SignupPage */ = {
			isa = PBXGroup;
			children = (
				69DE29081F7865D700B0527E /* AddUserViewController.h */,
				69DE29091F7865D700B0527E /* AddUserViewController.m */,
			);
			name = SignupPage;
			sourceTree = "<group>";
		};
		698A0E041FA1B08C00915313 /* Storyboards */ = {
			isa = PBXGroup;
			children = (
				69F39F4D1FBFED1100362888 /* GMapSearch.storyboard */,
				69F39F2C1FB65D2200362888 /* MainMenu.storyboard */,
				698A0E051FA1B17F00915313 /* insertToDatabase.storyboard */,
				698A0DFF1FA1AFF800915313 /* searchTable.storyboard */,
				698A0E011FA1B07800915313 /* slideMenu.storyboard */,
				69FFDCF61FDEA3E5006BA988 /* UserProfile.storyboard */,
				69C931611F502006007696BA /* Main.storyboard */,
				69C931691F502006007696BA /* LaunchScreen.storyboard */,
			);
			name = Storyboards;
			sourceTree = "<group>";
		};
		698A0E071FA53DEF00915313 /* InsertDataAndImageVC */ = {
			isa = PBXGroup;
			children = (
				69C931AE1F57E764007696BA /* AddToDatabase_ViewController.h */,
				69C931AF1F57E764007696BA /* AddToDatabase_ViewController.m */,
				698A0E081FA53E3100915313 /* SelectFoodTypeTableViewController.h */,
				698A0E091FA53E3100915313 /* SelectFoodTypeTableViewController.m */,
				698A0E0B1FA843FE00915313 /* LoadingScreenViewController.h */,
				698A0E0C1FA843FE00915313 /* LoadingScreenViewController.m */,
			);
			name = InsertDataAndImageVC;
			sourceTree = "<group>";
		};
		69A07FFC1F5D353E00651946 /* Model */ = {
			isa = PBXGroup;
			children = (
				69A0800B1F63EB0600651946 /* MainMenuButton.h */,
				69A0800C1F63EB0600651946 /* MainMenuButton.m */,
				69DE29051F74CA8200B0527E /* rcAzureDataTable.h */,
				69DE29061F74CA8200B0527E /* rcAzureDataTable.m */,
				69E3EDBC1F7A2D4E00C0F787 /* rcAzureBlobContainer.h */,
				69E3EDBD1F7A2D4E00C0F787 /* rcAzureBlobContainer.m */,
				6938F8A31F877AAE0079C555 /* rcShowItemsTableViewCell.h */,
				6938F8A41F877AAE0079C555 /* rcShowItemsTableViewCell.m */,
				69F39F591FC1099600362888 /* GlobalNames.h */,
			);
			name = Model;
			sourceTree = "<group>";
		};
		69A080021F5E2AD900651946 /* ImagesResource */ = {
			isa = PBXGroup;
			children = (
				6921E1251FECF9A800048246 /* MainView */,
				69FFDD071FE8CA47006BA988 /* Food Type */,
				69FFDCF91FE5DB81006BA988 /* SearchTable */,
				69FFDCED1FDE4671006BA988 /* DataInsert */,
				69FFDCEC1FDE460C006BA988 /* TabBar */,
				696F15171FD5584D001300C6 /* SlideMenu */,
				696F150F1FD17FB3001300C6 /* user_profile.png */,
				696F15101FD17FB3001300C6 /* user_profile@2x.png */,
				69C54F7E1F8F3FCF00C4005F /* ss_icon2x.png */,
				69F39F341FBD911B00362888 /* AppStoreIcon1024.png */,
				696F14F91FD13804001300C6 /* stew.png */,
				69C54F7D1F8F3FCF00C4005F /* ss_icon3x.png */,
				69162CCA1FB01CC000B7E853 /* GreenCheck.png */,
			);
			name = ImagesResource;
			sourceTree = "<group>";
		};
		69C9314C1F502006007696BA = {
			isa = PBXGroup;
			children = (
				69C931571F502006007696BA /* Sauce&Sugar */,
				69C931741F502006007696BA /* Sauce&SugarTests */,
				69C9317F1F502006007696BA /* Sauce&SugarUITests */,
				69C931561F502006007696BA /* Products */,
				69C931AB1F53788A007696BA /* Frameworks */,
			);
			sourceTree = "<group>";
		};
		69C931561F502006007696BA /* Products */ = {
			isa = PBXGroup;
			children = (
				69C931551F502006007696BA /* Sauce&Sugar.app */,
				69C931711F502006007696BA /* Sauce&SugarTests.xctest */,
				69C9317C1F502006007696BA /* Sauce&SugarUITests.xctest */,
			);
			name = Products;
			sourceTree = "<group>";
		};
		69C931571F502006007696BA /* Sauce&Sugar */ = {
			isa = PBXGroup;
			children = (
				698A0E041FA1B08C00915313 /* Storyboards */,
				69DE290C1F7866F900B0527E /* ViewController */,
				69A080021F5E2AD900651946 /* ImagesResource */,
				69A07FFC1F5D353E00651946 /* Model */,
				69162CC91FAFB37800B7E853 /* Categories */,
				69C9315B1F502006007696BA /* AppDelegate.h */,
				69C9315C1F502006007696BA /* AppDelegate.m */,
				69C931671F502006007696BA /* Assets.xcassets */,
				69C9316C1F502006007696BA /* Info.plist */,
				69C931641F502006007696BA /* Sauce_Sugar.xcdatamodeld */,
				69C931581F502006007696BA /* Supporting Files */,
			);
			path = "Sauce&Sugar";
			sourceTree = "<group>";
		};
		69C931581F502006007696BA /* Supporting Files */ = {
			isa = PBXGroup;
			children = (
				69C931591F502006007696BA /* main.m */,
			);
			name = "Supporting Files";
			sourceTree = "<group>";
		};
		69C931741F502006007696BA /* Sauce&SugarTests */ = {
			isa = PBXGroup;
			children = (
				69C931751F502006007696BA /* Sauce_SugarTests.m */,
				69C931771F502006007696BA /* Info.plist */,
			);
			path = "Sauce&SugarTests";
			sourceTree = "<group>";
		};
		69C9317F1F502006007696BA /* Sauce&SugarUITests */ = {
			isa = PBXGroup;
			children = (
				69C931801F502006007696BA /* Sauce_SugarUITests.m */,
				69C931821F502006007696BA /* Info.plist */,
			);
			path = "Sauce&SugarUITests";
			sourceTree = "<group>";
		};
		69C931AB1F53788A007696BA /* Frameworks */ = {
			isa = PBXGroup;
			children = (
				69F39F4C1FBEE01A00362888 /* SystemConfiguration.framework */,
				69F39F4B1FBEE01200362888 /* UIKit.framework */,
				69F39F4A1FBEE00900362888 /* QuartzCore.framework */,
				69F39F491FBEDFFF00362888 /* OpenGLES.framework */,
				69F39F471FBEDFFA00362888 /* libz.tbd */,
				69F39F451FBEDFF000362888 /* libc++.tbd */,
				69F39F441FBEDFE700362888 /* ImageIO.framework */,
				69F39F431FBEDFE100362888 /* GLKit.framework */,
				69F39F421FBEDFDB00362888 /* CoreText.framework */,
				69F39F411FBEDFD500362888 /* CoreTelephony.framework */,
				69F39F401FBEDFC300362888 /* CoreGraphics.framework */,
				69F39F3F1FBEDFBB00362888 /* CoreData.framework */,
				69F39F3E1FBEDE5300362888 /* Accelerate.framework */,
				69F39F3C1FBEDC6400362888 /* GoogleMaps.bundle */,
				69F39F391FBEDC2300362888 /* GoogleMaps.framework */,
				69F39F381FBEDC2200362888 /* GoogleMapsCore.framework */,
				69F39F361FBEDC0900362888 /* GoogleMapsBase.framework */,
				69F39F1C1FB40EB100362888 /* CoreLocation.framework */,
				69A07FFA1F5D2E0200651946 /* libxml2.2.tbd */,
				69A07FF81F5D2D9800651946 /* AZSClient.framework */,
				69A07FF61F5AA2B100651946 /* WebKit.framework */,
				69A07FF41F5AA2A300651946 /* SafariServices.framework */,
				69A07FF21F5AA20400651946 /* MicrosoftAzureMobile.framework */,
				69C931AC1F53788A007696BA /* MapKit.framework */,
			);
			name = Frameworks;
			sourceTree = "<group>";
		};
		69DE290C1F7866F900B0527E /* ViewController */ = {
			isa = PBXGroup;
			children = (
				69FFDD021FE79217006BA988 /* BlogVC */,
				696F15131FD1804F001300C6 /* UserProfileVC */,
				69F39F2E1FB67C3700362888 /* MainMenuVC */,
				69162CCC1FB0646D00B7E853 /* SearchTable */,
			);
			name = ViewController;
			sourceTree = "<group>";
		};
		69F39F1D1FB527F000362888 /* Credits */ = {
			isa = PBXGroup;
			children = (
				69F39F1E1FB5280F00362888 /* CreditsViewController.h */,
				69F39F1F1FB5280F00362888 /* CreditsViewController.m */,
			);
			name = Credits;
			sourceTree = "<group>";
		};
		69F39F2E1FB67C3700362888 /* MainMenuVC */ = {
			isa = PBXGroup;
			children = (
				698A0E071FA53DEF00915313 /* InsertDataAndImageVC */,
				69F39F1D1FB527F000362888 /* Credits */,
				696F153C1FD8E683001300C6 /* SignupPage */,
				696F15381FD8DBB8001300C6 /* LoginPage */,
				69F39F2F1FB67C5600362888 /* MainMenuTableViewController.h */,
				69F39F301FB67C5600362888 /* MainMenuTableViewController.m */,
				69C54F7F1F9AE13900C4005F /* SlideOutMenuViewController.h */,
				69C54F801F9AE13900C4005F /* SlideOutMenuViewController.m */,
			);
			name = MainMenuVC;
			sourceTree = "<group>";
		};
		69FFDCEC1FDE460C006BA988 /* TabBar */ = {
			isa = PBXGroup;
			children = (
				696F150C1FD16CE2001300C6 /* restaurant.png */,
				696F150B1FD16CE1001300C6 /* restaurant@2x.png */,
				696F15071FD16534001300C6 /* contract.png */,
				696F15081FD16535001300C6 /* contract@2x.png */,
				696F15011FD1625C001300C6 /* user.png */,
				696F15021FD1625D001300C6 /* user@2x.png */,
			);
			name = TabBar;
			sourceTree = "<group>";
		};
		69FFDCED1FDE4671006BA988 /* DataInsert */ = {
			isa = PBXGroup;
			children = (
				69FFDCEF1FDE46C6006BA988 /* error.png */,
				69FFDCEE1FDE46C6006BA988 /* error@2x.png */,
				69FFDCF31FDE4722006BA988 /* checked.png */,
				69FFDCF21FDE4721006BA988 /* checked@2x.png */,
			);
			path = DataInsert;
			sourceTree = "<group>";
		};
		69FFDCF91FE5DB81006BA988 /* SearchTable */ = {
			isa = PBXGroup;
			children = (
				69FFDCFA1FE5DC46006BA988 /* SearchTableUser.png */,
				69FFDCFB1FE5DC46006BA988 /* SearchTableUser@2x.png */,
				69FFDCFC1FE5DC47006BA988 /* star.png */,
				69FFDCFD1FE5DC47006BA988 /* star@2x.png */,
			);
			path = SearchTable;
			sourceTree = "<group>";
		};
		69FFDD021FE79217006BA988 /* BlogVC */ = {
			isa = PBXGroup;
			children = (
				69FFDD041FE79236006BA988 /* BlogViewController.h */,
				69FFDD051FE79236006BA988 /* BlogViewController.m */,
			);
			path = BlogVC;
			sourceTree = "<group>";
		};
		69FFDD071FE8CA47006BA988 /* Food Type */ = {
			isa = PBXGroup;
			children = (
				690447511FF2077200863F4D /* burger.png */,
				690447561FF2077400863F4D /* burger@2x.png */,
				690447541FF2077300863F4D /* fried-egg.png */,
				690447581FF2077500863F4D /* fried-egg@2x.png */,
				6904475C1FF2077600863F4D /* salad.png */,
				690447521FF2077200863F4D /* salad@2x.png */,
				6904475B1FF2077600863F4D /* soup.png */,
				690447501FF2077100863F4D /* soup@2x.png */,
				6904474F1FF2077000863F4D /* steak.png */,
				6904475A1FF2077500863F4D /* steak@2x.png */,
				690447531FF2077300863F4D /* taco.png */,
				690447551FF2077300863F4D /* taco@2x.png */,
				690447571FF2077400863F4D /* waffle.png */,
				690447591FF2077500863F4D /* waffle@2x.png */,
				69FFDD211FE8FE40006BA988 /* rice.png */,
				69FFDD201FE8FE3F006BA988 /* rice@2x.png */,
				69FFDD241FE8FF1E006BA988 /* doughnut.png */,
				69FFDD271FE8FF1F006BA988 /* doughnut@2x.png */,
				69FFDD291FE8FF20006BA988 /* ice-cream.png */,
				69FFDD2D1FE8FF22006BA988 /* ice-cream@2x.png */,
				69FFDD2A1FE8FF20006BA988 /* info.png */,
				69FFDD2B1FE8FF21006BA988 /* info@2x.png */,
				69FFDD251FE8FF1E006BA988 /* noodles.png */,
				69FFDD281FE8FF20006BA988 /* noodles@2x.png */,
				69FFDD2C1FE8FF21006BA988 /* water.png */,
				69FFDD261FE8FF1F006BA988 /* water@2x.png */,
				6921E1071FEA5AB900048246 /* doughnut@3x.png */,
				6921E10A1FEA5ABA00048246 /* ice-cream@3x.png */,
				6921E10C1FEA5ABB00048246 /* info@3x.png */,
				6921E1091FEA5ABA00048246 /* noodles@3x.png */,
				6921E10B1FEA5ABB00048246 /* rice@3x.png */,
				6921E1081FEA5AB900048246 /* water@3x.png */,
			);
			path = "Food Type";
			sourceTree = "<group>";
		};
/* End PBXGroup section */

/* Begin PBXNativeTarget section */
		69C931541F502006007696BA /* Sauce&Sugar */ = {
			isa = PBXNativeTarget;
			buildConfigurationList = 69C931851F502006007696BA /* Build configuration list for PBXNativeTarget "Sauce&Sugar" */;
			buildPhases = (
				69C931511F502006007696BA /* Sources */,
				69C931521F502006007696BA /* Frameworks */,
				69C931531F502006007696BA /* Resources */,
			);
			buildRules = (
			);
			dependencies = (
			);
			name = "Sauce&Sugar";
			productName = "Sauce&Sugar";
			productReference = 69C931551F502006007696BA /* Sauce&Sugar.app */;
			productType = "com.apple.product-type.application";
		};
		69C931701F502006007696BA /* Sauce&SugarTests */ = {
			isa = PBXNativeTarget;
			buildConfigurationList = 69C931881F502006007696BA /* Build configuration list for PBXNativeTarget "Sauce&SugarTests" */;
			buildPhases = (
				69C9316D1F502006007696BA /* Sources */,
				69C9316E1F502006007696BA /* Frameworks */,
				69C9316F1F502006007696BA /* Resources */,
			);
			buildRules = (
			);
			dependencies = (
				69C931731F502006007696BA /* PBXTargetDependency */,
			);
			name = "Sauce&SugarTests";
			productName = "Sauce&SugarTests";
			productReference = 69C931711F502006007696BA /* Sauce&SugarTests.xctest */;
			productType = "com.apple.product-type.bundle.unit-test";
		};
		69C9317B1F502006007696BA /* Sauce&SugarUITests */ = {
			isa = PBXNativeTarget;
			buildConfigurationList = 69C9318B1F502006007696BA /* Build configuration list for PBXNativeTarget "Sauce&SugarUITests" */;
			buildPhases = (
				69C931781F502006007696BA /* Sources */,
				69C931791F502006007696BA /* Frameworks */,
				69C9317A1F502006007696BA /* Resources */,
			);
			buildRules = (
			);
			dependencies = (
				69C9317E1F502006007696BA /* PBXTargetDependency */,
			);
			name = "Sauce&SugarUITests";
			productName = "Sauce&SugarUITests";
			productReference = 69C9317C1F502006007696BA /* Sauce&SugarUITests.xctest */;
			productType = "com.apple.product-type.bundle.ui-testing";
		};
/* End PBXNativeTarget section */

/* Begin PBXProject section */
		69C9314D1F502006007696BA /* Project object */ = {
			isa = PBXProject;
			attributes = {
				KnownAssetTags = (
					New,
				);
				LastUpgradeCheck = 0900;
				ORGANIZATIONNAME = "Sauce&Sugar";
				TargetAttributes = {
					69C931541F502006007696BA = {
						CreatedOnToolsVersion = 8.3.3;
						DevelopmentTeam = EY77V5Z9AN;
						ProvisioningStyle = Automatic;
					};
					69C931701F502006007696BA = {
						CreatedOnToolsVersion = 8.3.3;
						DevelopmentTeam = EY77V5Z9AN;
						ProvisioningStyle = Automatic;
						TestTargetID = 69C931541F502006007696BA;
					};
					69C9317B1F502006007696BA = {
						CreatedOnToolsVersion = 8.3.3;
						DevelopmentTeam = EY77V5Z9AN;
						ProvisioningStyle = Automatic;
						TestTargetID = 69C931541F502006007696BA;
					};
				};
			};
			buildConfigurationList = 69C931501F502006007696BA /* Build configuration list for PBXProject "Sauce&Sugar" */;
			compatibilityVersion = "Xcode 3.2";
			developmentRegion = English;
			hasScannedForEncodings = 0;
			knownRegions = (
				en,
				Base,
			);
			mainGroup = 69C9314C1F502006007696BA;
			productRefGroup = 69C931561F502006007696BA /* Products */;
			projectDirPath = "";
			projectRoot = "";
			targets = (
				69C931541F502006007696BA /* Sauce&Sugar */,
				69C931701F502006007696BA /* Sauce&SugarTests */,
				69C9317B1F502006007696BA /* Sauce&SugarUITests */,
			);
		};
/* End PBXProject section */

/* Begin PBXResourcesBuildPhase section */
		69C931531F502006007696BA /* Resources */ = {
			isa = PBXResourcesBuildPhase;
			buildActionMask = 2147483647;
			files = (
				696F15111FD17FB3001300C6 /* user_profile.png in Resources */,
				696F150E1FD16CE2001300C6 /* restaurant.png in Resources */,
				696F151F1FD55990001300C6 /* login@2x.png in Resources */,
				6921E1181FECF1F000048246 /* store@3x.png in Resources */,
				696F15271FD5664E001300C6 /* list@2x.png in Resources */,
				6921E10F1FEA5ABB00048246 /* noodles@3x.png in Resources */,
				696F15341FD5682B001300C6 /* list-white.png in Resources */,
				6904475E1FF2077600863F4D /* soup@2x.png in Resources */,
				696F15121FD17FB3001300C6 /* user_profile@2x.png in Resources */,
				690447651FF2077600863F4D /* waffle.png in Resources */,
				69FFDD351FE8FF22006BA988 /* info@2x.png in Resources */,
				690447621FF2077600863F4D /* fried-egg.png in Resources */,
				69FFDD361FE8FF22006BA988 /* water.png in Resources */,
				696F15221FD559B1001300C6 /* add-friend@2x.png in Resources */,
				6921E1221FECF99600048246 /* food.png in Resources */,
				696F151A1FD55861001300C6 /* add-button.png in Resources */,
				696F151E1FD55990001300C6 /* login.png in Resources */,
				690447691FF2077600863F4D /* soup.png in Resources */,
				6921E1111FEA5ABB00048246 /* rice@3x.png in Resources */,
				6921E1101FEA5ABB00048246 /* ice-cream@3x.png in Resources */,
				690447681FF2077600863F4D /* steak@2x.png in Resources */,
				696F150A1FD16535001300C6 /* contract@2x.png in Resources */,
				696F15351FD5682B001300C6 /* list-white@2x.png in Resources */,
				69FFDCFE1FE5DC47006BA988 /* SearchTableUser.png in Resources */,
				696F15231FD559B1001300C6 /* add-friend.png in Resources */,
				6904476A1FF2077600863F4D /* salad.png in Resources */,
				696F151B1FD55861001300C6 /* add-button@2x.png in Resources */,
				69F39F4F1FBFED1100362888 /* GMapSearch.storyboard in Resources */,
				69FFDD341FE8FF22006BA988 /* info.png in Resources */,
				696F15371FD5682B001300C6 /* login-white@2x.png in Resources */,
				6921E1231FECF99600048246 /* food@3x.png in Resources */,
				698A0E031FA1B07800915313 /* slideMenu.storyboard in Resources */,
				696F15091FD16535001300C6 /* contract.png in Resources */,
				696F14FA1FD13804001300C6 /* stew.png in Resources */,
				6921E1241FECF99600048246 /* food@2x.png in Resources */,
				690447611FF2077600863F4D /* taco.png in Resources */,
				6921E1121FEA5ABB00048246 /* info@3x.png in Resources */,
				6921E10E1FEA5ABB00048246 /* water@3x.png in Resources */,
				690447631FF2077600863F4D /* taco@2x.png in Resources */,
				698A0E001FA1AFF800915313 /* searchTable.storyboard in Resources */,
				696F152A1FD56737001300C6 /* add-white.png in Resources */,
				69FFDD371FE8FF22006BA988 /* ice-cream@2x.png in Resources */,
				69162CCB1FB01CC100B7E853 /* GreenCheck.png in Resources */,
				690447641FF2077600863F4D /* burger@2x.png in Resources */,
				69FFDD001FE5DC47006BA988 /* star.png in Resources */,
				69F39F3D1FBEDC6500362888 /* GoogleMaps.bundle in Resources */,
				6904475F1FF2077600863F4D /* burger.png in Resources */,
				6921E1171FECF1F000048246 /* store.png in Resources */,
				696F15261FD5664E001300C6 /* list.png in Resources */,
				696F15331FD5682B001300C6 /* add-friend-white@2x.png in Resources */,
				690447661FF2077600863F4D /* fried-egg@2x.png in Resources */,
				69C9316B1F502006007696BA /* LaunchScreen.storyboard in Resources */,
				696F15361FD5682B001300C6 /* login-white.png in Resources */,
				696F15041FD1625D001300C6 /* user.png in Resources */,
				69FFDCF51FDE4722006BA988 /* checked.png in Resources */,
				69FFDD011FE5DC47006BA988 /* star@2x.png in Resources */,
				69FFDCF01FDE46C6006BA988 /* error@2x.png in Resources */,
				69F39F2D1FB65D2200362888 /* MainMenu.storyboard in Resources */,
				69C931681F502006007696BA /* Assets.xcassets in Resources */,
				696F152B1FD56737001300C6 /* add-white@2x.png in Resources */,
				6921E10D1FEA5ABB00048246 /* doughnut@3x.png in Resources */,
				690447601FF2077600863F4D /* salad@2x.png in Resources */,
				696F15321FD5682B001300C6 /* add-friend-white.png in Resources */,
				696F14F81FCFF328001300C6 /* menu.png in Resources */,
				69FFDD231FE8FE40006BA988 /* rice.png in Resources */,
				696F14F61FCFECF9001300C6 /* menu_icon-01.png in Resources */,
				6921E11E1FECF69E00048246 /* users@2x.png in Resources */,
				6904475D1FF2077600863F4D /* steak.png in Resources */,
				696F150D1FD16CE2001300C6 /* restaurant@2x.png in Resources */,
				69C931631F502006007696BA /* Main.storyboard in Resources */,
				698A0E061FA1B17F00915313 /* insertToDatabase.storyboard in Resources */,
				69FFDCF11FDE46C6006BA988 /* error.png in Resources */,
				69F39F351FBD911C00362888 /* AppStoreIcon1024.png in Resources */,
				69FFDD221FE8FE40006BA988 /* rice@2x.png in Resources */,
				69FFDD331FE8FF22006BA988 /* ice-cream.png in Resources */,
				69FFDCF81FDEA3E5006BA988 /* UserProfile.storyboard in Resources */,
				69FFDD311FE8FF22006BA988 /* doughnut@2x.png in Resources */,
				690447671FF2077600863F4D /* waffle@2x.png in Resources */,
				69FFDCF41FDE4722006BA988 /* checked@2x.png in Resources */,
				6921E11C1FECF69E00048246 /* users@3x.png in Resources */,
				69FFDD2F1FE8FF22006BA988 /* noodles.png in Resources */,
				69FFDD321FE8FF22006BA988 /* noodles@2x.png in Resources */,
				69FFDD301FE8FF22006BA988 /* water@2x.png in Resources */,
				69FFDCFF1FE5DC47006BA988 /* SearchTableUser@2x.png in Resources */,
				696F15051FD1625D001300C6 /* user@2x.png in Resources */,
				6921E1161FECF1F000048246 /* store@2x.png in Resources */,
				6921E11D1FECF69E00048246 /* users.png in Resources */,
				69FFDD2E1FE8FF22006BA988 /* doughnut.png in Resources */,
			);
			runOnlyForDeploymentPostprocessing = 0;
		};
		69C9316F1F502006007696BA /* Resources */ = {
			isa = PBXResourcesBuildPhase;
			buildActionMask = 2147483647;
			files = (
			);
			runOnlyForDeploymentPostprocessing = 0;
		};
		69C9317A1F502006007696BA /* Resources */ = {
			isa = PBXResourcesBuildPhase;
			buildActionMask = 2147483647;
			files = (
			);
			runOnlyForDeploymentPostprocessing = 0;
		};
/* End PBXResourcesBuildPhase section */

/* Begin PBXSourcesBuildPhase section */
		69C931511F502006007696BA /* Sources */ = {
			isa = PBXSourcesBuildPhase;
			buildActionMask = 2147483647;
			files = (
				6938F8A51F877AAE0079C555 /* rcShowItemsTableViewCell.m in Sources */,
				69F39F201FB5280F00362888 /* CreditsViewController.m in Sources */,
				69FFDD061FE79236006BA988 /* BlogViewController.m in Sources */,
				69C931B01F57E764007696BA /* AddToDatabase_ViewController.m in Sources */,
				69A0800D1F63EB0600651946 /* MainMenuButton.m in Sources */,
				696F153B1FD8DBD2001300C6 /* LoginViewController.m in Sources */,
				69C54F811F9AE13900C4005F /* SlideOutMenuViewController.m in Sources */,
				698A0E0A1FA53E3100915313 /* SelectFoodTypeTableViewController.m in Sources */,
				69F39F311FB67C5600362888 /* MainMenuTableViewController.m in Sources */,
				696F15161FD18067001300C6 /* UserProfileViewController.m in Sources */,
				69DE29071F74CA8200B0527E /* rcAzureDataTable.m in Sources */,
				698A0E0D1FA843FE00915313 /* LoadingScreenViewController.m in Sources */,
				6938F8A21F84AA130079C555 /* ShowItemsTableViewController.m in Sources */,
				69162CC71FAF329300B7E853 /* UIView+UIView_ViewAnimations.m in Sources */,
				69C9315D1F502006007696BA /* AppDelegate.m in Sources */,
				69DE290A1F7865D700B0527E /* AddUserViewController.m in Sources */,
				69F39F561FC0E7C400362888 /* ShowGMapViewController.m in Sources */,
				69E3EDBE1F7A2D4E00C0F787 /* rcAzureBlobContainer.m in Sources */,
				69C931661F502006007696BA /* Sauce_Sugar.xcdatamodeld in Sources */,
				69C9315A1F502006007696BA /* main.m in Sources */,
			);
			runOnlyForDeploymentPostprocessing = 0;
		};
		69C9316D1F502006007696BA /* Sources */ = {
			isa = PBXSourcesBuildPhase;
			buildActionMask = 2147483647;
			files = (
				69C931761F502006007696BA /* Sauce_SugarTests.m in Sources */,
			);
			runOnlyForDeploymentPostprocessing = 0;
		};
		69C931781F502006007696BA /* Sources */ = {
			isa = PBXSourcesBuildPhase;
			buildActionMask = 2147483647;
			files = (
				69C931811F502006007696BA /* Sauce_SugarUITests.m in Sources */,
			);
			runOnlyForDeploymentPostprocessing = 0;
		};
/* End PBXSourcesBuildPhase section */

/* Begin PBXTargetDependency section */
		69C931731F502006007696BA /* PBXTargetDependency */ = {
			isa = PBXTargetDependency;
			target = 69C931541F502006007696BA /* Sauce&Sugar */;
			targetProxy = 69C931721F502006007696BA /* PBXContainerItemProxy */;
		};
		69C9317E1F502006007696BA /* PBXTargetDependency */ = {
			isa = PBXTargetDependency;
			target = 69C931541F502006007696BA /* Sauce&Sugar */;
			targetProxy = 69C9317D1F502006007696BA /* PBXContainerItemProxy */;
		};
/* End PBXTargetDependency section */

/* Begin PBXVariantGroup section */
		698A0E011FA1B07800915313 /* slideMenu.storyboard */ = {
			isa = PBXVariantGroup;
			children = (
				698A0E021FA1B07800915313 /* Base */,
			);
			name = slideMenu.storyboard;
			sourceTree = "<group>";
		};
		69C931611F502006007696BA /* Main.storyboard */ = {
			isa = PBXVariantGroup;
			children = (
				69C931621F502006007696BA /* Base */,
			);
			name = Main.storyboard;
			sourceTree = "<group>";
		};
		69C931691F502006007696BA /* LaunchScreen.storyboard */ = {
			isa = PBXVariantGroup;
			children = (
				69C9316A1F502006007696BA /* Base */,
			);
			name = LaunchScreen.storyboard;
			sourceTree = "<group>";
		};
		69F39F4D1FBFED1100362888 /* GMapSearch.storyboard */ = {
			isa = PBXVariantGroup;
			children = (
				69F39F4E1FBFED1100362888 /* Base */,
			);
			name = GMapSearch.storyboard;
			sourceTree = "<group>";
		};
		69FFDCF61FDEA3E5006BA988 /* UserProfile.storyboard */ = {
			isa = PBXVariantGroup;
			children = (
				69FFDCF71FDEA3E5006BA988 /* Base */,
			);
			name = UserProfile.storyboard;
			sourceTree = "<group>";
		};
/* End PBXVariantGroup section */

/* Begin XCBuildConfiguration section */
		69C931831F502006007696BA /* Debug */ = {
			isa = XCBuildConfiguration;
			buildSettings = {
				ALWAYS_SEARCH_USER_PATHS = NO;
				CLANG_ANALYZER_NONNULL = YES;
				CLANG_ANALYZER_NUMBER_OBJECT_CONVERSION = YES_AGGRESSIVE;
				CLANG_CXX_LANGUAGE_STANDARD = "gnu++0x";
				CLANG_CXX_LIBRARY = "libc++";
				CLANG_ENABLE_MODULES = YES;
				CLANG_ENABLE_OBJC_ARC = YES;
				CLANG_WARN_BLOCK_CAPTURE_AUTORELEASING = YES;
				CLANG_WARN_BOOL_CONVERSION = YES;
				CLANG_WARN_COMMA = YES;
				CLANG_WARN_CONSTANT_CONVERSION = YES;
				CLANG_WARN_DIRECT_OBJC_ISA_USAGE = YES_ERROR;
				CLANG_WARN_DOCUMENTATION_COMMENTS = YES;
				CLANG_WARN_EMPTY_BODY = YES;
				CLANG_WARN_ENUM_CONVERSION = YES;
				CLANG_WARN_INFINITE_RECURSION = YES;
				CLANG_WARN_INT_CONVERSION = YES;
				CLANG_WARN_NON_LITERAL_NULL_CONVERSION = YES;
				CLANG_WARN_OBJC_LITERAL_CONVERSION = YES;
				CLANG_WARN_OBJC_ROOT_CLASS = YES_ERROR;
				CLANG_WARN_RANGE_LOOP_ANALYSIS = YES;
				CLANG_WARN_STRICT_PROTOTYPES = YES;
				CLANG_WARN_SUSPICIOUS_MOVE = YES;
				CLANG_WARN_UNREACHABLE_CODE = YES;
				CLANG_WARN__DUPLICATE_METHOD_MATCH = YES;
				"CODE_SIGN_IDENTITY[sdk=iphoneos*]" = "iPhone Developer";
				COPY_PHASE_STRIP = NO;
				DEBUG_INFORMATION_FORMAT = dwarf;
				ENABLE_STRICT_OBJC_MSGSEND = YES;
				ENABLE_TESTABILITY = YES;
				GCC_C_LANGUAGE_STANDARD = gnu99;
				GCC_DYNAMIC_NO_PIC = NO;
				GCC_NO_COMMON_BLOCKS = YES;
				GCC_OPTIMIZATION_LEVEL = 0;
				GCC_PREPROCESSOR_DEFINITIONS = (
					"DEBUG=1",
					"$(inherited)",
				);
				GCC_WARN_64_TO_32_BIT_CONVERSION = YES;
				GCC_WARN_ABOUT_RETURN_TYPE = YES_ERROR;
				GCC_WARN_UNDECLARED_SELECTOR = YES;
				GCC_WARN_UNINITIALIZED_AUTOS = YES_AGGRESSIVE;
				GCC_WARN_UNUSED_FUNCTION = YES;
				GCC_WARN_UNUSED_VARIABLE = YES;
				IPHONEOS_DEPLOYMENT_TARGET = 10.3;
				MTL_ENABLE_DEBUG_INFO = YES;
				ONLY_ACTIVE_ARCH = YES;
				SDKROOT = iphoneos;
			};
			name = Debug;
		};
		69C931841F502006007696BA /* Release */ = {
			isa = XCBuildConfiguration;
			buildSettings = {
				ALWAYS_SEARCH_USER_PATHS = NO;
				CLANG_ANALYZER_NONNULL = YES;
				CLANG_ANALYZER_NUMBER_OBJECT_CONVERSION = YES_AGGRESSIVE;
				CLANG_CXX_LANGUAGE_STANDARD = "gnu++0x";
				CLANG_CXX_LIBRARY = "libc++";
				CLANG_ENABLE_MODULES = YES;
				CLANG_ENABLE_OBJC_ARC = YES;
				CLANG_WARN_BLOCK_CAPTURE_AUTORELEASING = YES;
				CLANG_WARN_BOOL_CONVERSION = YES;
				CLANG_WARN_COMMA = YES;
				CLANG_WARN_CONSTANT_CONVERSION = YES;
				CLANG_WARN_DIRECT_OBJC_ISA_USAGE = YES_ERROR;
				CLANG_WARN_DOCUMENTATION_COMMENTS = YES;
				CLANG_WARN_EMPTY_BODY = YES;
				CLANG_WARN_ENUM_CONVERSION = YES;
				CLANG_WARN_INFINITE_RECURSION = YES;
				CLANG_WARN_INT_CONVERSION = YES;
				CLANG_WARN_NON_LITERAL_NULL_CONVERSION = YES;
				CLANG_WARN_OBJC_LITERAL_CONVERSION = YES;
				CLANG_WARN_OBJC_ROOT_CLASS = YES_ERROR;
				CLANG_WARN_RANGE_LOOP_ANALYSIS = YES;
				CLANG_WARN_STRICT_PROTOTYPES = YES;
				CLANG_WARN_SUSPICIOUS_MOVE = YES;
				CLANG_WARN_UNREACHABLE_CODE = YES;
				CLANG_WARN__DUPLICATE_METHOD_MATCH = YES;
				"CODE_SIGN_IDENTITY[sdk=iphoneos*]" = "iPhone Developer";
				COPY_PHASE_STRIP = NO;
				DEBUG_INFORMATION_FORMAT = "dwarf-with-dsym";
				ENABLE_NS_ASSERTIONS = NO;
				ENABLE_STRICT_OBJC_MSGSEND = YES;
				GCC_C_LANGUAGE_STANDARD = gnu99;
				GCC_NO_COMMON_BLOCKS = YES;
				GCC_WARN_64_TO_32_BIT_CONVERSION = YES;
				GCC_WARN_ABOUT_RETURN_TYPE = YES_ERROR;
				GCC_WARN_UNDECLARED_SELECTOR = YES;
				GCC_WARN_UNINITIALIZED_AUTOS = YES_AGGRESSIVE;
				GCC_WARN_UNUSED_FUNCTION = YES;
				GCC_WARN_UNUSED_VARIABLE = YES;
				IPHONEOS_DEPLOYMENT_TARGET = 10.3;
				MTL_ENABLE_DEBUG_INFO = NO;
				SDKROOT = iphoneos;
				VALIDATE_PRODUCT = YES;
			};
			name = Release;
		};
		69C931861F502006007696BA /* Debug */ = {
			isa = XCBuildConfiguration;
			buildSettings = {
				ASSETCATALOG_COMPILER_APPICON_NAME = AppIcon;
				DEVELOPMENT_TEAM = EY77V5Z9AN;
				FRAMEWORK_SEARCH_PATHS = (
					"$(inherited)",
					"$(PROJECT_DIR)/Sauce&Sugar",
					"$(PROJECT_DIR)",
				);
				INFOPLIST_FILE = "Sauce&Sugar/Info.plist";
				LD_RUNPATH_SEARCH_PATHS = "$(inherited) @executable_path/Frameworks";
				OTHER_LDFLAGS = "-ObjC";
				PRODUCT_BUNDLE_IDENTIFIER = "SS.Sauce-Sugar";
				PRODUCT_NAME = "$(TARGET_NAME)";
				TARGETED_DEVICE_FAMILY = 1;
			};
			name = Debug;
		};
		69C931871F502006007696BA /* Release */ = {
			isa = XCBuildConfiguration;
			buildSettings = {
				ASSETCATALOG_COMPILER_APPICON_NAME = AppIcon;
				DEVELOPMENT_TEAM = EY77V5Z9AN;
				FRAMEWORK_SEARCH_PATHS = (
					"$(inherited)",
					"$(PROJECT_DIR)/Sauce&Sugar",
					"$(PROJECT_DIR)",
				);
				INFOPLIST_FILE = "Sauce&Sugar/Info.plist";
				LD_RUNPATH_SEARCH_PATHS = "$(inherited) @executable_path/Frameworks";
				OTHER_LDFLAGS = "-ObjC";
				PRODUCT_BUNDLE_IDENTIFIER = "SS.Sauce-Sugar";
				PRODUCT_NAME = "$(TARGET_NAME)";
				TARGETED_DEVICE_FAMILY = 1;
			};
			name = Release;
		};
		69C931891F502006007696BA /* Debug */ = {
			isa = XCBuildConfiguration;
			buildSettings = {
				BUNDLE_LOADER = "$(TEST_HOST)";
				DEVELOPMENT_TEAM = EY77V5Z9AN;
				INFOPLIST_FILE = "Sauce&SugarTests/Info.plist";
				LD_RUNPATH_SEARCH_PATHS = "$(inherited) @executable_path/Frameworks @loader_path/Frameworks";
				PRODUCT_BUNDLE_IDENTIFIER = "SS.Sauce-SugarTests";
				PRODUCT_NAME = "$(TARGET_NAME)";
				TEST_HOST = "$(BUILT_PRODUCTS_DIR)/Sauce&Sugar.app/Sauce&Sugar";
			};
			name = Debug;
		};
		69C9318A1F502006007696BA /* Release */ = {
			isa = XCBuildConfiguration;
			buildSettings = {
				BUNDLE_LOADER = "$(TEST_HOST)";
				DEVELOPMENT_TEAM = EY77V5Z9AN;
				INFOPLIST_FILE = "Sauce&SugarTests/Info.plist";
				LD_RUNPATH_SEARCH_PATHS = "$(inherited) @executable_path/Frameworks @loader_path/Frameworks";
				PRODUCT_BUNDLE_IDENTIFIER = "SS.Sauce-SugarTests";
				PRODUCT_NAME = "$(TARGET_NAME)";
				TEST_HOST = "$(BUILT_PRODUCTS_DIR)/Sauce&Sugar.app/Sauce&Sugar";
			};
			name = Release;
		};
		69C9318C1F502006007696BA /* Debug */ = {
			isa = XCBuildConfiguration;
			buildSettings = {
				DEVELOPMENT_TEAM = EY77V5Z9AN;
				INFOPLIST_FILE = "Sauce&SugarUITests/Info.plist";
				LD_RUNPATH_SEARCH_PATHS = "$(inherited) @executable_path/Frameworks @loader_path/Frameworks";
				PRODUCT_BUNDLE_IDENTIFIER = "SS.Sauce-SugarUITests";
				PRODUCT_NAME = "$(TARGET_NAME)";
				TEST_TARGET_NAME = "Sauce&Sugar";
			};
			name = Debug;
		};
		69C9318D1F502006007696BA /* Release */ = {
			isa = XCBuildConfiguration;
			buildSettings = {
				DEVELOPMENT_TEAM = EY77V5Z9AN;
				INFOPLIST_FILE = "Sauce&SugarUITests/Info.plist";
				LD_RUNPATH_SEARCH_PATHS = "$(inherited) @executable_path/Frameworks @loader_path/Frameworks";
				PRODUCT_BUNDLE_IDENTIFIER = "SS.Sauce-SugarUITests";
				PRODUCT_NAME = "$(TARGET_NAME)";
				TEST_TARGET_NAME = "Sauce&Sugar";
			};
			name = Release;
		};
/* End XCBuildConfiguration section */

/* Begin XCConfigurationList section */
		69C931501F502006007696BA /* Build configuration list for PBXProject "Sauce&Sugar" */ = {
			isa = XCConfigurationList;
			buildConfigurations = (
				69C931831F502006007696BA /* Debug */,
				69C931841F502006007696BA /* Release */,
			);
			defaultConfigurationIsVisible = 0;
			defaultConfigurationName = Release;
		};
		69C931851F502006007696BA /* Build configuration list for PBXNativeTarget "Sauce&Sugar" */ = {
			isa = XCConfigurationList;
			buildConfigurations = (
				69C931861F502006007696BA /* Debug */,
				69C931871F502006007696BA /* Release */,
			);
			defaultConfigurationIsVisible = 0;
			defaultConfigurationName = Release;
		};
		69C931881F502006007696BA /* Build configuration list for PBXNativeTarget "Sauce&SugarTests" */ = {
			isa = XCConfigurationList;
			buildConfigurations = (
				69C931891F502006007696BA /* Debug */,
				69C9318A1F502006007696BA /* Release */,
			);
			defaultConfigurationIsVisible = 0;
			defaultConfigurationName = Release;
		};
		69C9318B1F502006007696BA /* Build configuration list for PBXNativeTarget "Sauce&SugarUITests" */ = {
			isa = XCConfigurationList;
			buildConfigurations = (
				69C9318C1F502006007696BA /* Debug */,
				69C9318D1F502006007696BA /* Release */,
			);
			defaultConfigurationIsVisible = 0;
			defaultConfigurationName = Release;
		};
/* End XCConfigurationList section */

/* Begin XCVersionGroup section */
		69C931641F502006007696BA /* Sauce_Sugar.xcdatamodeld */ = {
			isa = XCVersionGroup;
			children = (
				69C931651F502006007696BA /* Sauce_Sugar.xcdatamodel */,
			);
			currentVersion = 69C931651F502006007696BA /* Sauce_Sugar.xcdatamodel */;
			path = Sauce_Sugar.xcdatamodeld;
			sourceTree = "<group>";
			versionGroupType = wrapper.xcdatamodel;
		};
/* End XCVersionGroup section */
	};
	rootObject = 69C9314D1F502006007696BA /* Project object */;
}
