// !$*UTF8*$!
{
	archiveVersion = 1;
	classes = {
	};
	objectVersion = 46;
	objects = {

/* Begin PBXBuildFile section */
		69A07FF31F5AA20400651946 /* MicrosoftAzureMobile.framework in Frameworks */ = {isa = PBXBuildFile; fileRef = 69A07FF21F5AA20400651946 /* MicrosoftAzureMobile.framework */; };
		69A07FF51F5AA2A300651946 /* SafariServices.framework in Frameworks */ = {isa = PBXBuildFile; fileRef = 69A07FF41F5AA2A300651946 /* SafariServices.framework */; };
		69A07FF71F5AA2B100651946 /* WebKit.framework in Frameworks */ = {isa = PBXBuildFile; fileRef = 69A07FF61F5AA2B100651946 /* WebKit.framework */; };
		69A07FF91F5D2D9800651946 /* AZSClient.framework in Frameworks */ = {isa = PBXBuildFile; fileRef = 69A07FF81F5D2D9800651946 /* AZSClient.framework */; };
		69A07FFB1F5D2E0200651946 /* libxml2.2.tbd in Frameworks */ = {isa = PBXBuildFile; fileRef = 69A07FFA1F5D2E0200651946 /* libxml2.2.tbd */; };
		69A07FFE1F5D359000651946 /* AzureBlobStorage.m in Sources */ = {isa = PBXBuildFile; fileRef = 69A07FFD1F5D359000651946 /* AzureBlobStorage.m */; };
		69A080011F5D35E900651946 /* sdds.m in Sources */ = {isa = PBXBuildFile; fileRef = 69A080001F5D35E900651946 /* sdds.m */; };
		69A080041F5E2AEE00651946 /* IMAG3191.jpg in Resources */ = {isa = PBXBuildFile; fileRef = 69A080031F5E2AEE00651946 /* IMAG3191.jpg */; };
		69A080061F5E2AFC00651946 /* IMAG3285.jpg in Resources */ = {isa = PBXBuildFile; fileRef = 69A080051F5E2AFC00651946 /* IMAG3285.jpg */; };
		69A080081F5E2B2600651946 /* IMAG3522.jpg in Resources */ = {isa = PBXBuildFile; fileRef = 69A080071F5E2B2600651946 /* IMAG3522.jpg */; };
		69C9315A1F502006007696BA /* main.m in Sources */ = {isa = PBXBuildFile; fileRef = 69C931591F502006007696BA /* main.m */; };
		69C9315D1F502006007696BA /* AppDelegate.m in Sources */ = {isa = PBXBuildFile; fileRef = 69C9315C1F502006007696BA /* AppDelegate.m */; };
		69C931601F502006007696BA /* ViewController.m in Sources */ = {isa = PBXBuildFile; fileRef = 69C9315F1F502006007696BA /* ViewController.m */; };
		69C931631F502006007696BA /* Main.storyboard in Resources */ = {isa = PBXBuildFile; fileRef = 69C931611F502006007696BA /* Main.storyboard */; };
		69C931661F502006007696BA /* Sauce_Sugar.xcdatamodeld in Sources */ = {isa = PBXBuildFile; fileRef = 69C931641F502006007696BA /* Sauce_Sugar.xcdatamodeld */; };
		69C931681F502006007696BA /* Assets.xcassets in Resources */ = {isa = PBXBuildFile; fileRef = 69C931671F502006007696BA /* Assets.xcassets */; };
		69C9316B1F502006007696BA /* LaunchScreen.storyboard in Resources */ = {isa = PBXBuildFile; fileRef = 69C931691F502006007696BA /* LaunchScreen.storyboard */; };
		69C931761F502006007696BA /* Sauce_SugarTests.m in Sources */ = {isa = PBXBuildFile; fileRef = 69C931751F502006007696BA /* Sauce_SugarTests.m */; };
		69C931811F502006007696BA /* Sauce_SugarUITests.m in Sources */ = {isa = PBXBuildFile; fileRef = 69C931801F502006007696BA /* Sauce_SugarUITests.m */; };
		69C931A21F53721F007696BA /* MapViewController.m in Sources */ = {isa = PBXBuildFile; fileRef = 69C931A11F53721F007696BA /* MapViewController.m */; };
		69C931A51F53725C007696BA /* Location.m in Sources */ = {isa = PBXBuildFile; fileRef = 69C931A41F53725C007696BA /* Location.m */; };
		69C931A81F537272007696BA /* LocationDataController.m in Sources */ = {isa = PBXBuildFile; fileRef = 69C931A71F537272007696BA /* LocationDataController.m */; };
		69C931AA1F5374E9007696BA /* abc.png in Resources */ = {isa = PBXBuildFile; fileRef = 69C931A91F5374E9007696BA /* abc.png */; };
		69C931AD1F53788A007696BA /* MapKit.framework in Frameworks */ = {isa = PBXBuildFile; fileRef = 69C931AC1F53788A007696BA /* MapKit.framework */; };
		69C931B01F57E764007696BA /* AddToDatabase_ViewController.m in Sources */ = {isa = PBXBuildFile; fileRef = 69C931AF1F57E764007696BA /* AddToDatabase_ViewController.m */; };
/* End PBXBuildFile section */

/* Begin PBXContainerItemProxy section */
		69C931721F502006007696BA /* PBXContainerItemProxy */ = {
			isa = PBXContainerItemProxy;
			containerPortal = 69C9314D1F502006007696BA /* Project object */;
			proxyType = 1;
			remoteGlobalIDString = 69C931541F502006007696BA;
			remoteInfo = "Sauce&Sugar";
		};
		69C9317D1F502006007696BA /* PBXContainerItemProxy */ = {
			isa = PBXContainerItemProxy;
			containerPortal = 69C9314D1F502006007696BA /* Project object */;
			proxyType = 1;
			remoteGlobalIDString = 69C931541F502006007696BA;
			remoteInfo = "Sauce&Sugar";
		};
/* End PBXContainerItemProxy section */

/* Begin PBXFileReference section */
		69A07FF21F5AA20400651946 /* MicrosoftAzureMobile.framework */ = {isa = PBXFileReference; lastKnownFileType = wrapper.framework; name = MicrosoftAzureMobile.framework; path = "Sauce&Sugar/MicrosoftAzureMobile.framework"; sourceTree = "<group>"; };
		69A07FF41F5AA2A300651946 /* SafariServices.framework */ = {isa = PBXFileReference; lastKnownFileType = wrapper.framework; name = SafariServices.framework; path = System/Library/Frameworks/SafariServices.framework; sourceTree = SDKROOT; };
		69A07FF61F5AA2B100651946 /* WebKit.framework */ = {isa = PBXFileReference; lastKnownFileType = wrapper.framework; name = WebKit.framework; path = System/Library/Frameworks/WebKit.framework; sourceTree = SDKROOT; };
		69A07FF81F5D2D9800651946 /* AZSClient.framework */ = {isa = PBXFileReference; lastKnownFileType = wrapper.framework; path = AZSClient.framework; sourceTree = "<group>"; };
		69A07FFA1F5D2E0200651946 /* libxml2.2.tbd */ = {isa = PBXFileReference; lastKnownFileType = "sourcecode.text-based-dylib-definition"; name = libxml2.2.tbd; path = usr/lib/libxml2.2.tbd; sourceTree = SDKROOT; };
		69A07FFD1F5D359000651946 /* AzureBlobStorage.m */ = {isa = PBXFileReference; fileEncoding = 4; lastKnownFileType = sourcecode.c.objc; path = AzureBlobStorage.m; sourceTree = "<group>"; };
		69A07FFF1F5D35E900651946 /* sdds.h */ = {isa = PBXFileReference; fileEncoding = 4; lastKnownFileType = sourcecode.c.h; path = sdds.h; sourceTree = "<group>"; };
		69A080001F5D35E900651946 /* sdds.m */ = {isa = PBXFileReference; fileEncoding = 4; lastKnownFileType = sourcecode.c.objc; path = sdds.m; sourceTree = "<group>"; };
		69A080031F5E2AEE00651946 /* IMAG3191.jpg */ = {isa = PBXFileReference; lastKnownFileType = image.jpeg; path = IMAG3191.jpg; sourceTree = "<group>"; };
		69A080051F5E2AFC00651946 /* IMAG3285.jpg */ = {isa = PBXFileReference; lastKnownFileType = image.jpeg; path = IMAG3285.jpg; sourceTree = "<group>"; };
		69A080071F5E2B2600651946 /* IMAG3522.jpg */ = {isa = PBXFileReference; lastKnownFileType = image.jpeg; path = IMAG3522.jpg; sourceTree = "<group>"; };
		69C931551F502006007696BA /* Sauce&Sugar.app */ = {isa = PBXFileReference; explicitFileType = wrapper.application; includeInIndex = 0; path = "Sauce&Sugar.app"; sourceTree = BUILT_PRODUCTS_DIR; };
		69C931591F502006007696BA /* main.m */ = {isa = PBXFileReference; lastKnownFileType = sourcecode.c.objc; path = main.m; sourceTree = "<group>"; };
		69C9315B1F502006007696BA /* AppDelegate.h */ = {isa = PBXFileReference; lastKnownFileType = sourcecode.c.h; path = AppDelegate.h; sourceTree = "<group>"; };
		69C9315C1F502006007696BA /* AppDelegate.m */ = {isa = PBXFileReference; lastKnownFileType = sourcecode.c.objc; path = AppDelegate.m; sourceTree = "<group>"; };
		69C9315E1F502006007696BA /* ViewController.h */ = {isa = PBXFileReference; lastKnownFileType = sourcecode.c.h; path = ViewController.h; sourceTree = "<group>"; };
		69C9315F1F502006007696BA /* ViewController.m */ = {isa = PBXFileReference; lastKnownFileType = sourcecode.c.objc; path = ViewController.m; sourceTree = "<group>"; };
		69C931621F502006007696BA /* Base */ = {isa = PBXFileReference; lastKnownFileType = file.storyboard; name = Base; path = Base.lproj/Main.storyboard; sourceTree = "<group>"; };
		69C931651F502006007696BA /* Sauce_Sugar.xcdatamodel */ = {isa = PBXFileReference; lastKnownFileType = wrapper.xcdatamodel; path = Sauce_Sugar.xcdatamodel; sourceTree = "<group>"; };
		69C931671F502006007696BA /* Assets.xcassets */ = {isa = PBXFileReference; lastKnownFileType = folder.assetcatalog; path = Assets.xcassets; sourceTree = "<group>"; };
		69C9316A1F502006007696BA /* Base */ = {isa = PBXFileReference; lastKnownFileType = file.storyboard; name = Base; path = Base.lproj/LaunchScreen.storyboard; sourceTree = "<group>"; };
		69C9316C1F502006007696BA /* Info.plist */ = {isa = PBXFileReference; lastKnownFileType = text.plist.xml; path = Info.plist; sourceTree = "<group>"; };
		69C931711F502006007696BA /* Sauce&SugarTests.xctest */ = {isa = PBXFileReference; explicitFileType = wrapper.cfbundle; includeInIndex = 0; path = "Sauce&SugarTests.xctest"; sourceTree = BUILT_PRODUCTS_DIR; };
		69C931751F502006007696BA /* Sauce_SugarTests.m */ = {isa = PBXFileReference; lastKnownFileType = sourcecode.c.objc; path = Sauce_SugarTests.m; sourceTree = "<group>"; };
		69C931771F502006007696BA /* Info.plist */ = {isa = PBXFileReference; lastKnownFileType = text.plist.xml; path = Info.plist; sourceTree = "<group>"; };
		69C9317C1F502006007696BA /* Sauce&SugarUITests.xctest */ = {isa = PBXFileReference; explicitFileType = wrapper.cfbundle; includeInIndex = 0; path = "Sauce&SugarUITests.xctest"; sourceTree = BUILT_PRODUCTS_DIR; };
		69C931801F502006007696BA /* Sauce_SugarUITests.m */ = {isa = PBXFileReference; lastKnownFileType = sourcecode.c.objc; path = Sauce_SugarUITests.m; sourceTree = "<group>"; };
		69C931821F502006007696BA /* Info.plist */ = {isa = PBXFileReference; lastKnownFileType = text.plist.xml; path = Info.plist; sourceTree = "<group>"; };
		69C931A01F53721F007696BA /* MapViewController.h */ = {isa = PBXFileReference; fileEncoding = 4; lastKnownFileType = sourcecode.c.h; path = MapViewController.h; sourceTree = "<group>"; };
		69C931A11F53721F007696BA /* MapViewController.m */ = {isa = PBXFileReference; fileEncoding = 4; lastKnownFileType = sourcecode.c.objc; path = MapViewController.m; sourceTree = "<group>"; };
		69C931A31F53725C007696BA /* Location.h */ = {isa = PBXFileReference; fileEncoding = 4; lastKnownFileType = sourcecode.c.h; path = Location.h; sourceTree = "<group>"; };
		69C931A41F53725C007696BA /* Location.m */ = {isa = PBXFileReference; fileEncoding = 4; lastKnownFileType = sourcecode.c.objc; path = Location.m; sourceTree = "<group>"; };
		69C931A61F537272007696BA /* LocationDataController.h */ = {isa = PBXFileReference; fileEncoding = 4; lastKnownFileType = sourcecode.c.h; path = LocationDataController.h; sourceTree = "<group>"; };
		69C931A71F537272007696BA /* LocationDataController.m */ = {isa = PBXFileReference; fileEncoding = 4; lastKnownFileType = sourcecode.c.objc; path = LocationDataController.m; sourceTree = "<group>"; };
		69C931A91F5374E9007696BA /* abc.png */ = {isa = PBXFileReference; lastKnownFileType = image.png; path = abc.png; sourceTree = "<group>"; };
		69C931AC1F53788A007696BA /* MapKit.framework */ = {isa = PBXFileReference; lastKnownFileType = wrapper.framework; name = MapKit.framework; path = System/Library/Frameworks/MapKit.framework; sourceTree = SDKROOT; };
		69C931AE1F57E764007696BA /* AddToDatabase_ViewController.h */ = {isa = PBXFileReference; fileEncoding = 4; lastKnownFileType = sourcecode.c.h; path = AddToDatabase_ViewController.h; sourceTree = "<group>"; };
		69C931AF1F57E764007696BA /* AddToDatabase_ViewController.m */ = {isa = PBXFileReference; fileEncoding = 4; lastKnownFileType = sourcecode.c.objc; path = AddToDatabase_ViewController.m; sourceTree = "<group>"; };
/* End PBXFileReference section */

/* Begin PBXFrameworksBuildPhase section */
		69C931521F502006007696BA /* Frameworks */ = {
			isa = PBXFrameworksBuildPhase;
			buildActionMask = 2147483647;
			files = (
				69A07FFB1F5D2E0200651946 /* libxml2.2.tbd in Frameworks */,
				69A07FF71F5AA2B100651946 /* WebKit.framework in Frameworks */,
				69A07FF51F5AA2A300651946 /* SafariServices.framework in Frameworks */,
				69A07FF31F5AA20400651946 /* MicrosoftAzureMobile.framework in Frameworks */,
				69A07FF91F5D2D9800651946 /* AZSClient.framework in Frameworks */,
				69C931AD1F53788A007696BA /* MapKit.framework in Frameworks */,
			);
			runOnlyForDeploymentPostprocessing = 0;
		};
		69C9316E1F502006007696BA /* Frameworks */ = {
			isa = PBXFrameworksBuildPhase;
			buildActionMask = 2147483647;
			files = (
			);
			runOnlyForDeploymentPostprocessing = 0;
		};
		69C931791F502006007696BA /* Frameworks */ = {
			isa = PBXFrameworksBuildPhase;
			buildActionMask = 2147483647;
			files = (
			);
			runOnlyForDeploymentPostprocessing = 0;
		};
/* End PBXFrameworksBuildPhase section */

/* Begin PBXGroup section */
		69A07FFC1F5D353E00651946 /* Model */ = {
			isa = PBXGroup;
			children = (
				69A07FFD1F5D359000651946 /* AzureBlobStorage.m */,
				69A07FFF1F5D35E900651946 /* sdds.h */,
				69A080001F5D35E900651946 /* sdds.m */,
			);
			name = Model;
			sourceTree = "<group>";
		};
		69A080021F5E2AD900651946 /* ImagesResource */ = {
			isa = PBXGroup;
			children = (
				69A080031F5E2AEE00651946 /* IMAG3191.jpg */,
				69A080051F5E2AFC00651946 /* IMAG3285.jpg */,
				69A080071F5E2B2600651946 /* IMAG3522.jpg */,
			);
			name = ImagesResource;
			sourceTree = "<group>";
		};
		69C9314C1F502006007696BA = {
			isa = PBXGroup;
			children = (
				69C931571F502006007696BA /* Sauce&Sugar */,
				69C931741F502006007696BA /* Sauce&SugarTests */,
				69C9317F1F502006007696BA /* Sauce&SugarUITests */,
				69C931561F502006007696BA /* Products */,
				69C931AB1F53788A007696BA /* Frameworks */,
			);
			sourceTree = "<group>";
		};
		69C931561F502006007696BA /* Products */ = {
			isa = PBXGroup;
			children = (
				69C931551F502006007696BA /* Sauce&Sugar.app */,
				69C931711F502006007696BA /* Sauce&SugarTests.xctest */,
				69C9317C1F502006007696BA /* Sauce&SugarUITests.xctest */,
			);
			name = Products;
			sourceTree = "<group>";
		};
		69C931571F502006007696BA /* Sauce&Sugar */ = {
			isa = PBXGroup;
			children = (
				69A080021F5E2AD900651946 /* ImagesResource */,
				69A07FFC1F5D353E00651946 /* Model */,
				69C9315B1F502006007696BA /* AppDelegate.h */,
				69C9315C1F502006007696BA /* AppDelegate.m */,
				69C9315E1F502006007696BA /* ViewController.h */,
				69C9315F1F502006007696BA /* ViewController.m */,
				69C931611F502006007696BA /* Main.storyboard */,
				69C931671F502006007696BA /* Assets.xcassets */,
				69C931691F502006007696BA /* LaunchScreen.storyboard */,
				69C9316C1F502006007696BA /* Info.plist */,
				69C931641F502006007696BA /* Sauce_Sugar.xcdatamodeld */,
				69C931581F502006007696BA /* Supporting Files */,
				69C931A01F53721F007696BA /* MapViewController.h */,
				69C931A11F53721F007696BA /* MapViewController.m */,
				69C931A31F53725C007696BA /* Location.h */,
				69C931A41F53725C007696BA /* Location.m */,
				69C931A61F537272007696BA /* LocationDataController.h */,
				69C931A71F537272007696BA /* LocationDataController.m */,
				69C931AE1F57E764007696BA /* AddToDatabase_ViewController.h */,
				69C931AF1F57E764007696BA /* AddToDatabase_ViewController.m */,
				69C931A91F5374E9007696BA /* abc.png */,
			);
			path = "Sauce&Sugar";
			sourceTree = "<group>";
		};
		69C931581F502006007696BA /* Supporting Files */ = {
			isa = PBXGroup;
			children = (
				69C931591F502006007696BA /* main.m */,
			);
			name = "Supporting Files";
			sourceTree = "<group>";
		};
		69C931741F502006007696BA /* Sauce&SugarTests */ = {
			isa = PBXGroup;
			children = (
				69C931751F502006007696BA /* Sauce_SugarTests.m */,
				69C931771F502006007696BA /* Info.plist */,
			);
			path = "Sauce&SugarTests";
			sourceTree = "<group>";
		};
		69C9317F1F502006007696BA /* Sauce&SugarUITests */ = {
			isa = PBXGroup;
			children = (
				69C931801F502006007696BA /* Sauce_SugarUITests.m */,
				69C931821F502006007696BA /* Info.plist */,
			);
			path = "Sauce&SugarUITests";
			sourceTree = "<group>";
		};
		69C931AB1F53788A007696BA /* Frameworks */ = {
			isa = PBXGroup;
			children = (
				69A07FFA1F5D2E0200651946 /* libxml2.2.tbd */,
				69A07FF81F5D2D9800651946 /* AZSClient.framework */,
				69A07FF61F5AA2B100651946 /* WebKit.framework */,
				69A07FF41F5AA2A300651946 /* SafariServices.framework */,
				69A07FF21F5AA20400651946 /* MicrosoftAzureMobile.framework */,
				69C931AC1F53788A007696BA /* MapKit.framework */,
			);
			name = Frameworks;
			sourceTree = "<group>";
		};
/* End PBXGroup section */

/* Begin PBXNativeTarget section */
		69C931541F502006007696BA /* Sauce&Sugar */ = {
			isa = PBXNativeTarget;
			buildConfigurationList = 69C931851F502006007696BA /* Build configuration list for PBXNativeTarget "Sauce&Sugar" */;
			buildPhases = (
				69C931511F502006007696BA /* Sources */,
				69C931521F502006007696BA /* Frameworks */,
				69C931531F502006007696BA /* Resources */,
			);
			buildRules = (
			);
			dependencies = (
			);
			name = "Sauce&Sugar";
			productName = "Sauce&Sugar";
			productReference = 69C931551F502006007696BA /* Sauce&Sugar.app */;
			productType = "com.apple.product-type.application";
		};
		69C931701F502006007696BA /* Sauce&SugarTests */ = {
			isa = PBXNativeTarget;
			buildConfigurationList = 69C931881F502006007696BA /* Build configuration list for PBXNativeTarget "Sauce&SugarTests" */;
			buildPhases = (
				69C9316D1F502006007696BA /* Sources */,
				69C9316E1F502006007696BA /* Frameworks */,
				69C9316F1F502006007696BA /* Resources */,
			);
			buildRules = (
			);
			dependencies = (
				69C931731F502006007696BA /* PBXTargetDependency */,
			);
			name = "Sauce&SugarTests";
			productName = "Sauce&SugarTests";
			productReference = 69C931711F502006007696BA /* Sauce&SugarTests.xctest */;
			productType = "com.apple.product-type.bundle.unit-test";
		};
		69C9317B1F502006007696BA /* Sauce&SugarUITests */ = {
			isa = PBXNativeTarget;
			buildConfigurationList = 69C9318B1F502006007696BA /* Build configuration list for PBXNativeTarget "Sauce&SugarUITests" */;
			buildPhases = (
				69C931781F502006007696BA /* Sources */,
				69C931791F502006007696BA /* Frameworks */,
				69C9317A1F502006007696BA /* Resources */,
			);
			buildRules = (
			);
			dependencies = (
				69C9317E1F502006007696BA /* PBXTargetDependency */,
			);
			name = "Sauce&SugarUITests";
			productName = "Sauce&SugarUITests";
			productReference = 69C9317C1F502006007696BA /* Sauce&SugarUITests.xctest */;
			productType = "com.apple.product-type.bundle.ui-testing";
		};
/* End PBXNativeTarget section */

/* Begin PBXProject section */
		69C9314D1F502006007696BA /* Project object */ = {
			isa = PBXProject;
			attributes = {
				LastUpgradeCheck = 0830;
				ORGANIZATIONNAME = "Sauce&Sugar";
				TargetAttributes = {
					69C931541F502006007696BA = {
						CreatedOnToolsVersion = 8.3.3;
						ProvisioningStyle = Automatic;
					};
					69C931701F502006007696BA = {
						CreatedOnToolsVersion = 8.3.3;
						DevelopmentTeam = EY77V5Z9AN;
						ProvisioningStyle = Automatic;
						TestTargetID = 69C931541F502006007696BA;
					};
					69C9317B1F502006007696BA = {
						CreatedOnToolsVersion = 8.3.3;
						DevelopmentTeam = EY77V5Z9AN;
						ProvisioningStyle = Automatic;
						TestTargetID = 69C931541F502006007696BA;
					};
				};
			};
			buildConfigurationList = 69C931501F502006007696BA /* Build configuration list for PBXProject "Sauce&Sugar" */;
			compatibilityVersion = "Xcode 3.2";
			developmentRegion = English;
			hasScannedForEncodings = 0;
			knownRegions = (
				en,
				Base,
			);
			mainGroup = 69C9314C1F502006007696BA;
			productRefGroup = 69C931561F502006007696BA /* Products */;
			projectDirPath = "";
			projectRoot = "";
			targets = (
				69C931541F502006007696BA /* Sauce&Sugar */,
				69C931701F502006007696BA /* Sauce&SugarTests */,
				69C9317B1F502006007696BA /* Sauce&SugarUITests */,
			);
		};
/* End PBXProject section */

/* Begin PBXResourcesBuildPhase section */
		69C931531F502006007696BA /* Resources */ = {
			isa = PBXResourcesBuildPhase;
			buildActionMask = 2147483647;
			files = (
				69A080041F5E2AEE00651946 /* IMAG3191.jpg in Resources */,
				69A080061F5E2AFC00651946 /* IMAG3285.jpg in Resources */,
				69A080081F5E2B2600651946 /* IMAG3522.jpg in Resources */,
				69C931AA1F5374E9007696BA /* abc.png in Resources */,
				69C9316B1F502006007696BA /* LaunchScreen.storyboard in Resources */,
				69C931681F502006007696BA /* Assets.xcassets in Resources */,
				69C931631F502006007696BA /* Main.storyboard in Resources */,
			);
			runOnlyForDeploymentPostprocessing = 0;
		};
		69C9316F1F502006007696BA /* Resources */ = {
			isa = PBXResourcesBuildPhase;
			buildActionMask = 2147483647;
			files = (
			);
			runOnlyForDeploymentPostprocessing = 0;
		};
		69C9317A1F502006007696BA /* Resources */ = {
			isa = PBXResourcesBuildPhase;
			buildActionMask = 2147483647;
			files = (
			);
			runOnlyForDeploymentPostprocessing = 0;
		};
/* End PBXResourcesBuildPhase section */

/* Begin PBXSourcesBuildPhase section */
		69C931511F502006007696BA /* Sources */ = {
			isa = PBXSourcesBuildPhase;
			buildActionMask = 2147483647;
			files = (
				69C931B01F57E764007696BA /* AddToDatabase_ViewController.m in Sources */,
				69C931A81F537272007696BA /* LocationDataController.m in Sources */,
				69C931601F502006007696BA /* ViewController.m in Sources */,
				69C931A21F53721F007696BA /* MapViewController.m in Sources */,
				69A07FFE1F5D359000651946 /* AzureBlobStorage.m in Sources */,
				69A080011F5D35E900651946 /* sdds.m in Sources */,
				69C931A51F53725C007696BA /* Location.m in Sources */,
				69C9315D1F502006007696BA /* AppDelegate.m in Sources */,
				69C931661F502006007696BA /* Sauce_Sugar.xcdatamodeld in Sources */,
				69C9315A1F502006007696BA /* main.m in Sources */,
			);
			runOnlyForDeploymentPostprocessing = 0;
		};
		69C9316D1F502006007696BA /* Sources */ = {
			isa = PBXSourcesBuildPhase;
			buildActionMask = 2147483647;
			files = (
				69C931761F502006007696BA /* Sauce_SugarTests.m in Sources */,
			);
			runOnlyForDeploymentPostprocessing = 0;
		};
		69C931781F502006007696BA /* Sources */ = {
			isa = PBXSourcesBuildPhase;
			buildActionMask = 2147483647;
			files = (
				69C931811F502006007696BA /* Sauce_SugarUITests.m in Sources */,
			);
			runOnlyForDeploymentPostprocessing = 0;
		};
/* End PBXSourcesBuildPhase section */

/* Begin PBXTargetDependency section */
		69C931731F502006007696BA /* PBXTargetDependency */ = {
			isa = PBXTargetDependency;
			target = 69C931541F502006007696BA /* Sauce&Sugar */;
			targetProxy = 69C931721F502006007696BA /* PBXContainerItemProxy */;
		};
		69C9317E1F502006007696BA /* PBXTargetDependency */ = {
			isa = PBXTargetDependency;
			target = 69C931541F502006007696BA /* Sauce&Sugar */;
			targetProxy = 69C9317D1F502006007696BA /* PBXContainerItemProxy */;
		};
/* End PBXTargetDependency section */

/* Begin PBXVariantGroup section */
		69C931611F502006007696BA /* Main.storyboard */ = {
			isa = PBXVariantGroup;
			children = (
				69C931621F502006007696BA /* Base */,
			);
			name = Main.storyboard;
			sourceTree = "<group>";
		};
		69C931691F502006007696BA /* LaunchScreen.storyboard */ = {
			isa = PBXVariantGroup;
			children = (
				69C9316A1F502006007696BA /* Base */,
			);
			name = LaunchScreen.storyboard;
			sourceTree = "<group>";
		};
/* End PBXVariantGroup section */

/* Begin XCBuildConfiguration section */
		69C931831F502006007696BA /* Debug */ = {
			isa = XCBuildConfiguration;
			buildSettings = {
				ALWAYS_SEARCH_USER_PATHS = NO;
				CLANG_ANALYZER_NONNULL = YES;
				CLANG_ANALYZER_NUMBER_OBJECT_CONVERSION = YES_AGGRESSIVE;
				CLANG_CXX_LANGUAGE_STANDARD = "gnu++0x";
				CLANG_CXX_LIBRARY = "libc++";
				CLANG_ENABLE_MODULES = YES;
				CLANG_ENABLE_OBJC_ARC = YES;
				CLANG_WARN_BOOL_CONVERSION = YES;
				CLANG_WARN_CONSTANT_CONVERSION = YES;
				CLANG_WARN_DIRECT_OBJC_ISA_USAGE = YES_ERROR;
				CLANG_WARN_DOCUMENTATION_COMMENTS = YES;
				CLANG_WARN_EMPTY_BODY = YES;
				CLANG_WARN_ENUM_CONVERSION = YES;
				CLANG_WARN_INFINITE_RECURSION = YES;
				CLANG_WARN_INT_CONVERSION = YES;
				CLANG_WARN_OBJC_ROOT_CLASS = YES_ERROR;
				CLANG_WARN_SUSPICIOUS_MOVE = YES;
				CLANG_WARN_UNREACHABLE_CODE = YES;
				CLANG_WARN__DUPLICATE_METHOD_MATCH = YES;
				"CODE_SIGN_IDENTITY[sdk=iphoneos*]" = "iPhone Developer";
				COPY_PHASE_STRIP = NO;
				DEBUG_INFORMATION_FORMAT = dwarf;
				ENABLE_STRICT_OBJC_MSGSEND = YES;
				ENABLE_TESTABILITY = YES;
				GCC_C_LANGUAGE_STANDARD = gnu99;
				GCC_DYNAMIC_NO_PIC = NO;
				GCC_NO_COMMON_BLOCKS = YES;
				GCC_OPTIMIZATION_LEVEL = 0;
				GCC_PREPROCESSOR_DEFINITIONS = (
					"DEBUG=1",
					"$(inherited)",
				);
				GCC_WARN_64_TO_32_BIT_CONVERSION = YES;
				GCC_WARN_ABOUT_RETURN_TYPE = YES_ERROR;
				GCC_WARN_UNDECLARED_SELECTOR = YES;
				GCC_WARN_UNINITIALIZED_AUTOS = YES_AGGRESSIVE;
				GCC_WARN_UNUSED_FUNCTION = YES;
				GCC_WARN_UNUSED_VARIABLE = YES;
				IPHONEOS_DEPLOYMENT_TARGET = 10.3;
				MTL_ENABLE_DEBUG_INFO = YES;
				ONLY_ACTIVE_ARCH = YES;
				SDKROOT = iphoneos;
			};
			name = Debug;
		};
		69C931841F502006007696BA /* Release */ = {
			isa = XCBuildConfiguration;
			buildSettings = {
				ALWAYS_SEARCH_USER_PATHS = NO;
				CLANG_ANALYZER_NONNULL = YES;
				CLANG_ANALYZER_NUMBER_OBJECT_CONVERSION = YES_AGGRESSIVE;
				CLANG_CXX_LANGUAGE_STANDARD = "gnu++0x";
				CLANG_CXX_LIBRARY = "libc++";
				CLANG_ENABLE_MODULES = YES;
				CLANG_ENABLE_OBJC_ARC = YES;
				CLANG_WARN_BOOL_CONVERSION = YES;
				CLANG_WARN_CONSTANT_CONVERSION = YES;
				CLANG_WARN_DIRECT_OBJC_ISA_USAGE = YES_ERROR;
				CLANG_WARN_DOCUMENTATION_COMMENTS = YES;
				CLANG_WARN_EMPTY_BODY = YES;
				CLANG_WARN_ENUM_CONVERSION = YES;
				CLANG_WARN_INFINITE_RECURSION = YES;
				CLANG_WARN_INT_CONVERSION = YES;
				CLANG_WARN_OBJC_ROOT_CLASS = YES_ERROR;
				CLANG_WARN_SUSPICIOUS_MOVE = YES;
				CLANG_WARN_UNREACHABLE_CODE = YES;
				CLANG_WARN__DUPLICATE_METHOD_MATCH = YES;
				"CODE_SIGN_IDENTITY[sdk=iphoneos*]" = "iPhone Developer";
				COPY_PHASE_STRIP = NO;
				DEBUG_INFORMATION_FORMAT = "dwarf-with-dsym";
				ENABLE_NS_ASSERTIONS = NO;
				ENABLE_STRICT_OBJC_MSGSEND = YES;
				GCC_C_LANGUAGE_STANDARD = gnu99;
				GCC_NO_COMMON_BLOCKS = YES;
				GCC_WARN_64_TO_32_BIT_CONVERSION = YES;
				GCC_WARN_ABOUT_RETURN_TYPE = YES_ERROR;
				GCC_WARN_UNDECLARED_SELECTOR = YES;
				GCC_WARN_UNINITIALIZED_AUTOS = YES_AGGRESSIVE;
				GCC_WARN_UNUSED_FUNCTION = YES;
				GCC_WARN_UNUSED_VARIABLE = YES;
				IPHONEOS_DEPLOYMENT_TARGET = 10.3;
				MTL_ENABLE_DEBUG_INFO = NO;
				SDKROOT = iphoneos;
				VALIDATE_PRODUCT = YES;
			};
			name = Release;
		};
		69C931861F502006007696BA /* Debug */ = {
			isa = XCBuildConfiguration;
			buildSettings = {
				ASSETCATALOG_COMPILER_APPICON_NAME = AppIcon;
				DEVELOPMENT_TEAM = "";
				FRAMEWORK_SEARCH_PATHS = (
					"$(inherited)",
					"$(PROJECT_DIR)/Sauce&Sugar",
					"$(PROJECT_DIR)",
				);
				INFOPLIST_FILE = "Sauce&Sugar/Info.plist";
				LD_RUNPATH_SEARCH_PATHS = "$(inherited) @executable_path/Frameworks";
				PRODUCT_BUNDLE_IDENTIFIER = "SS.Sauce-Sugar";
				PRODUCT_NAME = "$(TARGET_NAME)";
				TARGETED_DEVICE_FAMILY = 1;
			};
			name = Debug;
		};
		69C931871F502006007696BA /* Release */ = {
			isa = XCBuildConfiguration;
			buildSettings = {
				ASSETCATALOG_COMPILER_APPICON_NAME = AppIcon;
				DEVELOPMENT_TEAM = "";
				FRAMEWORK_SEARCH_PATHS = (
					"$(inherited)",
					"$(PROJECT_DIR)/Sauce&Sugar",
					"$(PROJECT_DIR)",
				);
				INFOPLIST_FILE = "Sauce&Sugar/Info.plist";
				LD_RUNPATH_SEARCH_PATHS = "$(inherited) @executable_path/Frameworks";
				PRODUCT_BUNDLE_IDENTIFIER = "SS.Sauce-Sugar";
				PRODUCT_NAME = "$(TARGET_NAME)";
				TARGETED_DEVICE_FAMILY = 1;
			};
			name = Release;
		};
		69C931891F502006007696BA /* Debug */ = {
			isa = XCBuildConfiguration;
			buildSettings = {
				BUNDLE_LOADER = "$(TEST_HOST)";
				DEVELOPMENT_TEAM = EY77V5Z9AN;
				INFOPLIST_FILE = "Sauce&SugarTests/Info.plist";
				LD_RUNPATH_SEARCH_PATHS = "$(inherited) @executable_path/Frameworks @loader_path/Frameworks";
				PRODUCT_BUNDLE_IDENTIFIER = "SS.Sauce-SugarTests";
				PRODUCT_NAME = "$(TARGET_NAME)";
				TEST_HOST = "$(BUILT_PRODUCTS_DIR)/Sauce&Sugar.app/Sauce&Sugar";
			};
			name = Debug;
		};
		69C9318A1F502006007696BA /* Release */ = {
			isa = XCBuildConfiguration;
			buildSettings = {
				BUNDLE_LOADER = "$(TEST_HOST)";
				DEVELOPMENT_TEAM = EY77V5Z9AN;
				INFOPLIST_FILE = "Sauce&SugarTests/Info.plist";
				LD_RUNPATH_SEARCH_PATHS = "$(inherited) @executable_path/Frameworks @loader_path/Frameworks";
				PRODUCT_BUNDLE_IDENTIFIER = "SS.Sauce-SugarTests";
				PRODUCT_NAME = "$(TARGET_NAME)";
				TEST_HOST = "$(BUILT_PRODUCTS_DIR)/Sauce&Sugar.app/Sauce&Sugar";
			};
			name = Release;
		};
		69C9318C1F502006007696BA /* Debug */ = {
			isa = XCBuildConfiguration;
			buildSettings = {
				DEVELOPMENT_TEAM = EY77V5Z9AN;
				INFOPLIST_FILE = "Sauce&SugarUITests/Info.plist";
				LD_RUNPATH_SEARCH_PATHS = "$(inherited) @executable_path/Frameworks @loader_path/Frameworks";
				PRODUCT_BUNDLE_IDENTIFIER = "SS.Sauce-SugarUITests";
				PRODUCT_NAME = "$(TARGET_NAME)";
				TEST_TARGET_NAME = "Sauce&Sugar";
			};
			name = Debug;
		};
		69C9318D1F502006007696BA /* Release */ = {
			isa = XCBuildConfiguration;
			buildSettings = {
				DEVELOPMENT_TEAM = EY77V5Z9AN;
				INFOPLIST_FILE = "Sauce&SugarUITests/Info.plist";
				LD_RUNPATH_SEARCH_PATHS = "$(inherited) @executable_path/Frameworks @loader_path/Frameworks";
				PRODUCT_BUNDLE_IDENTIFIER = "SS.Sauce-SugarUITests";
				PRODUCT_NAME = "$(TARGET_NAME)";
				TEST_TARGET_NAME = "Sauce&Sugar";
			};
			name = Release;
		};
/* End XCBuildConfiguration section */

/* Begin XCConfigurationList section */
		69C931501F502006007696BA /* Build configuration list for PBXProject "Sauce&Sugar" */ = {
			isa = XCConfigurationList;
			buildConfigurations = (
				69C931831F502006007696BA /* Debug */,
				69C931841F502006007696BA /* Release */,
			);
			defaultConfigurationIsVisible = 0;
			defaultConfigurationName = Release;
		};
		69C931851F502006007696BA /* Build configuration list for PBXNativeTarget "Sauce&Sugar" */ = {
			isa = XCConfigurationList;
			buildConfigurations = (
				69C931861F502006007696BA /* Debug */,
				69C931871F502006007696BA /* Release */,
			);
			defaultConfigurationIsVisible = 0;
			defaultConfigurationName = Release;
		};
		69C931881F502006007696BA /* Build configuration list for PBXNativeTarget "Sauce&SugarTests" */ = {
			isa = XCConfigurationList;
			buildConfigurations = (
				69C931891F502006007696BA /* Debug */,
				69C9318A1F502006007696BA /* Release */,
			);
			defaultConfigurationIsVisible = 0;
			defaultConfigurationName = Release;
		};
		69C9318B1F502006007696BA /* Build configuration list for PBXNativeTarget "Sauce&SugarUITests" */ = {
			isa = XCConfigurationList;
			buildConfigurations = (
				69C9318C1F502006007696BA /* Debug */,
				69C9318D1F502006007696BA /* Release */,
			);
			defaultConfigurationIsVisible = 0;
			defaultConfigurationName = Release;
		};
/* End XCConfigurationList section */

/* Begin XCVersionGroup section */
		69C931641F502006007696BA /* Sauce_Sugar.xcdatamodeld */ = {
			isa = XCVersionGroup;
			children = (
				69C931651F502006007696BA /* Sauce_Sugar.xcdatamodel */,
			);
			currentVersion = 69C931651F502006007696BA /* Sauce_Sugar.xcdatamodel */;
			path = Sauce_Sugar.xcdatamodeld;
			sourceTree = "<group>";
			versionGroupType = wrapper.xcdatamodel;
		};
/* End XCVersionGroup section */
	};
	rootObject = 69C9314D1F502006007696BA /* Project object */;
}
