// !$*UTF8*$!
{
	archiveVersion = 1;
	classes = {
	};
	objectVersion = 46;
	objects = {

/* Begin PBXBuildFile section */
		69162CC71FAF329300B7E853 /* UIView+UIView_ViewAnimations.m in Sources */ = {isa = PBXBuildFile; fileRef = 69162CC61FAF329300B7E853 /* UIView+UIView_ViewAnimations.m */; };
		69162CCB1FB01CC100B7E853 /* GreenCheck.png in Resources */ = {isa = PBXBuildFile; fileRef = 69162CCA1FB01CC000B7E853 /* GreenCheck.png */; };
		6938F8A21F84AA130079C555 /* ShowItemsTableViewController.m in Sources */ = {isa = PBXBuildFile; fileRef = 6938F8A11F84AA120079C555 /* ShowItemsTableViewController.m */; };
		6938F8A51F877AAE0079C555 /* rcShowItemsTableViewCell.m in Sources */ = {isa = PBXBuildFile; fileRef = 6938F8A41F877AAE0079C555 /* rcShowItemsTableViewCell.m */; };
		698A0E001FA1AFF800915313 /* searchTable.storyboard in Resources */ = {isa = PBXBuildFile; fileRef = 698A0DFF1FA1AFF800915313 /* searchTable.storyboard */; };
		698A0E031FA1B07800915313 /* slideMenu.storyboard in Resources */ = {isa = PBXBuildFile; fileRef = 698A0E011FA1B07800915313 /* slideMenu.storyboard */; };
		698A0E061FA1B17F00915313 /* insertToDatabase.storyboard in Resources */ = {isa = PBXBuildFile; fileRef = 698A0E051FA1B17F00915313 /* insertToDatabase.storyboard */; };
		698A0E0A1FA53E3100915313 /* SelectFoodTypeTableViewController.m in Sources */ = {isa = PBXBuildFile; fileRef = 698A0E091FA53E3100915313 /* SelectFoodTypeTableViewController.m */; };
		698A0E0D1FA843FE00915313 /* LoadingScreenViewController.m in Sources */ = {isa = PBXBuildFile; fileRef = 698A0E0C1FA843FE00915313 /* LoadingScreenViewController.m */; };
		69A07FF31F5AA20400651946 /* MicrosoftAzureMobile.framework in Frameworks */ = {isa = PBXBuildFile; fileRef = 69A07FF21F5AA20400651946 /* MicrosoftAzureMobile.framework */; };
		69A07FF51F5AA2A300651946 /* SafariServices.framework in Frameworks */ = {isa = PBXBuildFile; fileRef = 69A07FF41F5AA2A300651946 /* SafariServices.framework */; };
		69A07FF71F5AA2B100651946 /* WebKit.framework in Frameworks */ = {isa = PBXBuildFile; fileRef = 69A07FF61F5AA2B100651946 /* WebKit.framework */; };
		69A07FF91F5D2D9800651946 /* AZSClient.framework in Frameworks */ = {isa = PBXBuildFile; fileRef = 69A07FF81F5D2D9800651946 /* AZSClient.framework */; };
		69A07FFB1F5D2E0200651946 /* libxml2.2.tbd in Frameworks */ = {isa = PBXBuildFile; fileRef = 69A07FFA1F5D2E0200651946 /* libxml2.2.tbd */; };
		69A0800A1F62981D00651946 /* CameraBackground.jpg in Resources */ = {isa = PBXBuildFile; fileRef = 69A080091F62981D00651946 /* CameraBackground.jpg */; };
		69A0800D1F63EB0600651946 /* MainMenuButton.m in Sources */ = {isa = PBXBuildFile; fileRef = 69A0800C1F63EB0600651946 /* MainMenuButton.m */; };
		69C54F811F9AE13900C4005F /* SlideOutMenuViewController.m in Sources */ = {isa = PBXBuildFile; fileRef = 69C54F801F9AE13900C4005F /* SlideOutMenuViewController.m */; };
		69C9315A1F502006007696BA /* main.m in Sources */ = {isa = PBXBuildFile; fileRef = 69C931591F502006007696BA /* main.m */; };
		69C9315D1F502006007696BA /* AppDelegate.m in Sources */ = {isa = PBXBuildFile; fileRef = 69C9315C1F502006007696BA /* AppDelegate.m */; };
		69C931601F502006007696BA /* ViewController.m in Sources */ = {isa = PBXBuildFile; fileRef = 69C9315F1F502006007696BA /* ViewController.m */; };
		69C931631F502006007696BA /* Main.storyboard in Resources */ = {isa = PBXBuildFile; fileRef = 69C931611F502006007696BA /* Main.storyboard */; };
		69C931661F502006007696BA /* Sauce_Sugar.xcdatamodeld in Sources */ = {isa = PBXBuildFile; fileRef = 69C931641F502006007696BA /* Sauce_Sugar.xcdatamodeld */; };
		69C931681F502006007696BA /* Assets.xcassets in Resources */ = {isa = PBXBuildFile; fileRef = 69C931671F502006007696BA /* Assets.xcassets */; };
		69C9316B1F502006007696BA /* LaunchScreen.storyboard in Resources */ = {isa = PBXBuildFile; fileRef = 69C931691F502006007696BA /* LaunchScreen.storyboard */; };
		69C931761F502006007696BA /* Sauce_SugarTests.m in Sources */ = {isa = PBXBuildFile; fileRef = 69C931751F502006007696BA /* Sauce_SugarTests.m */; };
		69C931811F502006007696BA /* Sauce_SugarUITests.m in Sources */ = {isa = PBXBuildFile; fileRef = 69C931801F502006007696BA /* Sauce_SugarUITests.m */; };
		69C931A21F53721F007696BA /* MapViewController.m in Sources */ = {isa = PBXBuildFile; fileRef = 69C931A11F53721F007696BA /* MapViewController.m */; };
		69C931A51F53725C007696BA /* Location.m in Sources */ = {isa = PBXBuildFile; fileRef = 69C931A41F53725C007696BA /* Location.m */; };
		69C931A81F537272007696BA /* LocationDataController.m in Sources */ = {isa = PBXBuildFile; fileRef = 69C931A71F537272007696BA /* LocationDataController.m */; };
		69C931AD1F53788A007696BA /* MapKit.framework in Frameworks */ = {isa = PBXBuildFile; fileRef = 69C931AC1F53788A007696BA /* MapKit.framework */; };
		69C931B01F57E764007696BA /* AddToDatabase_ViewController.m in Sources */ = {isa = PBXBuildFile; fileRef = 69C931AF1F57E764007696BA /* AddToDatabase_ViewController.m */; };
		69DE29071F74CA8200B0527E /* rcAzureDataTable.m in Sources */ = {isa = PBXBuildFile; fileRef = 69DE29061F74CA8200B0527E /* rcAzureDataTable.m */; };
		69DE290A1F7865D700B0527E /* AddUserViewController.m in Sources */ = {isa = PBXBuildFile; fileRef = 69DE29091F7865D700B0527E /* AddUserViewController.m */; };
		69E3EDBE1F7A2D4E00C0F787 /* rcAzureBlobContainer.m in Sources */ = {isa = PBXBuildFile; fileRef = 69E3EDBD1F7A2D4E00C0F787 /* rcAzureBlobContainer.m */; };
		69F39F201FB5280F00362888 /* CreditsViewController.m in Sources */ = {isa = PBXBuildFile; fileRef = 69F39F1F1FB5280F00362888 /* CreditsViewController.m */; };
		69F39F271FB5892200362888 /* lemonade.png in Resources */ = {isa = PBXBuildFile; fileRef = 69F39F221FB5892200362888 /* lemonade.png */; };
		69F39F281FB5892200362888 /* ice-cream.png in Resources */ = {isa = PBXBuildFile; fileRef = 69F39F231FB5892200362888 /* ice-cream.png */; };
		69F39F291FB5892200362888 /* bowl-of-white-rice.png in Resources */ = {isa = PBXBuildFile; fileRef = 69F39F241FB5892200362888 /* bowl-of-white-rice.png */; };
		69F39F2A1FB5892200362888 /* noodles.png in Resources */ = {isa = PBXBuildFile; fileRef = 69F39F251FB5892200362888 /* noodles.png */; };
		69F39F2B1FB5892200362888 /* piece-of-cake.png in Resources */ = {isa = PBXBuildFile; fileRef = 69F39F261FB5892200362888 /* piece-of-cake.png */; };
		69F39F2D1FB65D2200362888 /* MainMenu.storyboard in Resources */ = {isa = PBXBuildFile; fileRef = 69F39F2C1FB65D2200362888 /* MainMenu.storyboard */; };
		69F39F311FB67C5600362888 /* MainMenuTableViewController.m in Sources */ = {isa = PBXBuildFile; fileRef = 69F39F301FB67C5600362888 /* MainMenuTableViewController.m */; };
/* End PBXBuildFile section */

/* Begin PBXContainerItemProxy section */
		69C931721F502006007696BA /* PBXContainerItemProxy */ = {
			isa = PBXContainerItemProxy;
			containerPortal = 69C9314D1F502006007696BA /* Project object */;
			proxyType = 1;
			remoteGlobalIDString = 69C931541F502006007696BA;
			remoteInfo = "Sauce&Sugar";
		};
		69C9317D1F502006007696BA /* PBXContainerItemProxy */ = {
			isa = PBXContainerItemProxy;
			containerPortal = 69C9314D1F502006007696BA /* Project object */;
			proxyType = 1;
			remoteGlobalIDString = 69C931541F502006007696BA;
			remoteInfo = "Sauce&Sugar";
		};
/* End PBXContainerItemProxy section */

/* Begin PBXFileReference section */
		69162CC51FAF329300B7E853 /* UIView+UIView_ViewAnimations.h */ = {isa = PBXFileReference; lastKnownFileType = sourcecode.c.h; path = "UIView+UIView_ViewAnimations.h"; sourceTree = "<group>"; };
		69162CC61FAF329300B7E853 /* UIView+UIView_ViewAnimations.m */ = {isa = PBXFileReference; lastKnownFileType = sourcecode.c.objc; path = "UIView+UIView_ViewAnimations.m"; sourceTree = "<group>"; };
		69162CCA1FB01CC000B7E853 /* GreenCheck.png */ = {isa = PBXFileReference; lastKnownFileType = image.png; path = GreenCheck.png; sourceTree = "<group>"; };
		6938F8A01F84AA120079C555 /* ShowItemsTableViewController.h */ = {isa = PBXFileReference; lastKnownFileType = sourcecode.c.h; path = ShowItemsTableViewController.h; sourceTree = "<group>"; };
		6938F8A11F84AA120079C555 /* ShowItemsTableViewController.m */ = {isa = PBXFileReference; lastKnownFileType = sourcecode.c.objc; path = ShowItemsTableViewController.m; sourceTree = "<group>"; };
		6938F8A31F877AAE0079C555 /* rcShowItemsTableViewCell.h */ = {isa = PBXFileReference; lastKnownFileType = sourcecode.c.h; path = rcShowItemsTableViewCell.h; sourceTree = "<group>"; };
		6938F8A41F877AAE0079C555 /* rcShowItemsTableViewCell.m */ = {isa = PBXFileReference; lastKnownFileType = sourcecode.c.objc; path = rcShowItemsTableViewCell.m; sourceTree = "<group>"; };
		698A0DFF1FA1AFF800915313 /* searchTable.storyboard */ = {isa = PBXFileReference; fileEncoding = 4; lastKnownFileType = file.storyboard; path = searchTable.storyboard; sourceTree = "<group>"; };
		698A0E021FA1B07800915313 /* Base */ = {isa = PBXFileReference; lastKnownFileType = file.storyboard; name = Base; path = "Sauce&Sugar/Base.lproj/slideMenu.storyboard"; sourceTree = "<group>"; };
		698A0E051FA1B17F00915313 /* insertToDatabase.storyboard */ = {isa = PBXFileReference; fileEncoding = 4; lastKnownFileType = file.storyboard; path = insertToDatabase.storyboard; sourceTree = "<group>"; };
		698A0E081FA53E3100915313 /* SelectFoodTypeTableViewController.h */ = {isa = PBXFileReference; lastKnownFileType = sourcecode.c.h; path = SelectFoodTypeTableViewController.h; sourceTree = "<group>"; };
		698A0E091FA53E3100915313 /* SelectFoodTypeTableViewController.m */ = {isa = PBXFileReference; lastKnownFileType = sourcecode.c.objc; path = SelectFoodTypeTableViewController.m; sourceTree = "<group>"; };
		698A0E0B1FA843FE00915313 /* LoadingScreenViewController.h */ = {isa = PBXFileReference; lastKnownFileType = sourcecode.c.h; path = LoadingScreenViewController.h; sourceTree = "<group>"; };
		698A0E0C1FA843FE00915313 /* LoadingScreenViewController.m */ = {isa = PBXFileReference; lastKnownFileType = sourcecode.c.objc; path = LoadingScreenViewController.m; sourceTree = "<group>"; };
		69A07FF21F5AA20400651946 /* MicrosoftAzureMobile.framework */ = {isa = PBXFileReference; lastKnownFileType = wrapper.framework; name = MicrosoftAzureMobile.framework; path = "Sauce&Sugar/MicrosoftAzureMobile.framework"; sourceTree = "<group>"; };
		69A07FF41F5AA2A300651946 /* SafariServices.framework */ = {isa = PBXFileReference; lastKnownFileType = wrapper.framework; name = SafariServices.framework; path = System/Library/Frameworks/SafariServices.framework; sourceTree = SDKROOT; };
		69A07FF61F5AA2B100651946 /* WebKit.framework */ = {isa = PBXFileReference; lastKnownFileType = wrapper.framework; name = WebKit.framework; path = System/Library/Frameworks/WebKit.framework; sourceTree = SDKROOT; };
		69A07FF81F5D2D9800651946 /* AZSClient.framework */ = {isa = PBXFileReference; lastKnownFileType = wrapper.framework; path = AZSClient.framework; sourceTree = "<group>"; };
		69A07FFA1F5D2E0200651946 /* libxml2.2.tbd */ = {isa = PBXFileReference; lastKnownFileType = "sourcecode.text-based-dylib-definition"; name = libxml2.2.tbd; path = usr/lib/libxml2.2.tbd; sourceTree = SDKROOT; };
		69A080091F62981D00651946 /* CameraBackground.jpg */ = {isa = PBXFileReference; lastKnownFileType = image.jpeg; path = CameraBackground.jpg; sourceTree = "<group>"; };
		69A0800B1F63EB0600651946 /* MainMenuButton.h */ = {isa = PBXFileReference; fileEncoding = 4; lastKnownFileType = sourcecode.c.h; path = MainMenuButton.h; sourceTree = "<group>"; };
		69A0800C1F63EB0600651946 /* MainMenuButton.m */ = {isa = PBXFileReference; fileEncoding = 4; lastKnownFileType = sourcecode.c.objc; path = MainMenuButton.m; sourceTree = "<group>"; };
		69C54F7D1F8F3FCF00C4005F /* ss_icon3x.png */ = {isa = PBXFileReference; lastKnownFileType = image.png; path = ss_icon3x.png; sourceTree = "<group>"; };
		69C54F7E1F8F3FCF00C4005F /* ss_icon2x.png */ = {isa = PBXFileReference; lastKnownFileType = image.png; path = ss_icon2x.png; sourceTree = "<group>"; };
		69C54F7F1F9AE13900C4005F /* SlideOutMenuViewController.h */ = {isa = PBXFileReference; lastKnownFileType = sourcecode.c.h; path = SlideOutMenuViewController.h; sourceTree = "<group>"; };
		69C54F801F9AE13900C4005F /* SlideOutMenuViewController.m */ = {isa = PBXFileReference; lastKnownFileType = sourcecode.c.objc; path = SlideOutMenuViewController.m; sourceTree = "<group>"; };
		69C931551F502006007696BA /* Sauce&Sugar.app */ = {isa = PBXFileReference; explicitFileType = wrapper.application; includeInIndex = 0; path = "Sauce&Sugar.app"; sourceTree = BUILT_PRODUCTS_DIR; };
		69C931591F502006007696BA /* main.m */ = {isa = PBXFileReference; lastKnownFileType = sourcecode.c.objc; path = main.m; sourceTree = "<group>"; };
		69C9315B1F502006007696BA /* AppDelegate.h */ = {isa = PBXFileReference; lastKnownFileType = sourcecode.c.h; path = AppDelegate.h; sourceTree = "<group>"; };
		69C9315C1F502006007696BA /* AppDelegate.m */ = {isa = PBXFileReference; lastKnownFileType = sourcecode.c.objc; path = AppDelegate.m; sourceTree = "<group>"; };
		69C9315E1F502006007696BA /* ViewController.h */ = {isa = PBXFileReference; lastKnownFileType = sourcecode.c.h; path = ViewController.h; sourceTree = "<group>"; };
		69C9315F1F502006007696BA /* ViewController.m */ = {isa = PBXFileReference; lastKnownFileType = sourcecode.c.objc; path = ViewController.m; sourceTree = "<group>"; };
		69C931621F502006007696BA /* Base */ = {isa = PBXFileReference; lastKnownFileType = file.storyboard; name = Base; path = Base.lproj/Main.storyboard; sourceTree = "<group>"; };
		69C931651F502006007696BA /* Sauce_Sugar.xcdatamodel */ = {isa = PBXFileReference; lastKnownFileType = wrapper.xcdatamodel; path = Sauce_Sugar.xcdatamodel; sourceTree = "<group>"; };
		69C931671F502006007696BA /* Assets.xcassets */ = {isa = PBXFileReference; lastKnownFileType = folder.assetcatalog; path = Assets.xcassets; sourceTree = "<group>"; };
		69C9316A1F502006007696BA /* Base */ = {isa = PBXFileReference; lastKnownFileType = file.storyboard; name = Base; path = Base.lproj/LaunchScreen.storyboard; sourceTree = "<group>"; };
		69C9316C1F502006007696BA /* Info.plist */ = {isa = PBXFileReference; lastKnownFileType = text.plist.xml; path = Info.plist; sourceTree = "<group>"; };
		69C931711F502006007696BA /* Sauce&SugarTests.xctest */ = {isa = PBXFileReference; explicitFileType = wrapper.cfbundle; includeInIndex = 0; path = "Sauce&SugarTests.xctest"; sourceTree = BUILT_PRODUCTS_DIR; };
		69C931751F502006007696BA /* Sauce_SugarTests.m */ = {isa = PBXFileReference; lastKnownFileType = sourcecode.c.objc; path = Sauce_SugarTests.m; sourceTree = "<group>"; };
		69C931771F502006007696BA /* Info.plist */ = {isa = PBXFileReference; lastKnownFileType = text.plist.xml; path = Info.plist; sourceTree = "<group>"; };
		69C9317C1F502006007696BA /* Sauce&SugarUITests.xctest */ = {isa = PBXFileReference; explicitFileType = wrapper.cfbundle; includeInIndex = 0; path = "Sauce&SugarUITests.xctest"; sourceTree = BUILT_PRODUCTS_DIR; };
		69C931801F502006007696BA /* Sauce_SugarUITests.m */ = {isa = PBXFileReference; lastKnownFileType = sourcecode.c.objc; path = Sauce_SugarUITests.m; sourceTree = "<group>"; };
		69C931821F502006007696BA /* Info.plist */ = {isa = PBXFileReference; lastKnownFileType = text.plist.xml; path = Info.plist; sourceTree = "<group>"; };
		69C931A01F53721F007696BA /* MapViewController.h */ = {isa = PBXFileReference; fileEncoding = 4; lastKnownFileType = sourcecode.c.h; path = MapViewController.h; sourceTree = "<group>"; };
		69C931A11F53721F007696BA /* MapViewController.m */ = {isa = PBXFileReference; fileEncoding = 4; lastKnownFileType = sourcecode.c.objc; path = MapViewController.m; sourceTree = "<group>"; };
		69C931A31F53725C007696BA /* Location.h */ = {isa = PBXFileReference; fileEncoding = 4; lastKnownFileType = sourcecode.c.h; path = Location.h; sourceTree = "<group>"; };
		69C931A41F53725C007696BA /* Location.m */ = {isa = PBXFileReference; fileEncoding = 4; lastKnownFileType = sourcecode.c.objc; path = Location.m; sourceTree = "<group>"; };
		69C931A61F537272007696BA /* LocationDataController.h */ = {isa = PBXFileReference; fileEncoding = 4; lastKnownFileType = sourcecode.c.h; path = LocationDataController.h; sourceTree = "<group>"; };
		69C931A71F537272007696BA /* LocationDataController.m */ = {isa = PBXFileReference; fileEncoding = 4; lastKnownFileType = sourcecode.c.objc; path = LocationDataController.m; sourceTree = "<group>"; };
		69C931AC1F53788A007696BA /* MapKit.framework */ = {isa = PBXFileReference; lastKnownFileType = wrapper.framework; name = MapKit.framework; path = System/Library/Frameworks/MapKit.framework; sourceTree = SDKROOT; };
		69C931AE1F57E764007696BA /* AddToDatabase_ViewController.h */ = {isa = PBXFileReference; fileEncoding = 4; lastKnownFileType = sourcecode.c.h; path = AddToDatabase_ViewController.h; sourceTree = "<group>"; };
		69C931AF1F57E764007696BA /* AddToDatabase_ViewController.m */ = {isa = PBXFileReference; fileEncoding = 4; lastKnownFileType = sourcecode.c.objc; path = AddToDatabase_ViewController.m; sourceTree = "<group>"; };
		69DE29051F74CA8200B0527E /* rcAzureDataTable.h */ = {isa = PBXFileReference; lastKnownFileType = sourcecode.c.h; path = rcAzureDataTable.h; sourceTree = "<group>"; };
		69DE29061F74CA8200B0527E /* rcAzureDataTable.m */ = {isa = PBXFileReference; lastKnownFileType = sourcecode.c.objc; path = rcAzureDataTable.m; sourceTree = "<group>"; };
		69DE29081F7865D700B0527E /* AddUserViewController.h */ = {isa = PBXFileReference; lastKnownFileType = sourcecode.c.h; path = AddUserViewController.h; sourceTree = "<group>"; };
		69DE29091F7865D700B0527E /* AddUserViewController.m */ = {isa = PBXFileReference; lastKnownFileType = sourcecode.c.objc; path = AddUserViewController.m; sourceTree = "<group>"; };
		69E3EDBC1F7A2D4E00C0F787 /* rcAzureBlobContainer.h */ = {isa = PBXFileReference; lastKnownFileType = sourcecode.c.h; path = rcAzureBlobContainer.h; sourceTree = "<group>"; };
		69E3EDBD1F7A2D4E00C0F787 /* rcAzureBlobContainer.m */ = {isa = PBXFileReference; lastKnownFileType = sourcecode.c.objc; path = rcAzureBlobContainer.m; sourceTree = "<group>"; };
		69F39F1C1FB40EB100362888 /* CoreLocation.framework */ = {isa = PBXFileReference; lastKnownFileType = wrapper.framework; name = CoreLocation.framework; path = System/Library/Frameworks/CoreLocation.framework; sourceTree = SDKROOT; };
		69F39F1E1FB5280F00362888 /* CreditsViewController.h */ = {isa = PBXFileReference; lastKnownFileType = sourcecode.c.h; path = CreditsViewController.h; sourceTree = "<group>"; };
		69F39F1F1FB5280F00362888 /* CreditsViewController.m */ = {isa = PBXFileReference; lastKnownFileType = sourcecode.c.objc; path = CreditsViewController.m; sourceTree = "<group>"; };
		69F39F221FB5892200362888 /* lemonade.png */ = {isa = PBXFileReference; lastKnownFileType = image.png; path = lemonade.png; sourceTree = "<group>"; };
		69F39F231FB5892200362888 /* ice-cream.png */ = {isa = PBXFileReference; lastKnownFileType = image.png; path = "ice-cream.png"; sourceTree = "<group>"; };
		69F39F241FB5892200362888 /* bowl-of-white-rice.png */ = {isa = PBXFileReference; lastKnownFileType = image.png; path = "bowl-of-white-rice.png"; sourceTree = "<group>"; };
		69F39F251FB5892200362888 /* noodles.png */ = {isa = PBXFileReference; lastKnownFileType = image.png; path = noodles.png; sourceTree = "<group>"; };
		69F39F261FB5892200362888 /* piece-of-cake.png */ = {isa = PBXFileReference; lastKnownFileType = image.png; path = "piece-of-cake.png"; sourceTree = "<group>"; };
		69F39F2C1FB65D2200362888 /* MainMenu.storyboard */ = {isa = PBXFileReference; fileEncoding = 4; lastKnownFileType = file.storyboard; path = MainMenu.storyboard; sourceTree = "<group>"; };
		69F39F2F1FB67C5600362888 /* MainMenuTableViewController.h */ = {isa = PBXFileReference; lastKnownFileType = sourcecode.c.h; path = MainMenuTableViewController.h; sourceTree = "<group>"; };
		69F39F301FB67C5600362888 /* MainMenuTableViewController.m */ = {isa = PBXFileReference; lastKnownFileType = sourcecode.c.objc; path = MainMenuTableViewController.m; sourceTree = "<group>"; };
/* End PBXFileReference section */

/* Begin PBXFrameworksBuildPhase section */
		69C931521F502006007696BA /* Frameworks */ = {
			isa = PBXFrameworksBuildPhase;
			buildActionMask = 2147483647;
			files = (
				69A07FFB1F5D2E0200651946 /* libxml2.2.tbd in Frameworks */,
				69A07FF71F5AA2B100651946 /* WebKit.framework in Frameworks */,
				69A07FF51F5AA2A300651946 /* SafariServices.framework in Frameworks */,
				69A07FF31F5AA20400651946 /* MicrosoftAzureMobile.framework in Frameworks */,
				69A07FF91F5D2D9800651946 /* AZSClient.framework in Frameworks */,
				69C931AD1F53788A007696BA /* MapKit.framework in Frameworks */,
			);
			runOnlyForDeploymentPostprocessing = 0;
		};
		69C9316E1F502006007696BA /* Frameworks */ = {
			isa = PBXFrameworksBuildPhase;
			buildActionMask = 2147483647;
			files = (
			);
			runOnlyForDeploymentPostprocessing = 0;
		};
		69C931791F502006007696BA /* Frameworks */ = {
			isa = PBXFrameworksBuildPhase;
			buildActionMask = 2147483647;
			files = (
			);
			runOnlyForDeploymentPostprocessing = 0;
		};
/* End PBXFrameworksBuildPhase section */

/* Begin PBXGroup section */
		69162CC91FAFB37800B7E853 /* Categories */ = {
			isa = PBXGroup;
			children = (
				69162CC51FAF329300B7E853 /* UIView+UIView_ViewAnimations.h */,
				69162CC61FAF329300B7E853 /* UIView+UIView_ViewAnimations.m */,
			);
			path = Categories;
			sourceTree = "<group>";
		};
		69162CCC1FB0646D00B7E853 /* SearchTable */ = {
			isa = PBXGroup;
			children = (
				6938F8A01F84AA120079C555 /* ShowItemsTableViewController.h */,
				6938F8A11F84AA120079C555 /* ShowItemsTableViewController.m */,
			);
			name = SearchTable;
			sourceTree = "<group>";
		};
		698A0E041FA1B08C00915313 /* Storyboards */ = {
			isa = PBXGroup;
			children = (
				69F39F2C1FB65D2200362888 /* MainMenu.storyboard */,
				698A0E051FA1B17F00915313 /* insertToDatabase.storyboard */,
				698A0DFF1FA1AFF800915313 /* searchTable.storyboard */,
				698A0E011FA1B07800915313 /* slideMenu.storyboard */,
				69C931611F502006007696BA /* Main.storyboard */,
				69C931691F502006007696BA /* LaunchScreen.storyboard */,
			);
			name = Storyboards;
			sourceTree = "<group>";
		};
		698A0E071FA53DEF00915313 /* InsertDataAndImageVC */ = {
			isa = PBXGroup;
			children = (
				69C931AE1F57E764007696BA /* AddToDatabase_ViewController.h */,
				69C931AF1F57E764007696BA /* AddToDatabase_ViewController.m */,
				698A0E081FA53E3100915313 /* SelectFoodTypeTableViewController.h */,
				698A0E091FA53E3100915313 /* SelectFoodTypeTableViewController.m */,
				698A0E0B1FA843FE00915313 /* LoadingScreenViewController.h */,
				698A0E0C1FA843FE00915313 /* LoadingScreenViewController.m */,
			);
			name = InsertDataAndImageVC;
			sourceTree = "<group>";
		};
		69A07FFC1F5D353E00651946 /* Model */ = {
			isa = PBXGroup;
			children = (
				69A0800B1F63EB0600651946 /* MainMenuButton.h */,
				69A0800C1F63EB0600651946 /* MainMenuButton.m */,
				69DE29051F74CA8200B0527E /* rcAzureDataTable.h */,
				69DE29061F74CA8200B0527E /* rcAzureDataTable.m */,
				69E3EDBC1F7A2D4E00C0F787 /* rcAzureBlobContainer.h */,
				69E3EDBD1F7A2D4E00C0F787 /* rcAzureBlobContainer.m */,
				6938F8A31F877AAE0079C555 /* rcShowItemsTableViewCell.h */,
				6938F8A41F877AAE0079C555 /* rcShowItemsTableViewCell.m */,
			);
			name = Model;
			sourceTree = "<group>";
		};
		69A080021F5E2AD900651946 /* ImagesResource */ = {
			isa = PBXGroup;
			children = (
				69C54F7E1F8F3FCF00C4005F /* ss_icon2x.png */,
				69F39F211FB5891200362888 /* FoodTypeIcon */,
				69C54F7D1F8F3FCF00C4005F /* ss_icon3x.png */,
				69A080091F62981D00651946 /* CameraBackground.jpg */,
				69162CCA1FB01CC000B7E853 /* GreenCheck.png */,
			);
			name = ImagesResource;
			sourceTree = "<group>";
		};
		69C9314C1F502006007696BA = {
			isa = PBXGroup;
			children = (
				69C931571F502006007696BA /* Sauce&Sugar */,
				69C931741F502006007696BA /* Sauce&SugarTests */,
				69C9317F1F502006007696BA /* Sauce&SugarUITests */,
				69C931561F502006007696BA /* Products */,
				69C931AB1F53788A007696BA /* Frameworks */,
			);
			sourceTree = "<group>";
		};
		69C931561F502006007696BA /* Products */ = {
			isa = PBXGroup;
			children = (
				69C931551F502006007696BA /* Sauce&Sugar.app */,
				69C931711F502006007696BA /* Sauce&SugarTests.xctest */,
				69C9317C1F502006007696BA /* Sauce&SugarUITests.xctest */,
			);
			name = Products;
			sourceTree = "<group>";
		};
		69C931571F502006007696BA /* Sauce&Sugar */ = {
			isa = PBXGroup;
			children = (
				698A0E041FA1B08C00915313 /* Storyboards */,
				69DE290C1F7866F900B0527E /* ViewController */,
				69A080021F5E2AD900651946 /* ImagesResource */,
				69A07FFC1F5D353E00651946 /* Model */,
				69162CC91FAFB37800B7E853 /* Categories */,
				69C9315B1F502006007696BA /* AppDelegate.h */,
				69C9315C1F502006007696BA /* AppDelegate.m */,
				69C931671F502006007696BA /* Assets.xcassets */,
				69C9316C1F502006007696BA /* Info.plist */,
				69C931641F502006007696BA /* Sauce_Sugar.xcdatamodeld */,
				69C931581F502006007696BA /* Supporting Files */,
				69C931A01F53721F007696BA /* MapViewController.h */,
				69C931A11F53721F007696BA /* MapViewController.m */,
				69C931A31F53725C007696BA /* Location.h */,
				69C931A41F53725C007696BA /* Location.m */,
				69C931A61F537272007696BA /* LocationDataController.h */,
				69C931A71F537272007696BA /* LocationDataController.m */,
			);
			path = "Sauce&Sugar";
			sourceTree = "<group>";
		};
		69C931581F502006007696BA /* Supporting Files */ = {
			isa = PBXGroup;
			children = (
				69C931591F502006007696BA /* main.m */,
			);
			name = "Supporting Files";
			sourceTree = "<group>";
		};
		69C931741F502006007696BA /* Sauce&SugarTests */ = {
			isa = PBXGroup;
			children = (
				69C931751F502006007696BA /* Sauce_SugarTests.m */,
				69C931771F502006007696BA /* Info.plist */,
			);
			path = "Sauce&SugarTests";
			sourceTree = "<group>";
		};
		69C9317F1F502006007696BA /* Sauce&SugarUITests */ = {
			isa = PBXGroup;
			children = (
				69C931801F502006007696BA /* Sauce_SugarUITests.m */,
				69C931821F502006007696BA /* Info.plist */,
			);
			path = "Sauce&SugarUITests";
			sourceTree = "<group>";
		};
		69C931AB1F53788A007696BA /* Frameworks */ = {
			isa = PBXGroup;
			children = (
				69F39F1C1FB40EB100362888 /* CoreLocation.framework */,
				69A07FFA1F5D2E0200651946 /* libxml2.2.tbd */,
				69A07FF81F5D2D9800651946 /* AZSClient.framework */,
				69A07FF61F5AA2B100651946 /* WebKit.framework */,
				69A07FF41F5AA2A300651946 /* SafariServices.framework */,
				69A07FF21F5AA20400651946 /* MicrosoftAzureMobile.framework */,
				69C931AC1F53788A007696BA /* MapKit.framework */,
			);
			name = Frameworks;
			sourceTree = "<group>";
		};
		69DE290C1F7866F900B0527E /* ViewController */ = {
			isa = PBXGroup;
			children = (
				69F39F2E1FB67C3700362888 /* MainMenuVC */,
				69F39F1D1FB527F000362888 /* Credits */,
				69162CCC1FB0646D00B7E853 /* SearchTable */,
				698A0E071FA53DEF00915313 /* InsertDataAndImageVC */,
				69C9315E1F502006007696BA /* ViewController.h */,
				69C9315F1F502006007696BA /* ViewController.m */,
				69DE29081F7865D700B0527E /* AddUserViewController.h */,
				69DE29091F7865D700B0527E /* AddUserViewController.m */,
			);
			name = ViewController;
			sourceTree = "<group>";
		};
		69F39F1D1FB527F000362888 /* Credits */ = {
			isa = PBXGroup;
			children = (
				69F39F1E1FB5280F00362888 /* CreditsViewController.h */,
				69F39F1F1FB5280F00362888 /* CreditsViewController.m */,
			);
			name = Credits;
			sourceTree = "<group>";
		};
		69F39F211FB5891200362888 /* FoodTypeIcon */ = {
			isa = PBXGroup;
			children = (
				69F39F241FB5892200362888 /* bowl-of-white-rice.png */,
				69F39F231FB5892200362888 /* ice-cream.png */,
				69F39F221FB5892200362888 /* lemonade.png */,
				69F39F251FB5892200362888 /* noodles.png */,
				69F39F261FB5892200362888 /* piece-of-cake.png */,
			);
			name = FoodTypeIcon;
			sourceTree = "<group>";
		};
		69F39F2E1FB67C3700362888 /* MainMenuVC */ = {
			isa = PBXGroup;
			children = (
				69F39F2F1FB67C5600362888 /* MainMenuTableViewController.h */,
				69F39F301FB67C5600362888 /* MainMenuTableViewController.m */,
				69C54F7F1F9AE13900C4005F /* SlideOutMenuViewController.h */,
				69C54F801F9AE13900C4005F /* SlideOutMenuViewController.m */,
			);
			name = MainMenuVC;
			sourceTree = "<group>";
		};
/* End PBXGroup section */

/* Begin PBXNativeTarget section */
		69C931541F502006007696BA /* Sauce&Sugar */ = {
			isa = PBXNativeTarget;
			buildConfigurationList = 69C931851F502006007696BA /* Build configuration list for PBXNativeTarget "Sauce&Sugar" */;
			buildPhases = (
				69C931511F502006007696BA /* Sources */,
				69C931521F502006007696BA /* Frameworks */,
				69C931531F502006007696BA /* Resources */,
			);
			buildRules = (
			);
			dependencies = (
			);
			name = "Sauce&Sugar";
			productName = "Sauce&Sugar";
			productReference = 69C931551F502006007696BA /* Sauce&Sugar.app */;
			productType = "com.apple.product-type.application";
		};
		69C931701F502006007696BA /* Sauce&SugarTests */ = {
			isa = PBXNativeTarget;
			buildConfigurationList = 69C931881F502006007696BA /* Build configuration list for PBXNativeTarget "Sauce&SugarTests" */;
			buildPhases = (
				69C9316D1F502006007696BA /* Sources */,
				69C9316E1F502006007696BA /* Frameworks */,
				69C9316F1F502006007696BA /* Resources */,
			);
			buildRules = (
			);
			dependencies = (
				69C931731F502006007696BA /* PBXTargetDependency */,
			);
			name = "Sauce&SugarTests";
			productName = "Sauce&SugarTests";
			productReference = 69C931711F502006007696BA /* Sauce&SugarTests.xctest */;
			productType = "com.apple.product-type.bundle.unit-test";
		};
		69C9317B1F502006007696BA /* Sauce&SugarUITests */ = {
			isa = PBXNativeTarget;
			buildConfigurationList = 69C9318B1F502006007696BA /* Build configuration list for PBXNativeTarget "Sauce&SugarUITests" */;
			buildPhases = (
				69C931781F502006007696BA /* Sources */,
				69C931791F502006007696BA /* Frameworks */,
				69C9317A1F502006007696BA /* Resources */,
			);
			buildRules = (
			);
			dependencies = (
				69C9317E1F502006007696BA /* PBXTargetDependency */,
			);
			name = "Sauce&SugarUITests";
			productName = "Sauce&SugarUITests";
			productReference = 69C9317C1F502006007696BA /* Sauce&SugarUITests.xctest */;
			productType = "com.apple.product-type.bundle.ui-testing";
		};
/* End PBXNativeTarget section */

/* Begin PBXProject section */
		69C9314D1F502006007696BA /* Project object */ = {
			isa = PBXProject;
			attributes = {
				KnownAssetTags = (
					New,
				);
				LastUpgradeCheck = 0900;
				ORGANIZATIONNAME = "Sauce&Sugar";
				TargetAttributes = {
					69C931541F502006007696BA = {
						CreatedOnToolsVersion = 8.3.3;
						DevelopmentTeam = EY77V5Z9AN;
						ProvisioningStyle = Automatic;
					};
					69C931701F502006007696BA = {
						CreatedOnToolsVersion = 8.3.3;
						DevelopmentTeam = EY77V5Z9AN;
						ProvisioningStyle = Automatic;
						TestTargetID = 69C931541F502006007696BA;
					};
					69C9317B1F502006007696BA = {
						CreatedOnToolsVersion = 8.3.3;
						DevelopmentTeam = EY77V5Z9AN;
						ProvisioningStyle = Automatic;
						TestTargetID = 69C931541F502006007696BA;
					};
				};
			};
			buildConfigurationList = 69C931501F502006007696BA /* Build configuration list for PBXProject "Sauce&Sugar" */;
			compatibilityVersion = "Xcode 3.2";
			developmentRegion = English;
			hasScannedForEncodings = 0;
			knownRegions = (
				en,
				Base,
			);
			mainGroup = 69C9314C1F502006007696BA;
			productRefGroup = 69C931561F502006007696BA /* Products */;
			projectDirPath = "";
			projectRoot = "";
			targets = (
				69C931541F502006007696BA /* Sauce&Sugar */,
				69C931701F502006007696BA /* Sauce&SugarTests */,
				69C9317B1F502006007696BA /* Sauce&SugarUITests */,
			);
		};
/* End PBXProject section */

/* Begin PBXResourcesBuildPhase section */
		69C931531F502006007696BA /* Resources */ = {
			isa = PBXResourcesBuildPhase;
			buildActionMask = 2147483647;
			files = (
				69F39F271FB5892200362888 /* lemonade.png in Resources */,
				69F39F2A1FB5892200362888 /* noodles.png in Resources */,
				69F39F281FB5892200362888 /* ice-cream.png in Resources */,
				69F39F291FB5892200362888 /* bowl-of-white-rice.png in Resources */,
				698A0E031FA1B07800915313 /* slideMenu.storyboard in Resources */,
				698A0E001FA1AFF800915313 /* searchTable.storyboard in Resources */,
				69162CCB1FB01CC100B7E853 /* GreenCheck.png in Resources */,
				69C9316B1F502006007696BA /* LaunchScreen.storyboard in Resources */,
				69F39F2D1FB65D2200362888 /* MainMenu.storyboard in Resources */,
				69C931681F502006007696BA /* Assets.xcassets in Resources */,
				69C931631F502006007696BA /* Main.storyboard in Resources */,
				698A0E061FA1B17F00915313 /* insertToDatabase.storyboard in Resources */,
				69A0800A1F62981D00651946 /* CameraBackground.jpg in Resources */,
				69F39F2B1FB5892200362888 /* piece-of-cake.png in Resources */,
			);
			runOnlyForDeploymentPostprocessing = 0;
		};
		69C9316F1F502006007696BA /* Resources */ = {
			isa = PBXResourcesBuildPhase;
			buildActionMask = 2147483647;
			files = (
			);
			runOnlyForDeploymentPostprocessing = 0;
		};
		69C9317A1F502006007696BA /* Resources */ = {
			isa = PBXResourcesBuildPhase;
			buildActionMask = 2147483647;
			files = (
			);
			runOnlyForDeploymentPostprocessing = 0;
		};
/* End PBXResourcesBuildPhase section */

/* Begin PBXSourcesBuildPhase section */
		69C931511F502006007696BA /* Sources */ = {
			isa = PBXSourcesBuildPhase;
			buildActionMask = 2147483647;
			files = (
				6938F8A51F877AAE0079C555 /* rcShowItemsTableViewCell.m in Sources */,
				69F39F201FB5280F00362888 /* CreditsViewController.m in Sources */,
				69C931B01F57E764007696BA /* AddToDatabase_ViewController.m in Sources */,
				69A0800D1F63EB0600651946 /* MainMenuButton.m in Sources */,
				69C931A81F537272007696BA /* LocationDataController.m in Sources */,
				69C931601F502006007696BA /* ViewController.m in Sources */,
				69C54F811F9AE13900C4005F /* SlideOutMenuViewController.m in Sources */,
				69C931A21F53721F007696BA /* MapViewController.m in Sources */,
				698A0E0A1FA53E3100915313 /* SelectFoodTypeTableViewController.m in Sources */,
				69F39F311FB67C5600362888 /* MainMenuTableViewController.m in Sources */,
				69DE29071F74CA8200B0527E /* rcAzureDataTable.m in Sources */,
				698A0E0D1FA843FE00915313 /* LoadingScreenViewController.m in Sources */,
				6938F8A21F84AA130079C555 /* ShowItemsTableViewController.m in Sources */,
				69162CC71FAF329300B7E853 /* UIView+UIView_ViewAnimations.m in Sources */,
				69C931A51F53725C007696BA /* Location.m in Sources */,
				69C9315D1F502006007696BA /* AppDelegate.m in Sources */,
				69DE290A1F7865D700B0527E /* AddUserViewController.m in Sources */,
				69E3EDBE1F7A2D4E00C0F787 /* rcAzureBlobContainer.m in Sources */,
				69C931661F502006007696BA /* Sauce_Sugar.xcdatamodeld in Sources */,
				69C9315A1F502006007696BA /* main.m in Sources */,
			);
			runOnlyForDeploymentPostprocessing = 0;
		};
		69C9316D1F502006007696BA /* Sources */ = {
			isa = PBXSourcesBuildPhase;
			buildActionMask = 2147483647;
			files = (
				69C931761F502006007696BA /* Sauce_SugarTests.m in Sources */,
			);
			runOnlyForDeploymentPostprocessing = 0;
		};
		69C931781F502006007696BA /* Sources */ = {
			isa = PBXSourcesBuildPhase;
			buildActionMask = 2147483647;
			files = (
				69C931811F502006007696BA /* Sauce_SugarUITests.m in Sources */,
			);
			runOnlyForDeploymentPostprocessing = 0;
		};
/* End PBXSourcesBuildPhase section */

/* Begin PBXTargetDependency section */
		69C931731F502006007696BA /* PBXTargetDependency */ = {
			isa = PBXTargetDependency;
			target = 69C931541F502006007696BA /* Sauce&Sugar */;
			targetProxy = 69C931721F502006007696BA /* PBXContainerItemProxy */;
		};
		69C9317E1F502006007696BA /* PBXTargetDependency */ = {
			isa = PBXTargetDependency;
			target = 69C931541F502006007696BA /* Sauce&Sugar */;
			targetProxy = 69C9317D1F502006007696BA /* PBXContainerItemProxy */;
		};
/* End PBXTargetDependency section */

/* Begin PBXVariantGroup section */
		698A0E011FA1B07800915313 /* slideMenu.storyboard */ = {
			isa = PBXVariantGroup;
			children = (
				698A0E021FA1B07800915313 /* Base */,
			);
			name = slideMenu.storyboard;
			sourceTree = "<group>";
		};
		69C931611F502006007696BA /* Main.storyboard */ = {
			isa = PBXVariantGroup;
			children = (
				69C931621F502006007696BA /* Base */,
			);
			name = Main.storyboard;
			sourceTree = "<group>";
		};
		69C931691F502006007696BA /* LaunchScreen.storyboard */ = {
			isa = PBXVariantGroup;
			children = (
				69C9316A1F502006007696BA /* Base */,
			);
			name = LaunchScreen.storyboard;
			sourceTree = "<group>";
		};
/* End PBXVariantGroup section */

/* Begin XCBuildConfiguration section */
		69C931831F502006007696BA /* Debug */ = {
			isa = XCBuildConfiguration;
			buildSettings = {
				ALWAYS_SEARCH_USER_PATHS = NO;
				CLANG_ANALYZER_NONNULL = YES;
				CLANG_ANALYZER_NUMBER_OBJECT_CONVERSION = YES_AGGRESSIVE;
				CLANG_CXX_LANGUAGE_STANDARD = "gnu++0x";
				CLANG_CXX_LIBRARY = "libc++";
				CLANG_ENABLE_MODULES = YES;
				CLANG_ENABLE_OBJC_ARC = YES;
				CLANG_WARN_BLOCK_CAPTURE_AUTORELEASING = YES;
				CLANG_WARN_BOOL_CONVERSION = YES;
				CLANG_WARN_COMMA = YES;
				CLANG_WARN_CONSTANT_CONVERSION = YES;
				CLANG_WARN_DIRECT_OBJC_ISA_USAGE = YES_ERROR;
				CLANG_WARN_DOCUMENTATION_COMMENTS = YES;
				CLANG_WARN_EMPTY_BODY = YES;
				CLANG_WARN_ENUM_CONVERSION = YES;
				CLANG_WARN_INFINITE_RECURSION = YES;
				CLANG_WARN_INT_CONVERSION = YES;
				CLANG_WARN_NON_LITERAL_NULL_CONVERSION = YES;
				CLANG_WARN_OBJC_LITERAL_CONVERSION = YES;
				CLANG_WARN_OBJC_ROOT_CLASS = YES_ERROR;
				CLANG_WARN_RANGE_LOOP_ANALYSIS = YES;
				CLANG_WARN_STRICT_PROTOTYPES = YES;
				CLANG_WARN_SUSPICIOUS_MOVE = YES;
				CLANG_WARN_UNREACHABLE_CODE = YES;
				CLANG_WARN__DUPLICATE_METHOD_MATCH = YES;
				"CODE_SIGN_IDENTITY[sdk=iphoneos*]" = "iPhone Developer";
				COPY_PHASE_STRIP = NO;
				DEBUG_INFORMATION_FORMAT = dwarf;
				ENABLE_STRICT_OBJC_MSGSEND = YES;
				ENABLE_TESTABILITY = YES;
				GCC_C_LANGUAGE_STANDARD = gnu99;
				GCC_DYNAMIC_NO_PIC = NO;
				GCC_NO_COMMON_BLOCKS = YES;
				GCC_OPTIMIZATION_LEVEL = 0;
				GCC_PREPROCESSOR_DEFINITIONS = (
					"DEBUG=1",
					"$(inherited)",
				);
				GCC_WARN_64_TO_32_BIT_CONVERSION = YES;
				GCC_WARN_ABOUT_RETURN_TYPE = YES_ERROR;
				GCC_WARN_UNDECLARED_SELECTOR = YES;
				GCC_WARN_UNINITIALIZED_AUTOS = YES_AGGRESSIVE;
				GCC_WARN_UNUSED_FUNCTION = YES;
				GCC_WARN_UNUSED_VARIABLE = YES;
				IPHONEOS_DEPLOYMENT_TARGET = 10.3;
				MTL_ENABLE_DEBUG_INFO = YES;
				ONLY_ACTIVE_ARCH = YES;
				SDKROOT = iphoneos;
			};
			name = Debug;
		};
		69C931841F502006007696BA /* Release */ = {
			isa = XCBuildConfiguration;
			buildSettings = {
				ALWAYS_SEARCH_USER_PATHS = NO;
				CLANG_ANALYZER_NONNULL = YES;
				CLANG_ANALYZER_NUMBER_OBJECT_CONVERSION = YES_AGGRESSIVE;
				CLANG_CXX_LANGUAGE_STANDARD = "gnu++0x";
				CLANG_CXX_LIBRARY = "libc++";
				CLANG_ENABLE_MODULES = YES;
				CLANG_ENABLE_OBJC_ARC = YES;
				CLANG_WARN_BLOCK_CAPTURE_AUTORELEASING = YES;
				CLANG_WARN_BOOL_CONVERSION = YES;
				CLANG_WARN_COMMA = YES;
				CLANG_WARN_CONSTANT_CONVERSION = YES;
				CLANG_WARN_DIRECT_OBJC_ISA_USAGE = YES_ERROR;
				CLANG_WARN_DOCUMENTATION_COMMENTS = YES;
				CLANG_WARN_EMPTY_BODY = YES;
				CLANG_WARN_ENUM_CONVERSION = YES;
				CLANG_WARN_INFINITE_RECURSION = YES;
				CLANG_WARN_INT_CONVERSION = YES;
				CLANG_WARN_NON_LITERAL_NULL_CONVERSION = YES;
				CLANG_WARN_OBJC_LITERAL_CONVERSION = YES;
				CLANG_WARN_OBJC_ROOT_CLASS = YES_ERROR;
				CLANG_WARN_RANGE_LOOP_ANALYSIS = YES;
				CLANG_WARN_STRICT_PROTOTYPES = YES;
				CLANG_WARN_SUSPICIOUS_MOVE = YES;
				CLANG_WARN_UNREACHABLE_CODE = YES;
				CLANG_WARN__DUPLICATE_METHOD_MATCH = YES;
				"CODE_SIGN_IDENTITY[sdk=iphoneos*]" = "iPhone Developer";
				COPY_PHASE_STRIP = NO;
				DEBUG_INFORMATION_FORMAT = "dwarf-with-dsym";
				ENABLE_NS_ASSERTIONS = NO;
				ENABLE_STRICT_OBJC_MSGSEND = YES;
				GCC_C_LANGUAGE_STANDARD = gnu99;
				GCC_NO_COMMON_BLOCKS = YES;
				GCC_WARN_64_TO_32_BIT_CONVERSION = YES;
				GCC_WARN_ABOUT_RETURN_TYPE = YES_ERROR;
				GCC_WARN_UNDECLARED_SELECTOR = YES;
				GCC_WARN_UNINITIALIZED_AUTOS = YES_AGGRESSIVE;
				GCC_WARN_UNUSED_FUNCTION = YES;
				GCC_WARN_UNUSED_VARIABLE = YES;
				IPHONEOS_DEPLOYMENT_TARGET = 10.3;
				MTL_ENABLE_DEBUG_INFO = NO;
				SDKROOT = iphoneos;
				VALIDATE_PRODUCT = YES;
			};
			name = Release;
		};
		69C931861F502006007696BA /* Debug */ = {
			isa = XCBuildConfiguration;
			buildSettings = {
				ASSETCATALOG_COMPILER_APPICON_NAME = AppIcon;
				DEVELOPMENT_TEAM = EY77V5Z9AN;
				FRAMEWORK_SEARCH_PATHS = (
					"$(inherited)",
					"$(PROJECT_DIR)/Sauce&Sugar",
					"$(PROJECT_DIR)",
				);
				INFOPLIST_FILE = "Sauce&Sugar/Info.plist";
				LD_RUNPATH_SEARCH_PATHS = "$(inherited) @executable_path/Frameworks";
				PRODUCT_BUNDLE_IDENTIFIER = "SS.Sauce-Sugar";
				PRODUCT_NAME = "$(TARGET_NAME)";
				TARGETED_DEVICE_FAMILY = 1;
			};
			name = Debug;
		};
		69C931871F502006007696BA /* Release */ = {
			isa = XCBuildConfiguration;
			buildSettings = {
				ASSETCATALOG_COMPILER_APPICON_NAME = AppIcon;
				DEVELOPMENT_TEAM = EY77V5Z9AN;
				FRAMEWORK_SEARCH_PATHS = (
					"$(inherited)",
					"$(PROJECT_DIR)/Sauce&Sugar",
					"$(PROJECT_DIR)",
				);
				INFOPLIST_FILE = "Sauce&Sugar/Info.plist";
				LD_RUNPATH_SEARCH_PATHS = "$(inherited) @executable_path/Frameworks";
				PRODUCT_BUNDLE_IDENTIFIER = "SS.Sauce-Sugar";
				PRODUCT_NAME = "$(TARGET_NAME)";
				TARGETED_DEVICE_FAMILY = 1;
			};
			name = Release;
		};
		69C931891F502006007696BA /* Debug */ = {
			isa = XCBuildConfiguration;
			buildSettings = {
				BUNDLE_LOADER = "$(TEST_HOST)";
				DEVELOPMENT_TEAM = EY77V5Z9AN;
				INFOPLIST_FILE = "Sauce&SugarTests/Info.plist";
				LD_RUNPATH_SEARCH_PATHS = "$(inherited) @executable_path/Frameworks @loader_path/Frameworks";
				PRODUCT_BUNDLE_IDENTIFIER = "SS.Sauce-SugarTests";
				PRODUCT_NAME = "$(TARGET_NAME)";
				TEST_HOST = "$(BUILT_PRODUCTS_DIR)/Sauce&Sugar.app/Sauce&Sugar";
			};
			name = Debug;
		};
		69C9318A1F502006007696BA /* Release */ = {
			isa = XCBuildConfiguration;
			buildSettings = {
				BUNDLE_LOADER = "$(TEST_HOST)";
				DEVELOPMENT_TEAM = EY77V5Z9AN;
				INFOPLIST_FILE = "Sauce&SugarTests/Info.plist";
				LD_RUNPATH_SEARCH_PATHS = "$(inherited) @executable_path/Frameworks @loader_path/Frameworks";
				PRODUCT_BUNDLE_IDENTIFIER = "SS.Sauce-SugarTests";
				PRODUCT_NAME = "$(TARGET_NAME)";
				TEST_HOST = "$(BUILT_PRODUCTS_DIR)/Sauce&Sugar.app/Sauce&Sugar";
			};
			name = Release;
		};
		69C9318C1F502006007696BA /* Debug */ = {
			isa = XCBuildConfiguration;
			buildSettings = {
				DEVELOPMENT_TEAM = EY77V5Z9AN;
				INFOPLIST_FILE = "Sauce&SugarUITests/Info.plist";
				LD_RUNPATH_SEARCH_PATHS = "$(inherited) @executable_path/Frameworks @loader_path/Frameworks";
				PRODUCT_BUNDLE_IDENTIFIER = "SS.Sauce-SugarUITests";
				PRODUCT_NAME = "$(TARGET_NAME)";
				TEST_TARGET_NAME = "Sauce&Sugar";
			};
			name = Debug;
		};
		69C9318D1F502006007696BA /* Release */ = {
			isa = XCBuildConfiguration;
			buildSettings = {
				DEVELOPMENT_TEAM = EY77V5Z9AN;
				INFOPLIST_FILE = "Sauce&SugarUITests/Info.plist";
				LD_RUNPATH_SEARCH_PATHS = "$(inherited) @executable_path/Frameworks @loader_path/Frameworks";
				PRODUCT_BUNDLE_IDENTIFIER = "SS.Sauce-SugarUITests";
				PRODUCT_NAME = "$(TARGET_NAME)";
				TEST_TARGET_NAME = "Sauce&Sugar";
			};
			name = Release;
		};
/* End XCBuildConfiguration section */

/* Begin XCConfigurationList section */
		69C931501F502006007696BA /* Build configuration list for PBXProject "Sauce&Sugar" */ = {
			isa = XCConfigurationList;
			buildConfigurations = (
				69C931831F502006007696BA /* Debug */,
				69C931841F502006007696BA /* Release */,
			);
			defaultConfigurationIsVisible = 0;
			defaultConfigurationName = Release;
		};
		69C931851F502006007696BA /* Build configuration list for PBXNativeTarget "Sauce&Sugar" */ = {
			isa = XCConfigurationList;
			buildConfigurations = (
				69C931861F502006007696BA /* Debug */,
				69C931871F502006007696BA /* Release */,
			);
			defaultConfigurationIsVisible = 0;
			defaultConfigurationName = Release;
		};
		69C931881F502006007696BA /* Build configuration list for PBXNativeTarget "Sauce&SugarTests" */ = {
			isa = XCConfigurationList;
			buildConfigurations = (
				69C931891F502006007696BA /* Debug */,
				69C9318A1F502006007696BA /* Release */,
			);
			defaultConfigurationIsVisible = 0;
			defaultConfigurationName = Release;
		};
		69C9318B1F502006007696BA /* Build configuration list for PBXNativeTarget "Sauce&SugarUITests" */ = {
			isa = XCConfigurationList;
			buildConfigurations = (
				69C9318C1F502006007696BA /* Debug */,
				69C9318D1F502006007696BA /* Release */,
			);
			defaultConfigurationIsVisible = 0;
			defaultConfigurationName = Release;
		};
/* End XCConfigurationList section */

/* Begin XCVersionGroup section */
		69C931641F502006007696BA /* Sauce_Sugar.xcdatamodeld */ = {
			isa = XCVersionGroup;
			children = (
				69C931651F502006007696BA /* Sauce_Sugar.xcdatamodel */,
			);
			currentVersion = 69C931651F502006007696BA /* Sauce_Sugar.xcdatamodel */;
			path = Sauce_Sugar.xcdatamodeld;
			sourceTree = "<group>";
			versionGroupType = wrapper.xcdatamodel;
		};
/* End XCVersionGroup section */
	};
	rootObject = 69C9314D1F502006007696BA /* Project object */;
}
